
Microsoft Visual Studio Solution File, Format Version 12.00
# Visual Studio 15
VisualStudioVersion = 15.0.28010.2003
MinimumVisualStudioVersion = 10.0.40219.1
Project("{FAE04EC0-301F-11D3-BF4B-00C04F79EFBC}") = "App2_Tarefa.Android", "App2_Tarefa\App2_Tarefa.Android\App2_Tarefa.Android.csproj", "{0365B154-B36B-4D29-8CAE-195EF38C5D9F}"
EndProject
Project("{FAE04EC0-301F-11D3-BF4B-00C04F79EFBC}") = "App2_Tarefa.iOS", "App2_Tarefa\App2_Tarefa.iOS\App2_Tarefa.iOS.csproj", "{D62BDCC3-C6AE-421A-BC3F-C0B8395D7060}"
EndProject
Project("{FAE04EC0-301F-11D3-BF4B-00C04F79EFBC}") = "App2_Tarefa.UWP", "App2_Tarefa\App2_Tarefa.UWP\App2_Tarefa.UWP.csproj", "{440F607D-BC1A-4835-A757-51E4E1746A25}"
EndProject
Project("{FAE04EC0-301F-11D3-BF4B-00C04F79EFBC}") = "App2_Tarefa", "App2_Tarefa\App2_Tarefa\App2_Tarefa.csproj", "{277228DC-7342-4324-B6DD-B15811B62575}"
EndProject
Global
	GlobalSection(SolutionConfigurationPlatforms) = preSolution
		Ad-Hoc|Any CPU = Ad-Hoc|Any CPU
		Ad-Hoc|ARM = Ad-Hoc|ARM
		Ad-Hoc|iPhone = Ad-Hoc|iPhone
		Ad-Hoc|iPhoneSimulator = Ad-Hoc|iPhoneSimulator
		Ad-Hoc|x64 = Ad-Hoc|x64
		Ad-Hoc|x86 = Ad-Hoc|x86
		AppStore|Any CPU = AppStore|Any CPU
		AppStore|ARM = AppStore|ARM
		AppStore|iPhone = AppStore|iPhone
		AppStore|iPhoneSimulator = AppStore|iPhoneSimulator
		AppStore|x64 = AppStore|x64
		AppStore|x86 = AppStore|x86
		Debug|Any CPU = Debug|Any CPU
		Debug|ARM = Debug|ARM
		Debug|iPhone = Debug|iPhone
		Debug|iPhoneSimulator = Debug|iPhoneSimulator
		Debug|x64 = Debug|x64
		Debug|x86 = Debug|x86
		Release|Any CPU = Release|Any CPU
		Release|ARM = Release|ARM
		Release|iPhone = Release|iPhone
		Release|iPhoneSimulator = Release|iPhoneSimulator
		Release|x64 = Release|x64
		Release|x86 = Release|x86
	EndGlobalSection
	GlobalSection(ProjectConfigurationPlatforms) = postSolution
		{0365B154-B36B-4D29-8CAE-195EF38C5D9F}.Ad-Hoc|Any CPU.ActiveCfg = Release|Any CPU
		{0365B154-B36B-4D29-8CAE-195EF38C5D9F}.Ad-Hoc|Any CPU.Build.0 = Release|Any CPU
		{0365B154-B36B-4D29-8CAE-195EF38C5D9F}.Ad-Hoc|Any CPU.Deploy.0 = Release|Any CPU
		{0365B154-B36B-4D29-8CAE-195EF38C5D9F}.Ad-Hoc|ARM.ActiveCfg = Release|Any CPU
		{0365B154-B36B-4D29-8CAE-195EF38C5D9F}.Ad-Hoc|ARM.Build.0 = Release|Any CPU
		{0365B154-B36B-4D29-8CAE-195EF38C5D9F}.Ad-Hoc|ARM.Deploy.0 = Release|Any CPU
		{0365B154-B36B-4D29-8CAE-195EF38C5D9F}.Ad-Hoc|iPhone.ActiveCfg = Release|Any CPU
		{0365B154-B36B-4D29-8CAE-195EF38C5D9F}.Ad-Hoc|iPhone.Build.0 = Release|Any CPU
		{0365B154-B36B-4D29-8CAE-195EF38C5D9F}.Ad-Hoc|iPhone.Deploy.0 = Release|Any CPU
		{0365B154-B36B-4D29-8CAE-195EF38C5D9F}.Ad-Hoc|iPhoneSimulator.ActiveCfg = Release|Any CPU
		{0365B154-B36B-4D29-8CAE-195EF38C5D9F}.Ad-Hoc|iPhoneSimulator.Build.0 = Release|Any CPU
		{0365B154-B36B-4D29-8CAE-195EF38C5D9F}.Ad-Hoc|iPhoneSimulator.Deploy.0 = Release|Any CPU
		{0365B154-B36B-4D29-8CAE-195EF38C5D9F}.Ad-Hoc|x64.ActiveCfg = Release|Any CPU
		{0365B154-B36B-4D29-8CAE-195EF38C5D9F}.Ad-Hoc|x64.Build.0 = Release|Any CPU
		{0365B154-B36B-4D29-8CAE-195EF38C5D9F}.Ad-Hoc|x64.Deploy.0 = Release|Any CPU
		{0365B154-B36B-4D29-8CAE-195EF38C5D9F}.Ad-Hoc|x86.ActiveCfg = Release|Any CPU
		{0365B154-B36B-4D29-8CAE-195EF38C5D9F}.Ad-Hoc|x86.Build.0 = Release|Any CPU
		{0365B154-B36B-4D29-8CAE-195EF38C5D9F}.Ad-Hoc|x86.Deploy.0 = Release|Any CPU
		{0365B154-B36B-4D29-8CAE-195EF38C5D9F}.AppStore|Any CPU.ActiveCfg = Release|Any CPU
		{0365B154-B36B-4D29-8CAE-195EF38C5D9F}.AppStore|Any CPU.Build.0 = Release|Any CPU
		{0365B154-B36B-4D29-8CAE-195EF38C5D9F}.AppStore|Any CPU.Deploy.0 = Release|Any CPU
		{0365B154-B36B-4D29-8CAE-195EF38C5D9F}.AppStore|ARM.ActiveCfg = Release|Any CPU
		{0365B154-B36B-4D29-8CAE-195EF38C5D9F}.AppStore|ARM.Build.0 = Release|Any CPU
		{0365B154-B36B-4D29-8CAE-195EF38C5D9F}.AppStore|ARM.Deploy.0 = Release|Any CPU
		{0365B154-B36B-4D29-8CAE-195EF38C5D9F}.AppStore|iPhone.ActiveCfg = Release|Any CPU
		{0365B154-B36B-4D29-8CAE-195EF38C5D9F}.AppStore|iPhone.Build.0 = Release|Any CPU
		{0365B154-B36B-4D29-8CAE-195EF38C5D9F}.AppStore|iPhone.Deploy.0 = Release|Any CPU
		{0365B154-B36B-4D29-8CAE-195EF38C5D9F}.AppStore|iPhoneSimulator.ActiveCfg = Release|Any CPU
		{0365B154-B36B-4D29-8CAE-195EF38C5D9F}.AppStore|iPhoneSimulator.Build.0 = Release|Any CPU
		{0365B154-B36B-4D29-8CAE-195EF38C5D9F}.AppStore|iPhoneSimulator.Deploy.0 = Release|Any CPU
		{0365B154-B36B-4D29-8CAE-195EF38C5D9F}.AppStore|x64.ActiveCfg = Release|Any CPU
		{0365B154-B36B-4D29-8CAE-195EF38C5D9F}.AppStore|x64.Build.0 = Release|Any CPU
		{0365B154-B36B-4D29-8CAE-195EF38C5D9F}.AppStore|x64.Deploy.0 = Release|Any CPU
		{0365B154-B36B-4D29-8CAE-195EF38C5D9F}.AppStore|x86.ActiveCfg = Release|Any CPU
		{0365B154-B36B-4D29-8CAE-195EF38C5D9F}.AppStore|x86.Build.0 = Release|Any CPU
		{0365B154-B36B-4D29-8CAE-195EF38C5D9F}.AppStore|x86.Deploy.0 = Release|Any CPU
		{0365B154-B36B-4D29-8CAE-195EF38C5D9F}.Debug|Any CPU.ActiveCfg = Debug|Any CPU
		{0365B154-B36B-4D29-8CAE-195EF38C5D9F}.Debug|Any CPU.Build.0 = Debug|Any CPU
		{0365B154-B36B-4D29-8CAE-195EF38C5D9F}.Debug|Any CPU.Deploy.0 = Debug|Any CPU
		{0365B154-B36B-4D29-8CAE-195EF38C5D9F}.Debug|ARM.ActiveCfg = Debug|Any CPU
		{0365B154-B36B-4D29-8CAE-195EF38C5D9F}.Debug|ARM.Build.0 = Debug|Any CPU
		{0365B154-B36B-4D29-8CAE-195EF38C5D9F}.Debug|ARM.Deploy.0 = Debug|Any CPU
		{0365B154-B36B-4D29-8CAE-195EF38C5D9F}.Debug|iPhone.ActiveCfg = Debug|Any CPU
		{0365B154-B36B-4D29-8CAE-195EF38C5D9F}.Debug|iPhone.Build.0 = Debug|Any CPU
		{0365B154-B36B-4D29-8CAE-195EF38C5D9F}.Debug|iPhone.Deploy.0 = Debug|Any CPU
		{0365B154-B36B-4D29-8CAE-195EF38C5D9F}.Debug|iPhoneSimulator.ActiveCfg = Debug|Any CPU
		{0365B154-B36B-4D29-8CAE-195EF38C5D9F}.Debug|iPhoneSimulator.Build.0 = Debug|Any CPU
		{0365B154-B36B-4D29-8CAE-195EF38C5D9F}.Debug|iPhoneSimulator.Deploy.0 = Debug|Any CPU
		{0365B154-B36B-4D29-8CAE-195EF38C5D9F}.Debug|x64.ActiveCfg = Debug|Any CPU
		{0365B154-B36B-4D29-8CAE-195EF38C5D9F}.Debug|x64.Build.0 = Debug|Any CPU
		{0365B154-B36B-4D29-8CAE-195EF38C5D9F}.Debug|x64.Deploy.0 = Debug|Any CPU
		{0365B154-B36B-4D29-8CAE-195EF38C5D9F}.Debug|x86.ActiveCfg = Debug|Any CPU
		{0365B154-B36B-4D29-8CAE-195EF38C5D9F}.Debug|x86.Build.0 = Debug|Any CPU
		{0365B154-B36B-4D29-8CAE-195EF38C5D9F}.Debug|x86.Deploy.0 = Debug|Any CPU
		{0365B154-B36B-4D29-8CAE-195EF38C5D9F}.Release|Any CPU.ActiveCfg = Release|Any CPU
		{0365B154-B36B-4D29-8CAE-195EF38C5D9F}.Release|Any CPU.Build.0 = Release|Any CPU
		{0365B154-B36B-4D29-8CAE-195EF38C5D9F}.Release|Any CPU.Deploy.0 = Release|Any CPU
		{0365B154-B36B-4D29-8CAE-195EF38C5D9F}.Release|ARM.ActiveCfg = Release|Any CPU
		{0365B154-B36B-4D29-8CAE-195EF38C5D9F}.Release|ARM.Build.0 = Release|Any CPU
		{0365B154-B36B-4D29-8CAE-195EF38C5D9F}.Release|ARM.Deploy.0 = Release|Any CPU
		{0365B154-B36B-4D29-8CAE-195EF38C5D9F}.Release|iPhone.ActiveCfg = Release|Any CPU
		{0365B154-B36B-4D29-8CAE-195EF38C5D9F}.Release|iPhone.Build.0 = Release|Any CPU
		{0365B154-B36B-4D29-8CAE-195EF38C5D9F}.Release|iPhone.Deploy.0 = Release|Any CPU
		{0365B154-B36B-4D29-8CAE-195EF38C5D9F}.Release|iPhoneSimulator.ActiveCfg = Release|Any CPU
		{0365B154-B36B-4D29-8CAE-195EF38C5D9F}.Release|iPhoneSimulator.Build.0 = Release|Any CPU
		{0365B154-B36B-4D29-8CAE-195EF38C5D9F}.Release|iPhoneSimulator.Deploy.0 = Release|Any CPU
		{0365B154-B36B-4D29-8CAE-195EF38C5D9F}.Release|x64.ActiveCfg = Release|Any CPU
		{0365B154-B36B-4D29-8CAE-195EF38C5D9F}.Release|x64.Build.0 = Release|Any CPU
		{0365B154-B36B-4D29-8CAE-195EF38C5D9F}.Release|x64.Deploy.0 = Release|Any CPU
		{0365B154-B36B-4D29-8CAE-195EF38C5D9F}.Release|x86.ActiveCfg = Release|Any CPU
		{0365B154-B36B-4D29-8CAE-195EF38C5D9F}.Release|x86.Build.0 = Release|Any CPU
		{0365B154-B36B-4D29-8CAE-195EF38C5D9F}.Release|x86.Deploy.0 = Release|Any CPU
		{D62BDCC3-C6AE-421A-BC3F-C0B8395D7060}.Ad-Hoc|Any CPU.ActiveCfg = Ad-Hoc|iPhone
		{D62BDCC3-C6AE-421A-BC3F-C0B8395D7060}.Ad-Hoc|Any CPU.Build.0 = Ad-Hoc|iPhone
		{D62BDCC3-C6AE-421A-BC3F-C0B8395D7060}.Ad-Hoc|Any CPU.Deploy.0 = Ad-Hoc|iPhone
		{D62BDCC3-C6AE-421A-BC3F-C0B8395D7060}.Ad-Hoc|ARM.ActiveCfg = Ad-Hoc|iPhone
		{D62BDCC3-C6AE-421A-BC3F-C0B8395D7060}.Ad-Hoc|ARM.Build.0 = Ad-Hoc|iPhone
		{D62BDCC3-C6AE-421A-BC3F-C0B8395D7060}.Ad-Hoc|ARM.Deploy.0 = Ad-Hoc|iPhone
		{D62BDCC3-C6AE-421A-BC3F-C0B8395D7060}.Ad-Hoc|iPhone.ActiveCfg = Ad-Hoc|iPhone
		{D62BDCC3-C6AE-421A-BC3F-C0B8395D7060}.Ad-Hoc|iPhone.Build.0 = Ad-Hoc|iPhone
		{D62BDCC3-C6AE-421A-BC3F-C0B8395D7060}.Ad-Hoc|iPhone.Deploy.0 = Ad-Hoc|iPhone
		{D62BDCC3-C6AE-421A-BC3F-C0B8395D7060}.Ad-Hoc|iPhoneSimulator.ActiveCfg = Ad-Hoc|iPhoneSimulator
		{D62BDCC3-C6AE-421A-BC3F-C0B8395D7060}.Ad-Hoc|iPhoneSimulator.Build.0 = Ad-Hoc|iPhoneSimulator
		{D62BDCC3-C6AE-421A-BC3F-C0B8395D7060}.Ad-Hoc|iPhoneSimulator.Deploy.0 = Ad-Hoc|iPhoneSimulator
		{D62BDCC3-C6AE-421A-BC3F-C0B8395D7060}.Ad-Hoc|x64.ActiveCfg = Ad-Hoc|iPhone
		{D62BDCC3-C6AE-421A-BC3F-C0B8395D7060}.Ad-Hoc|x64.Build.0 = Ad-Hoc|iPhone
		{D62BDCC3-C6AE-421A-BC3F-C0B8395D7060}.Ad-Hoc|x64.Deploy.0 = Ad-Hoc|iPhone
		{D62BDCC3-C6AE-421A-BC3F-C0B8395D7060}.Ad-Hoc|x86.ActiveCfg = Ad-Hoc|iPhone
		{D62BDCC3-C6AE-421A-BC3F-C0B8395D7060}.Ad-Hoc|x86.Build.0 = Ad-Hoc|iPhone
		{D62BDCC3-C6AE-421A-BC3F-C0B8395D7060}.Ad-Hoc|x86.Deploy.0 = Ad-Hoc|iPhone
		{D62BDCC3-C6AE-421A-BC3F-C0B8395D7060}.AppStore|Any CPU.ActiveCfg = AppStore|iPhone
		{D62BDCC3-C6AE-421A-BC3F-C0B8395D7060}.AppStore|Any CPU.Build.0 = AppStore|iPhone
		{D62BDCC3-C6AE-421A-BC3F-C0B8395D7060}.AppStore|Any CPU.Deploy.0 = AppStore|iPhone
		{D62BDCC3-C6AE-421A-BC3F-C0B8395D7060}.AppStore|ARM.ActiveCfg = AppStore|iPhone
		{D62BDCC3-C6AE-421A-BC3F-C0B8395D7060}.AppStore|ARM.Build.0 = AppStore|iPhone
		{D62BDCC3-C6AE-421A-BC3F-C0B8395D7060}.AppStore|ARM.Deploy.0 = AppStore|iPhone
		{D62BDCC3-C6AE-421A-BC3F-C0B8395D7060}.AppStore|iPhone.ActiveCfg = AppStore|iPhone
		{D62BDCC3-C6AE-421A-BC3F-C0B8395D7060}.AppStore|iPhone.Build.0 = AppStore|iPhone
		{D62BDCC3-C6AE-421A-BC3F-C0B8395D7060}.AppStore|iPhone.Deploy.0 = AppStore|iPhone
		{D62BDCC3-C6AE-421A-BC3F-C0B8395D7060}.AppStore|iPhoneSimulator.ActiveCfg = AppStore|iPhoneSimulator
		{D62BDCC3-C6AE-421A-BC3F-C0B8395D7060}.AppStore|iPhoneSimulator.Build.0 = AppStore|iPhoneSimulator
		{D62BDCC3-C6AE-421A-BC3F-C0B8395D7060}.AppStore|iPhoneSimulator.Deploy.0 = AppStore|iPhoneSimulator
		{D62BDCC3-C6AE-421A-BC3F-C0B8395D7060}.AppStore|x64.ActiveCfg = AppStore|iPhone
		{D62BDCC3-C6AE-421A-BC3F-C0B8395D7060}.AppStore|x64.Build.0 = AppStore|iPhone
		{D62BDCC3-C6AE-421A-BC3F-C0B8395D7060}.AppStore|x64.Deploy.0 = AppStore|iPhone
		{D62BDCC3-C6AE-421A-BC3F-C0B8395D7060}.AppStore|x86.ActiveCfg = AppStore|iPhone
		{D62BDCC3-C6AE-421A-BC3F-C0B8395D7060}.AppStore|x86.Build.0 = AppStore|iPhone
		{D62BDCC3-C6AE-421A-BC3F-C0B8395D7060}.AppStore|x86.Deploy.0 = AppStore|iPhone
		{D62BDCC3-C6AE-421A-BC3F-C0B8395D7060}.Debug|Any CPU.ActiveCfg = Debug|iPhoneSimulator
		{D62BDCC3-C6AE-421A-BC3F-C0B8395D7060}.Debug|Any CPU.Build.0 = Debug|iPhoneSimulator
		{D62BDCC3-C6AE-421A-BC3F-C0B8395D7060}.Debug|Any CPU.Deploy.0 = Debug|iPhoneSimulator
		{D62BDCC3-C6AE-421A-BC3F-C0B8395D7060}.Debug|ARM.ActiveCfg = Debug|iPhone
		{D62BDCC3-C6AE-421A-BC3F-C0B8395D7060}.Debug|ARM.Build.0 = Debug|iPhone
		{D62BDCC3-C6AE-421A-BC3F-C0B8395D7060}.Debug|ARM.Deploy.0 = Debug|iPhone
		{D62BDCC3-C6AE-421A-BC3F-C0B8395D7060}.Debug|iPhone.ActiveCfg = Debug|iPhone
		{D62BDCC3-C6AE-421A-BC3F-C0B8395D7060}.Debug|iPhone.Build.0 = Debug|iPhone
		{D62BDCC3-C6AE-421A-BC3F-C0B8395D7060}.Debug|iPhone.Deploy.0 = Debug|iPhone
		{D62BDCC3-C6AE-421A-BC3F-C0B8395D7060}.Debug|iPhoneSimulator.ActiveCfg = Debug|iPhoneSimulator
		{D62BDCC3-C6AE-421A-BC3F-C0B8395D7060}.Debug|iPhoneSimulator.Build.0 = Debug|iPhoneSimulator
		{D62BDCC3-C6AE-421A-BC3F-C0B8395D7060}.Debug|iPhoneSimulator.Deploy.0 = Debug|iPhoneSimulator
		{D62BDCC3-C6AE-421A-BC3F-C0B8395D7060}.Debug|x64.ActiveCfg = Debug|iPhone
		{D62BDCC3-C6AE-421A-BC3F-C0B8395D7060}.Debug|x64.Build.0 = Debug|iPhone
		{D62BDCC3-C6AE-421A-BC3F-C0B8395D7060}.Debug|x64.Deploy.0 = Debug|iPhone
		{D62BDCC3-C6AE-421A-BC3F-C0B8395D7060}.Debug|x86.ActiveCfg = Debug|iPhone
		{D62BDCC3-C6AE-421A-BC3F-C0B8395D7060}.Debug|x86.Build.0 = Debug|iPhone
		{D62BDCC3-C6AE-421A-BC3F-C0B8395D7060}.Debug|x86.Deploy.0 = Debug|iPhone
		{D62BDCC3-C6AE-421A-BC3F-C0B8395D7060}.Release|Any CPU.ActiveCfg = Release|iPhone
		{D62BDCC3-C6AE-421A-BC3F-C0B8395D7060}.Release|Any CPU.Build.0 = Release|iPhone
		{D62BDCC3-C6AE-421A-BC3F-C0B8395D7060}.Release|Any CPU.Deploy.0 = Release|iPhone
		{D62BDCC3-C6AE-421A-BC3F-C0B8395D7060}.Release|ARM.ActiveCfg = Release|iPhone
		{D62BDCC3-C6AE-421A-BC3F-C0B8395D7060}.Release|ARM.Build.0 = Release|iPhone
		{D62BDCC3-C6AE-421A-BC3F-C0B8395D7060}.Release|ARM.Deploy.0 = Release|iPhone
		{D62BDCC3-C6AE-421A-BC3F-C0B8395D7060}.Release|iPhone.ActiveCfg = Release|iPhone
		{D62BDCC3-C6AE-421A-BC3F-C0B8395D7060}.Release|iPhone.Build.0 = Release|iPhone
		{D62BDCC3-C6AE-421A-BC3F-C0B8395D7060}.Release|iPhone.Deploy.0 = Release|iPhone
		{D62BDCC3-C6AE-421A-BC3F-C0B8395D7060}.Release|iPhoneSimulator.ActiveCfg = Release|iPhoneSimulator
		{D62BDCC3-C6AE-421A-BC3F-C0B8395D7060}.Release|iPhoneSimulator.Build.0 = Release|iPhoneSimulator
		{D62BDCC3-C6AE-421A-BC3F-C0B8395D7060}.Release|iPhoneSimulator.Deploy.0 = Release|iPhoneSimulator
		{D62BDCC3-C6AE-421A-BC3F-C0B8395D7060}.Release|x64.ActiveCfg = Release|iPhone
		{D62BDCC3-C6AE-421A-BC3F-C0B8395D7060}.Release|x64.Build.0 = Release|iPhone
		{D62BDCC3-C6AE-421A-BC3F-C0B8395D7060}.Release|x64.Deploy.0 = Release|iPhone
		{D62BDCC3-C6AE-421A-BC3F-C0B8395D7060}.Release|x86.ActiveCfg = Release|iPhone
		{D62BDCC3-C6AE-421A-BC3F-C0B8395D7060}.Release|x86.Build.0 = Release|iPhone
		{D62BDCC3-C6AE-421A-BC3F-C0B8395D7060}.Release|x86.Deploy.0 = Release|iPhone
		{440F607D-BC1A-4835-A757-51E4E1746A25}.Ad-Hoc|Any CPU.ActiveCfg = Release|x86
		{440F607D-BC1A-4835-A757-51E4E1746A25}.Ad-Hoc|Any CPU.Build.0 = Release|x86
		{440F607D-BC1A-4835-A757-51E4E1746A25}.Ad-Hoc|Any CPU.Deploy.0 = Release|x86
		{440F607D-BC1A-4835-A757-51E4E1746A25}.Ad-Hoc|ARM.ActiveCfg = Release|ARM
		{440F607D-BC1A-4835-A757-51E4E1746A25}.Ad-Hoc|ARM.Build.0 = Release|ARM
		{440F607D-BC1A-4835-A757-51E4E1746A25}.Ad-Hoc|ARM.Deploy.0 = Release|ARM
		{440F607D-BC1A-4835-A757-51E4E1746A25}.Ad-Hoc|iPhone.ActiveCfg = Release|x86
		{440F607D-BC1A-4835-A757-51E4E1746A25}.Ad-Hoc|iPhone.Build.0 = Release|x86
		{440F607D-BC1A-4835-A757-51E4E1746A25}.Ad-Hoc|iPhone.Deploy.0 = Release|x86
		{440F607D-BC1A-4835-A757-51E4E1746A25}.Ad-Hoc|iPhoneSimulator.ActiveCfg = Release|x86
		{440F607D-BC1A-4835-A757-51E4E1746A25}.Ad-Hoc|iPhoneSimulator.Build.0 = Release|x86
		{440F607D-BC1A-4835-A757-51E4E1746A25}.Ad-Hoc|iPhoneSimulator.Deploy.0 = Release|x86
		{440F607D-BC1A-4835-A757-51E4E1746A25}.Ad-Hoc|x64.ActiveCfg = Release|x64
		{440F607D-BC1A-4835-A757-51E4E1746A25}.Ad-Hoc|x64.Build.0 = Release|x64
		{440F607D-BC1A-4835-A757-51E4E1746A25}.Ad-Hoc|x64.Deploy.0 = Release|x64
		{440F607D-BC1A-4835-A757-51E4E1746A25}.Ad-Hoc|x86.ActiveCfg = Release|x86
		{440F607D-BC1A-4835-A757-51E4E1746A25}.Ad-Hoc|x86.Build.0 = Release|x86
		{440F607D-BC1A-4835-A757-51E4E1746A25}.Ad-Hoc|x86.Deploy.0 = Release|x86
		{440F607D-BC1A-4835-A757-51E4E1746A25}.AppStore|Any CPU.ActiveCfg = Release|x86
		{440F607D-BC1A-4835-A757-51E4E1746A25}.AppStore|Any CPU.Build.0 = Release|x86
		{440F607D-BC1A-4835-A757-51E4E1746A25}.AppStore|Any CPU.Deploy.0 = Release|x86
		{440F607D-BC1A-4835-A757-51E4E1746A25}.AppStore|ARM.ActiveCfg = Release|ARM
		{440F607D-BC1A-4835-A757-51E4E1746A25}.AppStore|ARM.Build.0 = Release|ARM
		{440F607D-BC1A-4835-A757-51E4E1746A25}.AppStore|ARM.Deploy.0 = Release|ARM
		{440F607D-BC1A-4835-A757-51E4E1746A25}.AppStore|iPhone.ActiveCfg = Release|x86
		{440F607D-BC1A-4835-A757-51E4E1746A25}.AppStore|iPhone.Build.0 = Release|x86
		{440F607D-BC1A-4835-A757-51E4E1746A25}.AppStore|iPhone.Deploy.0 = Release|x86
		{440F607D-BC1A-4835-A757-51E4E1746A25}.AppStore|iPhoneSimulator.ActiveCfg = Release|x86
		{440F607D-BC1A-4835-A757-51E4E1746A25}.AppStore|iPhoneSimulator.Build.0 = Release|x86
		{440F607D-BC1A-4835-A757-51E4E1746A25}.AppStore|iPhoneSimulator.Deploy.0 = Release|x86
		{440F607D-BC1A-4835-A757-51E4E1746A25}.AppStore|x64.ActiveCfg = Release|x64
		{440F607D-BC1A-4835-A757-51E4E1746A25}.AppStore|x64.Build.0 = Release|x64
		{440F607D-BC1A-4835-A757-51E4E1746A25}.AppStore|x64.Deploy.0 = Release|x64
		{440F607D-BC1A-4835-A757-51E4E1746A25}.AppStore|x86.ActiveCfg = Release|x86
		{440F607D-BC1A-4835-A757-51E4E1746A25}.AppStore|x86.Build.0 = Release|x86
		{440F607D-BC1A-4835-A757-51E4E1746A25}.AppStore|x86.Deploy.0 = Release|x86
		{440F607D-BC1A-4835-A757-51E4E1746A25}.Debug|Any CPU.ActiveCfg = Debug|x86
		{440F607D-BC1A-4835-A757-51E4E1746A25}.Debug|Any CPU.Build.0 = Debug|x86
		{440F607D-BC1A-4835-A757-51E4E1746A25}.Debug|Any CPU.Deploy.0 = Debug|x86
		{440F607D-BC1A-4835-A757-51E4E1746A25}.Debug|ARM.ActiveCfg = Debug|ARM
		{440F607D-BC1A-4835-A757-51E4E1746A25}.Debug|ARM.Build.0 = Debug|ARM
		{440F607D-BC1A-4835-A757-51E4E1746A25}.Debug|ARM.Deploy.0 = Debug|ARM
		{440F607D-BC1A-4835-A757-51E4E1746A25}.Debug|iPhone.ActiveCfg = Debug|x86
		{440F607D-BC1A-4835-A757-51E4E1746A25}.Debug|iPhone.Build.0 = Debug|x86
		{440F607D-BC1A-4835-A757-51E4E1746A25}.Debug|iPhone.Deploy.0 = Debug|x86
		{440F607D-BC1A-4835-A757-51E4E1746A25}.Debug|iPhoneSimulator.ActiveCfg = Debug|x86
		{440F607D-BC1A-4835-A757-51E4E1746A25}.Debug|iPhoneSimulator.Build.0 = Debug|x86
		{440F607D-BC1A-4835-A757-51E4E1746A25}.Debug|iPhoneSimulator.Deploy.0 = Debug|x86
		{440F607D-BC1A-4835-A757-51E4E1746A25}.Debug|x64.ActiveCfg = Debug|x64
		{440F607D-BC1A-4835-A757-51E4E1746A25}.Debug|x64.Build.0 = Debug|x64
		{440F607D-BC1A-4835-A757-51E4E1746A25}.Debug|x64.Deploy.0 = Debug|x64
		{440F607D-BC1A-4835-A757-51E4E1746A25}.Debug|x86.ActiveCfg = Debug|x86
		{440F607D-BC1A-4835-A757-51E4E1746A25}.Debug|x86.Build.0 = Debug|x86
		{440F607D-BC1A-4835-A757-51E4E1746A25}.Debug|x86.Deploy.0 = Debug|x86
		{440F607D-BC1A-4835-A757-51E4E1746A25}.Release|Any CPU.ActiveCfg = Release|x86
		{440F607D-BC1A-4835-A757-51E4E1746A25}.Release|Any CPU.Build.0 = Release|x86
		{440F607D-BC1A-4835-A757-51E4E1746A25}.Release|Any CPU.Deploy.0 = Release|x86
		{440F607D-BC1A-4835-A757-51E4E1746A25}.Release|ARM.ActiveCfg = Release|ARM
		{440F607D-BC1A-4835-A757-51E4E1746A25}.Release|ARM.Build.0 = Release|ARM
		{440F607D-BC1A-4835-A757-51E4E1746A25}.Release|ARM.Deploy.0 = Release|ARM
		{440F607D-BC1A-4835-A757-51E4E1746A25}.Release|iPhone.ActiveCfg = Release|x86
		{440F607D-BC1A-4835-A757-51E4E1746A25}.Release|iPhone.Build.0 = Release|x86
		{440F607D-BC1A-4835-A757-51E4E1746A25}.Release|iPhone.Deploy.0 = Release|x86
		{440F607D-BC1A-4835-A757-51E4E1746A25}.Release|iPhoneSimulator.ActiveCfg = Release|x86
		{440F607D-BC1A-4835-A757-51E4E1746A25}.Release|iPhoneSimulator.Build.0 = Release|x86
		{440F607D-BC1A-4835-A757-51E4E1746A25}.Release|iPhoneSimulator.Deploy.0 = Release|x86
		{440F607D-BC1A-4835-A757-51E4E1746A25}.Release|x64.ActiveCfg = Release|x64
		{440F607D-BC1A-4835-A757-51E4E1746A25}.Release|x64.Build.0 = Release|x64
		{440F607D-BC1A-4835-A757-51E4E1746A25}.Release|x64.Deploy.0 = Release|x64
		{440F607D-BC1A-4835-A757-51E4E1746A25}.Release|x86.ActiveCfg = Release|x86
		{440F607D-BC1A-4835-A757-51E4E1746A25}.Release|x86.Build.0 = Release|x86
		{440F607D-BC1A-4835-A757-51E4E1746A25}.Release|x86.Deploy.0 = Release|x86
		{277228DC-7342-4324-B6DD-B15811B62575}.Ad-Hoc|Any CPU.ActiveCfg = Debug|Any CPU
		{277228DC-7342-4324-B6DD-B15811B62575}.Ad-Hoc|Any CPU.Build.0 = Debug|Any CPU
		{277228DC-7342-4324-B6DD-B15811B62575}.Ad-Hoc|Any CPU.Deploy.0 = Debug|Any CPU
		{277228DC-7342-4324-B6DD-B15811B62575}.Ad-Hoc|ARM.ActiveCfg = Debug|Any CPU
		{277228DC-7342-4324-B6DD-B15811B62575}.Ad-Hoc|ARM.Build.0 = Debug|Any CPU
		{277228DC-7342-4324-B6DD-B15811B62575}.Ad-Hoc|ARM.Deploy.0 = Debug|Any CPU
		{277228DC-7342-4324-B6DD-B15811B62575}.Ad-Hoc|iPhone.ActiveCfg = Debug|Any CPU
		{277228DC-7342-4324-B6DD-B15811B62575}.Ad-Hoc|iPhone.Build.0 = Debug|Any CPU
		{277228DC-7342-4324-B6DD-B15811B62575}.Ad-Hoc|iPhone.Deploy.0 = Debug|Any CPU
		{277228DC-7342-4324-B6DD-B15811B62575}.Ad-Hoc|iPhoneSimulator.ActiveCfg = Debug|Any CPU
		{277228DC-7342-4324-B6DD-B15811B62575}.Ad-Hoc|iPhoneSimulator.Build.0 = Debug|Any CPU
		{277228DC-7342-4324-B6DD-B15811B62575}.Ad-Hoc|iPhoneSimulator.Deploy.0 = Debug|Any CPU
		{277228DC-7342-4324-B6DD-B15811B62575}.Ad-Hoc|x64.ActiveCfg = Debug|Any CPU
		{277228DC-7342-4324-B6DD-B15811B62575}.Ad-Hoc|x64.Build.0 = Debug|Any CPU
		{277228DC-7342-4324-B6DD-B15811B62575}.Ad-Hoc|x64.Deploy.0 = Debug|Any CPU
		{277228DC-7342-4324-B6DD-B15811B62575}.Ad-Hoc|x86.ActiveCfg = Debug|Any CPU
		{277228DC-7342-4324-B6DD-B15811B62575}.Ad-Hoc|x86.Build.0 = Debug|Any CPU
		{277228DC-7342-4324-B6DD-B15811B62575}.Ad-Hoc|x86.Deploy.0 = Debug|Any CPU
		{277228DC-7342-4324-B6DD-B15811B62575}.AppStore|Any CPU.ActiveCfg = Debug|Any CPU
		{277228DC-7342-4324-B6DD-B15811B62575}.AppStore|Any CPU.Build.0 = Debug|Any CPU
		{277228DC-7342-4324-B6DD-B15811B62575}.AppStore|Any CPU.Deploy.0 = Debug|Any CPU
		{277228DC-7342-4324-B6DD-B15811B62575}.AppStore|ARM.ActiveCfg = Debug|Any CPU
		{277228DC-7342-4324-B6DD-B15811B62575}.AppStore|ARM.Build.0 = Debug|Any CPU
		{277228DC-7342-4324-B6DD-B15811B62575}.AppStore|ARM.Deploy.0 = Debug|Any CPU
		{277228DC-7342-4324-B6DD-B15811B62575}.AppStore|iPhone.ActiveCfg = Debug|Any CPU
		{277228DC-7342-4324-B6DD-B15811B62575}.AppStore|iPhone.Build.0 = Debug|Any CPU
		{277228DC-7342-4324-B6DD-B15811B62575}.AppStore|iPhone.Deploy.0 = Debug|Any CPU
		{277228DC-7342-4324-B6DD-B15811B62575}.AppStore|iPhoneSimulator.ActiveCfg = Debug|Any CPU
		{277228DC-7342-4324-B6DD-B15811B62575}.AppStore|iPhoneSimulator.Build.0 = Debug|Any CPU
		{277228DC-7342-4324-B6DD-B15811B62575}.AppStore|iPhoneSimulator.Deploy.0 = Debug|Any CPU
		{277228DC-7342-4324-B6DD-B15811B62575}.AppStore|x64.ActiveCfg = Debug|Any CPU
		{277228DC-7342-4324-B6DD-B15811B62575}.AppStore|x64.Build.0 = Debug|Any CPU
		{277228DC-7342-4324-B6DD-B15811B62575}.AppStore|x64.Deploy.0 = Debug|Any CPU
		{277228DC-7342-4324-B6DD-B15811B62575}.AppStore|x86.ActiveCfg = Debug|Any CPU
		{277228DC-7342-4324-B6DD-B15811B62575}.AppStore|x86.Build.0 = Debug|Any CPU
		{277228DC-7342-4324-B6DD-B15811B62575}.AppStore|x86.Deploy.0 = Debug|Any CPU
		{277228DC-7342-4324-B6DD-B15811B62575}.Debug|Any CPU.ActiveCfg = Debug|Any CPU
		{277228DC-7342-4324-B6DD-B15811B62575}.Debug|Any CPU.Build.0 = Debug|Any CPU
		{277228DC-7342-4324-B6DD-B15811B62575}.Debug|Any CPU.Deploy.0 = Debug|Any CPU
		{277228DC-7342-4324-B6DD-B15811B62575}.Debug|ARM.ActiveCfg = Debug|Any CPU
		{277228DC-7342-4324-B6DD-B15811B62575}.Debug|ARM.Build.0 = Debug|Any CPU
		{277228DC-7342-4324-B6DD-B15811B62575}.Debug|ARM.Deploy.0 = Debug|Any CPU
		{277228DC-7342-4324-B6DD-B15811B62575}.Debug|iPhone.ActiveCfg = Debug|Any CPU
		{277228DC-7342-4324-B6DD-B15811B62575}.Debug|iPhone.Build.0 = Debug|Any CPU
		{277228DC-7342-4324-B6DD-B15811B62575}.Debug|iPhone.Deploy.0 = Debug|Any CPU
		{277228DC-7342-4324-B6DD-B15811B62575}.Debug|iPhoneSimulator.ActiveCfg = Debug|Any CPU
		{277228DC-7342-4324-B6DD-B15811B62575}.Debug|iPhoneSimulator.Build.0 = Debug|Any CPU
		{277228DC-7342-4324-B6DD-B15811B62575}.Debug|iPhoneSimulator.Deploy.0 = Debug|Any CPU
		{277228DC-7342-4324-B6DD-B15811B62575}.Debug|x64.ActiveCfg = Debug|Any CPU
		{277228DC-7342-4324-B6DD-B15811B62575}.Debug|x64.Build.0 = Debug|Any CPU
		{277228DC-7342-4324-B6DD-B15811B62575}.Debug|x64.Deploy.0 = Debug|Any CPU
		{277228DC-7342-4324-B6DD-B15811B62575}.Debug|x86.ActiveCfg = Debug|Any CPU
		{277228DC-7342-4324-B6DD-B15811B62575}.Debug|x86.Build.0 = Debug|Any CPU
		{277228DC-7342-4324-B6DD-B15811B62575}.Debug|x86.Deploy.0 = Debug|Any CPU
		{277228DC-7342-4324-B6DD-B15811B62575}.Release|Any CPU.ActiveCfg = Release|Any CPU
		{277228DC-7342-4324-B6DD-B15811B62575}.Release|Any CPU.Build.0 = Release|Any CPU
		{277228DC-7342-4324-B6DD-B15811B62575}.Release|Any CPU.Deploy.0 = Release|Any CPU
		{277228DC-7342-4324-B6DD-B15811B62575}.Release|ARM.ActiveCfg = Release|Any CPU
		{277228DC-7342-4324-B6DD-B15811B62575}.Release|ARM.Build.0 = Release|Any CPU
		{277228DC-7342-4324-B6DD-B15811B62575}.Release|ARM.Deploy.0 = Release|Any CPU
		{277228DC-7342-4324-B6DD-B15811B62575}.Release|iPhone.ActiveCfg = Release|Any CPU
		{277228DC-7342-4324-B6DD-B15811B62575}.Release|iPhone.Build.0 = Release|Any CPU
		{277228DC-7342-4324-B6DD-B15811B62575}.Release|iPhone.Deploy.0 = Release|Any CPU
		{277228DC-7342-4324-B6DD-B15811B62575}.Release|iPhoneSimulator.ActiveCfg = Release|Any CPU
		{277228DC-7342-4324-B6DD-B15811B62575}.Release|iPhoneSimulator.Build.0 = Release|Any CPU
		{277228DC-7342-4324-B6DD-B15811B62575}.Release|iPhoneSimulator.Deploy.0 = Release|Any CPU
		{277228DC-7342-4324-B6DD-B15811B62575}.Release|x64.ActiveCfg = Release|Any CPU
		{277228DC-7342-4324-B6DD-B15811B62575}.Release|x64.Build.0 = Release|Any CPU
		{277228DC-7342-4324-B6DD-B15811B62575}.Release|x64.Deploy.0 = Release|Any CPU
		{277228DC-7342-4324-B6DD-B15811B62575}.Release|x86.ActiveCfg = Release|Any CPU
		{277228DC-7342-4324-B6DD-B15811B62575}.Release|x86.Build.0 = Release|Any CPU
		{277228DC-7342-4324-B6DD-B15811B62575}.Release|x86.Deploy.0 = Release|Any CPU
	EndGlobalSection
	GlobalSection(SolutionProperties) = preSolution
		HideSolutionNode = FALSE
	EndGlobalSection
	GlobalSection(ExtensibilityGlobals) = postSolution
		SolutionGuid = {0C9D7E12-0928-44D2-9216-DE6F12572BEB}
	EndGlobalSection
EndGlobal
