
Microsoft Visual Studio Solution File, Format Version 12.00
# Visual Studio 15
VisualStudioVersion = 15.0.28010.2003
MinimumVisualStudioVersion = 10.0.40219.1
Project("{FAE04EC0-301F-11D3-BF4B-00C04F79EFBC}") = "App2_ListaBrasil.Android", "App2_ListaBrasil\App2_ListaBrasil.Android\App2_ListaBrasil.Android.csproj", "{89EEEB8D-00AE-4F97-8018-D2C196129D1C}"
EndProject
Project("{FAE04EC0-301F-11D3-BF4B-00C04F79EFBC}") = "App2_ListaBrasil.iOS", "App2_ListaBrasil\App2_ListaBrasil.iOS\App2_ListaBrasil.iOS.csproj", "{D75F8C79-2140-471F-8071-4F5157ED58F7}"
EndProject
Project("{FAE04EC0-301F-11D3-BF4B-00C04F79EFBC}") = "App2_ListaBrasil.UWP", "App2_ListaBrasil\App2_ListaBrasil.UWP\App2_ListaBrasil.UWP.csproj", "{DDB249A9-6A16-495D-A0F4-2CE9308FE23E}"
EndProject
Project("{FAE04EC0-301F-11D3-BF4B-00C04F79EFBC}") = "App2_ListaBrasil", "App2_ListaBrasil\App2_ListaBrasil\App2_ListaBrasil.csproj", "{6E0D7505-827C-4EE5-96BC-A96242A7FCF2}"
EndProject
Global
	GlobalSection(SolutionConfigurationPlatforms) = preSolution
		Ad-Hoc|Any CPU = Ad-Hoc|Any CPU
		Ad-Hoc|ARM = Ad-Hoc|ARM
		Ad-Hoc|iPhone = Ad-Hoc|iPhone
		Ad-Hoc|iPhoneSimulator = Ad-Hoc|iPhoneSimulator
		Ad-Hoc|x64 = Ad-Hoc|x64
		Ad-Hoc|x86 = Ad-Hoc|x86
		AppStore|Any CPU = AppStore|Any CPU
		AppStore|ARM = AppStore|ARM
		AppStore|iPhone = AppStore|iPhone
		AppStore|iPhoneSimulator = AppStore|iPhoneSimulator
		AppStore|x64 = AppStore|x64
		AppStore|x86 = AppStore|x86
		Debug|Any CPU = Debug|Any CPU
		Debug|ARM = Debug|ARM
		Debug|iPhone = Debug|iPhone
		Debug|iPhoneSimulator = Debug|iPhoneSimulator
		Debug|x64 = Debug|x64
		Debug|x86 = Debug|x86
		Release|Any CPU = Release|Any CPU
		Release|ARM = Release|ARM
		Release|iPhone = Release|iPhone
		Release|iPhoneSimulator = Release|iPhoneSimulator
		Release|x64 = Release|x64
		Release|x86 = Release|x86
	EndGlobalSection
	GlobalSection(ProjectConfigurationPlatforms) = postSolution
		{89EEEB8D-00AE-4F97-8018-D2C196129D1C}.Ad-Hoc|Any CPU.ActiveCfg = Release|Any CPU
		{89EEEB8D-00AE-4F97-8018-D2C196129D1C}.Ad-Hoc|Any CPU.Build.0 = Release|Any CPU
		{89EEEB8D-00AE-4F97-8018-D2C196129D1C}.Ad-Hoc|Any CPU.Deploy.0 = Release|Any CPU
		{89EEEB8D-00AE-4F97-8018-D2C196129D1C}.Ad-Hoc|ARM.ActiveCfg = Release|Any CPU
		{89EEEB8D-00AE-4F97-8018-D2C196129D1C}.Ad-Hoc|ARM.Build.0 = Release|Any CPU
		{89EEEB8D-00AE-4F97-8018-D2C196129D1C}.Ad-Hoc|ARM.Deploy.0 = Release|Any CPU
		{89EEEB8D-00AE-4F97-8018-D2C196129D1C}.Ad-Hoc|iPhone.ActiveCfg = Release|Any CPU
		{89EEEB8D-00AE-4F97-8018-D2C196129D1C}.Ad-Hoc|iPhone.Build.0 = Release|Any CPU
		{89EEEB8D-00AE-4F97-8018-D2C196129D1C}.Ad-Hoc|iPhone.Deploy.0 = Release|Any CPU
		{89EEEB8D-00AE-4F97-8018-D2C196129D1C}.Ad-Hoc|iPhoneSimulator.ActiveCfg = Release|Any CPU
		{89EEEB8D-00AE-4F97-8018-D2C196129D1C}.Ad-Hoc|iPhoneSimulator.Build.0 = Release|Any CPU
		{89EEEB8D-00AE-4F97-8018-D2C196129D1C}.Ad-Hoc|iPhoneSimulator.Deploy.0 = Release|Any CPU
		{89EEEB8D-00AE-4F97-8018-D2C196129D1C}.Ad-Hoc|x64.ActiveCfg = Release|Any CPU
		{89EEEB8D-00AE-4F97-8018-D2C196129D1C}.Ad-Hoc|x64.Build.0 = Release|Any CPU
		{89EEEB8D-00AE-4F97-8018-D2C196129D1C}.Ad-Hoc|x64.Deploy.0 = Release|Any CPU
		{89EEEB8D-00AE-4F97-8018-D2C196129D1C}.Ad-Hoc|x86.ActiveCfg = Release|Any CPU
		{89EEEB8D-00AE-4F97-8018-D2C196129D1C}.Ad-Hoc|x86.Build.0 = Release|Any CPU
		{89EEEB8D-00AE-4F97-8018-D2C196129D1C}.Ad-Hoc|x86.Deploy.0 = Release|Any CPU
		{89EEEB8D-00AE-4F97-8018-D2C196129D1C}.AppStore|Any CPU.ActiveCfg = Release|Any CPU
		{89EEEB8D-00AE-4F97-8018-D2C196129D1C}.AppStore|Any CPU.Build.0 = Release|Any CPU
		{89EEEB8D-00AE-4F97-8018-D2C196129D1C}.AppStore|Any CPU.Deploy.0 = Release|Any CPU
		{89EEEB8D-00AE-4F97-8018-D2C196129D1C}.AppStore|ARM.ActiveCfg = Release|Any CPU
		{89EEEB8D-00AE-4F97-8018-D2C196129D1C}.AppStore|ARM.Build.0 = Release|Any CPU
		{89EEEB8D-00AE-4F97-8018-D2C196129D1C}.AppStore|ARM.Deploy.0 = Release|Any CPU
		{89EEEB8D-00AE-4F97-8018-D2C196129D1C}.AppStore|iPhone.ActiveCfg = Release|Any CPU
		{89EEEB8D-00AE-4F97-8018-D2C196129D1C}.AppStore|iPhone.Build.0 = Release|Any CPU
		{89EEEB8D-00AE-4F97-8018-D2C196129D1C}.AppStore|iPhone.Deploy.0 = Release|Any CPU
		{89EEEB8D-00AE-4F97-8018-D2C196129D1C}.AppStore|iPhoneSimulator.ActiveCfg = Release|Any CPU
		{89EEEB8D-00AE-4F97-8018-D2C196129D1C}.AppStore|iPhoneSimulator.Build.0 = Release|Any CPU
		{89EEEB8D-00AE-4F97-8018-D2C196129D1C}.AppStore|iPhoneSimulator.Deploy.0 = Release|Any CPU
		{89EEEB8D-00AE-4F97-8018-D2C196129D1C}.AppStore|x64.ActiveCfg = Release|Any CPU
		{89EEEB8D-00AE-4F97-8018-D2C196129D1C}.AppStore|x64.Build.0 = Release|Any CPU
		{89EEEB8D-00AE-4F97-8018-D2C196129D1C}.AppStore|x64.Deploy.0 = Release|Any CPU
		{89EEEB8D-00AE-4F97-8018-D2C196129D1C}.AppStore|x86.ActiveCfg = Release|Any CPU
		{89EEEB8D-00AE-4F97-8018-D2C196129D1C}.AppStore|x86.Build.0 = Release|Any CPU
		{89EEEB8D-00AE-4F97-8018-D2C196129D1C}.AppStore|x86.Deploy.0 = Release|Any CPU
		{89EEEB8D-00AE-4F97-8018-D2C196129D1C}.Debug|Any CPU.ActiveCfg = Debug|Any CPU
		{89EEEB8D-00AE-4F97-8018-D2C196129D1C}.Debug|Any CPU.Build.0 = Debug|Any CPU
		{89EEEB8D-00AE-4F97-8018-D2C196129D1C}.Debug|Any CPU.Deploy.0 = Debug|Any CPU
		{89EEEB8D-00AE-4F97-8018-D2C196129D1C}.Debug|ARM.ActiveCfg = Debug|Any CPU
		{89EEEB8D-00AE-4F97-8018-D2C196129D1C}.Debug|ARM.Build.0 = Debug|Any CPU
		{89EEEB8D-00AE-4F97-8018-D2C196129D1C}.Debug|ARM.Deploy.0 = Debug|Any CPU
		{89EEEB8D-00AE-4F97-8018-D2C196129D1C}.Debug|iPhone.ActiveCfg = Debug|Any CPU
		{89EEEB8D-00AE-4F97-8018-D2C196129D1C}.Debug|iPhone.Build.0 = Debug|Any CPU
		{89EEEB8D-00AE-4F97-8018-D2C196129D1C}.Debug|iPhone.Deploy.0 = Debug|Any CPU
		{89EEEB8D-00AE-4F97-8018-D2C196129D1C}.Debug|iPhoneSimulator.ActiveCfg = Debug|Any CPU
		{89EEEB8D-00AE-4F97-8018-D2C196129D1C}.Debug|iPhoneSimulator.Build.0 = Debug|Any CPU
		{89EEEB8D-00AE-4F97-8018-D2C196129D1C}.Debug|iPhoneSimulator.Deploy.0 = Debug|Any CPU
		{89EEEB8D-00AE-4F97-8018-D2C196129D1C}.Debug|x64.ActiveCfg = Debug|Any CPU
		{89EEEB8D-00AE-4F97-8018-D2C196129D1C}.Debug|x64.Build.0 = Debug|Any CPU
		{89EEEB8D-00AE-4F97-8018-D2C196129D1C}.Debug|x64.Deploy.0 = Debug|Any CPU
		{89EEEB8D-00AE-4F97-8018-D2C196129D1C}.Debug|x86.ActiveCfg = Debug|Any CPU
		{89EEEB8D-00AE-4F97-8018-D2C196129D1C}.Debug|x86.Build.0 = Debug|Any CPU
		{89EEEB8D-00AE-4F97-8018-D2C196129D1C}.Debug|x86.Deploy.0 = Debug|Any CPU
		{89EEEB8D-00AE-4F97-8018-D2C196129D1C}.Release|Any CPU.ActiveCfg = Release|Any CPU
		{89EEEB8D-00AE-4F97-8018-D2C196129D1C}.Release|Any CPU.Build.0 = Release|Any CPU
		{89EEEB8D-00AE-4F97-8018-D2C196129D1C}.Release|Any CPU.Deploy.0 = Release|Any CPU
		{89EEEB8D-00AE-4F97-8018-D2C196129D1C}.Release|ARM.ActiveCfg = Release|Any CPU
		{89EEEB8D-00AE-4F97-8018-D2C196129D1C}.Release|ARM.Build.0 = Release|Any CPU
		{89EEEB8D-00AE-4F97-8018-D2C196129D1C}.Release|ARM.Deploy.0 = Release|Any CPU
		{89EEEB8D-00AE-4F97-8018-D2C196129D1C}.Release|iPhone.ActiveCfg = Release|Any CPU
		{89EEEB8D-00AE-4F97-8018-D2C196129D1C}.Release|iPhone.Build.0 = Release|Any CPU
		{89EEEB8D-00AE-4F97-8018-D2C196129D1C}.Release|iPhone.Deploy.0 = Release|Any CPU
		{89EEEB8D-00AE-4F97-8018-D2C196129D1C}.Release|iPhoneSimulator.ActiveCfg = Release|Any CPU
		{89EEEB8D-00AE-4F97-8018-D2C196129D1C}.Release|iPhoneSimulator.Build.0 = Release|Any CPU
		{89EEEB8D-00AE-4F97-8018-D2C196129D1C}.Release|iPhoneSimulator.Deploy.0 = Release|Any CPU
		{89EEEB8D-00AE-4F97-8018-D2C196129D1C}.Release|x64.ActiveCfg = Release|Any CPU
		{89EEEB8D-00AE-4F97-8018-D2C196129D1C}.Release|x64.Build.0 = Release|Any CPU
		{89EEEB8D-00AE-4F97-8018-D2C196129D1C}.Release|x64.Deploy.0 = Release|Any CPU
		{89EEEB8D-00AE-4F97-8018-D2C196129D1C}.Release|x86.ActiveCfg = Release|Any CPU
		{89EEEB8D-00AE-4F97-8018-D2C196129D1C}.Release|x86.Build.0 = Release|Any CPU
		{89EEEB8D-00AE-4F97-8018-D2C196129D1C}.Release|x86.Deploy.0 = Release|Any CPU
		{D75F8C79-2140-471F-8071-4F5157ED58F7}.Ad-Hoc|Any CPU.ActiveCfg = Ad-Hoc|iPhone
		{D75F8C79-2140-471F-8071-4F5157ED58F7}.Ad-Hoc|Any CPU.Build.0 = Ad-Hoc|iPhone
		{D75F8C79-2140-471F-8071-4F5157ED58F7}.Ad-Hoc|Any CPU.Deploy.0 = Ad-Hoc|iPhone
		{D75F8C79-2140-471F-8071-4F5157ED58F7}.Ad-Hoc|ARM.ActiveCfg = Ad-Hoc|iPhone
		{D75F8C79-2140-471F-8071-4F5157ED58F7}.Ad-Hoc|ARM.Build.0 = Ad-Hoc|iPhone
		{D75F8C79-2140-471F-8071-4F5157ED58F7}.Ad-Hoc|ARM.Deploy.0 = Ad-Hoc|iPhone
		{D75F8C79-2140-471F-8071-4F5157ED58F7}.Ad-Hoc|iPhone.ActiveCfg = Ad-Hoc|iPhone
		{D75F8C79-2140-471F-8071-4F5157ED58F7}.Ad-Hoc|iPhone.Build.0 = Ad-Hoc|iPhone
		{D75F8C79-2140-471F-8071-4F5157ED58F7}.Ad-Hoc|iPhone.Deploy.0 = Ad-Hoc|iPhone
		{D75F8C79-2140-471F-8071-4F5157ED58F7}.Ad-Hoc|iPhoneSimulator.ActiveCfg = Ad-Hoc|iPhoneSimulator
		{D75F8C79-2140-471F-8071-4F5157ED58F7}.Ad-Hoc|iPhoneSimulator.Build.0 = Ad-Hoc|iPhoneSimulator
		{D75F8C79-2140-471F-8071-4F5157ED58F7}.Ad-Hoc|iPhoneSimulator.Deploy.0 = Ad-Hoc|iPhoneSimulator
		{D75F8C79-2140-471F-8071-4F5157ED58F7}.Ad-Hoc|x64.ActiveCfg = Ad-Hoc|iPhone
		{D75F8C79-2140-471F-8071-4F5157ED58F7}.Ad-Hoc|x64.Build.0 = Ad-Hoc|iPhone
		{D75F8C79-2140-471F-8071-4F5157ED58F7}.Ad-Hoc|x64.Deploy.0 = Ad-Hoc|iPhone
		{D75F8C79-2140-471F-8071-4F5157ED58F7}.Ad-Hoc|x86.ActiveCfg = Ad-Hoc|iPhone
		{D75F8C79-2140-471F-8071-4F5157ED58F7}.Ad-Hoc|x86.Build.0 = Ad-Hoc|iPhone
		{D75F8C79-2140-471F-8071-4F5157ED58F7}.Ad-Hoc|x86.Deploy.0 = Ad-Hoc|iPhone
		{D75F8C79-2140-471F-8071-4F5157ED58F7}.AppStore|Any CPU.ActiveCfg = AppStore|iPhone
		{D75F8C79-2140-471F-8071-4F5157ED58F7}.AppStore|Any CPU.Build.0 = AppStore|iPhone
		{D75F8C79-2140-471F-8071-4F5157ED58F7}.AppStore|Any CPU.Deploy.0 = AppStore|iPhone
		{D75F8C79-2140-471F-8071-4F5157ED58F7}.AppStore|ARM.ActiveCfg = AppStore|iPhone
		{D75F8C79-2140-471F-8071-4F5157ED58F7}.AppStore|ARM.Build.0 = AppStore|iPhone
		{D75F8C79-2140-471F-8071-4F5157ED58F7}.AppStore|ARM.Deploy.0 = AppStore|iPhone
		{D75F8C79-2140-471F-8071-4F5157ED58F7}.AppStore|iPhone.ActiveCfg = AppStore|iPhone
		{D75F8C79-2140-471F-8071-4F5157ED58F7}.AppStore|iPhone.Build.0 = AppStore|iPhone
		{D75F8C79-2140-471F-8071-4F5157ED58F7}.AppStore|iPhone.Deploy.0 = AppStore|iPhone
		{D75F8C79-2140-471F-8071-4F5157ED58F7}.AppStore|iPhoneSimulator.ActiveCfg = AppStore|iPhoneSimulator
		{D75F8C79-2140-471F-8071-4F5157ED58F7}.AppStore|iPhoneSimulator.Build.0 = AppStore|iPhoneSimulator
		{D75F8C79-2140-471F-8071-4F5157ED58F7}.AppStore|iPhoneSimulator.Deploy.0 = AppStore|iPhoneSimulator
		{D75F8C79-2140-471F-8071-4F5157ED58F7}.AppStore|x64.ActiveCfg = AppStore|iPhone
		{D75F8C79-2140-471F-8071-4F5157ED58F7}.AppStore|x64.Build.0 = AppStore|iPhone
		{D75F8C79-2140-471F-8071-4F5157ED58F7}.AppStore|x64.Deploy.0 = AppStore|iPhone
		{D75F8C79-2140-471F-8071-4F5157ED58F7}.AppStore|x86.ActiveCfg = AppStore|iPhone
		{D75F8C79-2140-471F-8071-4F5157ED58F7}.AppStore|x86.Build.0 = AppStore|iPhone
		{D75F8C79-2140-471F-8071-4F5157ED58F7}.AppStore|x86.Deploy.0 = AppStore|iPhone
		{D75F8C79-2140-471F-8071-4F5157ED58F7}.Debug|Any CPU.ActiveCfg = Debug|iPhoneSimulator
		{D75F8C79-2140-471F-8071-4F5157ED58F7}.Debug|Any CPU.Build.0 = Debug|iPhoneSimulator
		{D75F8C79-2140-471F-8071-4F5157ED58F7}.Debug|Any CPU.Deploy.0 = Debug|iPhoneSimulator
		{D75F8C79-2140-471F-8071-4F5157ED58F7}.Debug|ARM.ActiveCfg = Debug|iPhone
		{D75F8C79-2140-471F-8071-4F5157ED58F7}.Debug|ARM.Build.0 = Debug|iPhone
		{D75F8C79-2140-471F-8071-4F5157ED58F7}.Debug|ARM.Deploy.0 = Debug|iPhone
		{D75F8C79-2140-471F-8071-4F5157ED58F7}.Debug|iPhone.ActiveCfg = Debug|iPhone
		{D75F8C79-2140-471F-8071-4F5157ED58F7}.Debug|iPhone.Build.0 = Debug|iPhone
		{D75F8C79-2140-471F-8071-4F5157ED58F7}.Debug|iPhone.Deploy.0 = Debug|iPhone
		{D75F8C79-2140-471F-8071-4F5157ED58F7}.Debug|iPhoneSimulator.ActiveCfg = Debug|iPhoneSimulator
		{D75F8C79-2140-471F-8071-4F5157ED58F7}.Debug|iPhoneSimulator.Build.0 = Debug|iPhoneSimulator
		{D75F8C79-2140-471F-8071-4F5157ED58F7}.Debug|iPhoneSimulator.Deploy.0 = Debug|iPhoneSimulator
		{D75F8C79-2140-471F-8071-4F5157ED58F7}.Debug|x64.ActiveCfg = Debug|iPhone
		{D75F8C79-2140-471F-8071-4F5157ED58F7}.Debug|x64.Build.0 = Debug|iPhone
		{D75F8C79-2140-471F-8071-4F5157ED58F7}.Debug|x64.Deploy.0 = Debug|iPhone
		{D75F8C79-2140-471F-8071-4F5157ED58F7}.Debug|x86.ActiveCfg = Debug|iPhone
		{D75F8C79-2140-471F-8071-4F5157ED58F7}.Debug|x86.Build.0 = Debug|iPhone
		{D75F8C79-2140-471F-8071-4F5157ED58F7}.Debug|x86.Deploy.0 = Debug|iPhone
		{D75F8C79-2140-471F-8071-4F5157ED58F7}.Release|Any CPU.ActiveCfg = Release|iPhone
		{D75F8C79-2140-471F-8071-4F5157ED58F7}.Release|Any CPU.Build.0 = Release|iPhone
		{D75F8C79-2140-471F-8071-4F5157ED58F7}.Release|Any CPU.Deploy.0 = Release|iPhone
		{D75F8C79-2140-471F-8071-4F5157ED58F7}.Release|ARM.ActiveCfg = Release|iPhone
		{D75F8C79-2140-471F-8071-4F5157ED58F7}.Release|ARM.Build.0 = Release|iPhone
		{D75F8C79-2140-471F-8071-4F5157ED58F7}.Release|ARM.Deploy.0 = Release|iPhone
		{D75F8C79-2140-471F-8071-4F5157ED58F7}.Release|iPhone.ActiveCfg = Release|iPhone
		{D75F8C79-2140-471F-8071-4F5157ED58F7}.Release|iPhone.Build.0 = Release|iPhone
		{D75F8C79-2140-471F-8071-4F5157ED58F7}.Release|iPhone.Deploy.0 = Release|iPhone
		{D75F8C79-2140-471F-8071-4F5157ED58F7}.Release|iPhoneSimulator.ActiveCfg = Release|iPhoneSimulator
		{D75F8C79-2140-471F-8071-4F5157ED58F7}.Release|iPhoneSimulator.Build.0 = Release|iPhoneSimulator
		{D75F8C79-2140-471F-8071-4F5157ED58F7}.Release|iPhoneSimulator.Deploy.0 = Release|iPhoneSimulator
		{D75F8C79-2140-471F-8071-4F5157ED58F7}.Release|x64.ActiveCfg = Release|iPhone
		{D75F8C79-2140-471F-8071-4F5157ED58F7}.Release|x64.Build.0 = Release|iPhone
		{D75F8C79-2140-471F-8071-4F5157ED58F7}.Release|x64.Deploy.0 = Release|iPhone
		{D75F8C79-2140-471F-8071-4F5157ED58F7}.Release|x86.ActiveCfg = Release|iPhone
		{D75F8C79-2140-471F-8071-4F5157ED58F7}.Release|x86.Build.0 = Release|iPhone
		{D75F8C79-2140-471F-8071-4F5157ED58F7}.Release|x86.Deploy.0 = Release|iPhone
		{DDB249A9-6A16-495D-A0F4-2CE9308FE23E}.Ad-Hoc|Any CPU.ActiveCfg = Release|x86
		{DDB249A9-6A16-495D-A0F4-2CE9308FE23E}.Ad-Hoc|Any CPU.Build.0 = Release|x86
		{DDB249A9-6A16-495D-A0F4-2CE9308FE23E}.Ad-Hoc|Any CPU.Deploy.0 = Release|x86
		{DDB249A9-6A16-495D-A0F4-2CE9308FE23E}.Ad-Hoc|ARM.ActiveCfg = Release|ARM
		{DDB249A9-6A16-495D-A0F4-2CE9308FE23E}.Ad-Hoc|ARM.Build.0 = Release|ARM
		{DDB249A9-6A16-495D-A0F4-2CE9308FE23E}.Ad-Hoc|ARM.Deploy.0 = Release|ARM
		{DDB249A9-6A16-495D-A0F4-2CE9308FE23E}.Ad-Hoc|iPhone.ActiveCfg = Release|x86
		{DDB249A9-6A16-495D-A0F4-2CE9308FE23E}.Ad-Hoc|iPhone.Build.0 = Release|x86
		{DDB249A9-6A16-495D-A0F4-2CE9308FE23E}.Ad-Hoc|iPhone.Deploy.0 = Release|x86
		{DDB249A9-6A16-495D-A0F4-2CE9308FE23E}.Ad-Hoc|iPhoneSimulator.ActiveCfg = Release|x86
		{DDB249A9-6A16-495D-A0F4-2CE9308FE23E}.Ad-Hoc|iPhoneSimulator.Build.0 = Release|x86
		{DDB249A9-6A16-495D-A0F4-2CE9308FE23E}.Ad-Hoc|iPhoneSimulator.Deploy.0 = Release|x86
		{DDB249A9-6A16-495D-A0F4-2CE9308FE23E}.Ad-Hoc|x64.ActiveCfg = Release|x64
		{DDB249A9-6A16-495D-A0F4-2CE9308FE23E}.Ad-Hoc|x64.Build.0 = Release|x64
		{DDB249A9-6A16-495D-A0F4-2CE9308FE23E}.Ad-Hoc|x64.Deploy.0 = Release|x64
		{DDB249A9-6A16-495D-A0F4-2CE9308FE23E}.Ad-Hoc|x86.ActiveCfg = Release|x86
		{DDB249A9-6A16-495D-A0F4-2CE9308FE23E}.Ad-Hoc|x86.Build.0 = Release|x86
		{DDB249A9-6A16-495D-A0F4-2CE9308FE23E}.Ad-Hoc|x86.Deploy.0 = Release|x86
		{DDB249A9-6A16-495D-A0F4-2CE9308FE23E}.AppStore|Any CPU.ActiveCfg = Release|x86
		{DDB249A9-6A16-495D-A0F4-2CE9308FE23E}.AppStore|Any CPU.Build.0 = Release|x86
		{DDB249A9-6A16-495D-A0F4-2CE9308FE23E}.AppStore|Any CPU.Deploy.0 = Release|x86
		{DDB249A9-6A16-495D-A0F4-2CE9308FE23E}.AppStore|ARM.ActiveCfg = Release|ARM
		{DDB249A9-6A16-495D-A0F4-2CE9308FE23E}.AppStore|ARM.Build.0 = Release|ARM
		{DDB249A9-6A16-495D-A0F4-2CE9308FE23E}.AppStore|ARM.Deploy.0 = Release|ARM
		{DDB249A9-6A16-495D-A0F4-2CE9308FE23E}.AppStore|iPhone.ActiveCfg = Release|x86
		{DDB249A9-6A16-495D-A0F4-2CE9308FE23E}.AppStore|iPhone.Build.0 = Release|x86
		{DDB249A9-6A16-495D-A0F4-2CE9308FE23E}.AppStore|iPhone.Deploy.0 = Release|x86
		{DDB249A9-6A16-495D-A0F4-2CE9308FE23E}.AppStore|iPhoneSimulator.ActiveCfg = Release|x86
		{DDB249A9-6A16-495D-A0F4-2CE9308FE23E}.AppStore|iPhoneSimulator.Build.0 = Release|x86
		{DDB249A9-6A16-495D-A0F4-2CE9308FE23E}.AppStore|iPhoneSimulator.Deploy.0 = Release|x86
		{DDB249A9-6A16-495D-A0F4-2CE9308FE23E}.AppStore|x64.ActiveCfg = Release|x64
		{DDB249A9-6A16-495D-A0F4-2CE9308FE23E}.AppStore|x64.Build.0 = Release|x64
		{DDB249A9-6A16-495D-A0F4-2CE9308FE23E}.AppStore|x64.Deploy.0 = Release|x64
		{DDB249A9-6A16-495D-A0F4-2CE9308FE23E}.AppStore|x86.ActiveCfg = Release|x86
		{DDB249A9-6A16-495D-A0F4-2CE9308FE23E}.AppStore|x86.Build.0 = Release|x86
		{DDB249A9-6A16-495D-A0F4-2CE9308FE23E}.AppStore|x86.Deploy.0 = Release|x86
		{DDB249A9-6A16-495D-A0F4-2CE9308FE23E}.Debug|Any CPU.ActiveCfg = Debug|x86
		{DDB249A9-6A16-495D-A0F4-2CE9308FE23E}.Debug|Any CPU.Build.0 = Debug|x86
		{DDB249A9-6A16-495D-A0F4-2CE9308FE23E}.Debug|Any CPU.Deploy.0 = Debug|x86
		{DDB249A9-6A16-495D-A0F4-2CE9308FE23E}.Debug|ARM.ActiveCfg = Debug|ARM
		{DDB249A9-6A16-495D-A0F4-2CE9308FE23E}.Debug|ARM.Build.0 = Debug|ARM
		{DDB249A9-6A16-495D-A0F4-2CE9308FE23E}.Debug|ARM.Deploy.0 = Debug|ARM
		{DDB249A9-6A16-495D-A0F4-2CE9308FE23E}.Debug|iPhone.ActiveCfg = Debug|x86
		{DDB249A9-6A16-495D-A0F4-2CE9308FE23E}.Debug|iPhone.Build.0 = Debug|x86
		{DDB249A9-6A16-495D-A0F4-2CE9308FE23E}.Debug|iPhone.Deploy.0 = Debug|x86
		{DDB249A9-6A16-495D-A0F4-2CE9308FE23E}.Debug|iPhoneSimulator.ActiveCfg = Debug|x86
		{DDB249A9-6A16-495D-A0F4-2CE9308FE23E}.Debug|iPhoneSimulator.Build.0 = Debug|x86
		{DDB249A9-6A16-495D-A0F4-2CE9308FE23E}.Debug|iPhoneSimulator.Deploy.0 = Debug|x86
		{DDB249A9-6A16-495D-A0F4-2CE9308FE23E}.Debug|x64.ActiveCfg = Debug|x64
		{DDB249A9-6A16-495D-A0F4-2CE9308FE23E}.Debug|x64.Build.0 = Debug|x64
		{DDB249A9-6A16-495D-A0F4-2CE9308FE23E}.Debug|x64.Deploy.0 = Debug|x64
		{DDB249A9-6A16-495D-A0F4-2CE9308FE23E}.Debug|x86.ActiveCfg = Debug|x86
		{DDB249A9-6A16-495D-A0F4-2CE9308FE23E}.Debug|x86.Build.0 = Debug|x86
		{DDB249A9-6A16-495D-A0F4-2CE9308FE23E}.Debug|x86.Deploy.0 = Debug|x86
		{DDB249A9-6A16-495D-A0F4-2CE9308FE23E}.Release|Any CPU.ActiveCfg = Release|x86
		{DDB249A9-6A16-495D-A0F4-2CE9308FE23E}.Release|Any CPU.Build.0 = Release|x86
		{DDB249A9-6A16-495D-A0F4-2CE9308FE23E}.Release|Any CPU.Deploy.0 = Release|x86
		{DDB249A9-6A16-495D-A0F4-2CE9308FE23E}.Release|ARM.ActiveCfg = Release|ARM
		{DDB249A9-6A16-495D-A0F4-2CE9308FE23E}.Release|ARM.Build.0 = Release|ARM
		{DDB249A9-6A16-495D-A0F4-2CE9308FE23E}.Release|ARM.Deploy.0 = Release|ARM
		{DDB249A9-6A16-495D-A0F4-2CE9308FE23E}.Release|iPhone.ActiveCfg = Release|x86
		{DDB249A9-6A16-495D-A0F4-2CE9308FE23E}.Release|iPhone.Build.0 = Release|x86
		{DDB249A9-6A16-495D-A0F4-2CE9308FE23E}.Release|iPhone.Deploy.0 = Release|x86
		{DDB249A9-6A16-495D-A0F4-2CE9308FE23E}.Release|iPhoneSimulator.ActiveCfg = Release|x86
		{DDB249A9-6A16-495D-A0F4-2CE9308FE23E}.Release|iPhoneSimulator.Build.0 = Release|x86
		{DDB249A9-6A16-495D-A0F4-2CE9308FE23E}.Release|iPhoneSimulator.Deploy.0 = Release|x86
		{DDB249A9-6A16-495D-A0F4-2CE9308FE23E}.Release|x64.ActiveCfg = Release|x64
		{DDB249A9-6A16-495D-A0F4-2CE9308FE23E}.Release|x64.Build.0 = Release|x64
		{DDB249A9-6A16-495D-A0F4-2CE9308FE23E}.Release|x64.Deploy.0 = Release|x64
		{DDB249A9-6A16-495D-A0F4-2CE9308FE23E}.Release|x86.ActiveCfg = Release|x86
		{DDB249A9-6A16-495D-A0F4-2CE9308FE23E}.Release|x86.Build.0 = Release|x86
		{DDB249A9-6A16-495D-A0F4-2CE9308FE23E}.Release|x86.Deploy.0 = Release|x86
		{6E0D7505-827C-4EE5-96BC-A96242A7FCF2}.Ad-Hoc|Any CPU.ActiveCfg = Debug|Any CPU
		{6E0D7505-827C-4EE5-96BC-A96242A7FCF2}.Ad-Hoc|Any CPU.Build.0 = Debug|Any CPU
		{6E0D7505-827C-4EE5-96BC-A96242A7FCF2}.Ad-Hoc|Any CPU.Deploy.0 = Debug|Any CPU
		{6E0D7505-827C-4EE5-96BC-A96242A7FCF2}.Ad-Hoc|ARM.ActiveCfg = Debug|Any CPU
		{6E0D7505-827C-4EE5-96BC-A96242A7FCF2}.Ad-Hoc|ARM.Build.0 = Debug|Any CPU
		{6E0D7505-827C-4EE5-96BC-A96242A7FCF2}.Ad-Hoc|ARM.Deploy.0 = Debug|Any CPU
		{6E0D7505-827C-4EE5-96BC-A96242A7FCF2}.Ad-Hoc|iPhone.ActiveCfg = Debug|Any CPU
		{6E0D7505-827C-4EE5-96BC-A96242A7FCF2}.Ad-Hoc|iPhone.Build.0 = Debug|Any CPU
		{6E0D7505-827C-4EE5-96BC-A96242A7FCF2}.Ad-Hoc|iPhone.Deploy.0 = Debug|Any CPU
		{6E0D7505-827C-4EE5-96BC-A96242A7FCF2}.Ad-Hoc|iPhoneSimulator.ActiveCfg = Debug|Any CPU
		{6E0D7505-827C-4EE5-96BC-A96242A7FCF2}.Ad-Hoc|iPhoneSimulator.Build.0 = Debug|Any CPU
		{6E0D7505-827C-4EE5-96BC-A96242A7FCF2}.Ad-Hoc|iPhoneSimulator.Deploy.0 = Debug|Any CPU
		{6E0D7505-827C-4EE5-96BC-A96242A7FCF2}.Ad-Hoc|x64.ActiveCfg = Debug|Any CPU
		{6E0D7505-827C-4EE5-96BC-A96242A7FCF2}.Ad-Hoc|x64.Build.0 = Debug|Any CPU
		{6E0D7505-827C-4EE5-96BC-A96242A7FCF2}.Ad-Hoc|x64.Deploy.0 = Debug|Any CPU
		{6E0D7505-827C-4EE5-96BC-A96242A7FCF2}.Ad-Hoc|x86.ActiveCfg = Debug|Any CPU
		{6E0D7505-827C-4EE5-96BC-A96242A7FCF2}.Ad-Hoc|x86.Build.0 = Debug|Any CPU
		{6E0D7505-827C-4EE5-96BC-A96242A7FCF2}.Ad-Hoc|x86.Deploy.0 = Debug|Any CPU
		{6E0D7505-827C-4EE5-96BC-A96242A7FCF2}.AppStore|Any CPU.ActiveCfg = Debug|Any CPU
		{6E0D7505-827C-4EE5-96BC-A96242A7FCF2}.AppStore|Any CPU.Build.0 = Debug|Any CPU
		{6E0D7505-827C-4EE5-96BC-A96242A7FCF2}.AppStore|Any CPU.Deploy.0 = Debug|Any CPU
		{6E0D7505-827C-4EE5-96BC-A96242A7FCF2}.AppStore|ARM.ActiveCfg = Debug|Any CPU
		{6E0D7505-827C-4EE5-96BC-A96242A7FCF2}.AppStore|ARM.Build.0 = Debug|Any CPU
		{6E0D7505-827C-4EE5-96BC-A96242A7FCF2}.AppStore|ARM.Deploy.0 = Debug|Any CPU
		{6E0D7505-827C-4EE5-96BC-A96242A7FCF2}.AppStore|iPhone.ActiveCfg = Debug|Any CPU
		{6E0D7505-827C-4EE5-96BC-A96242A7FCF2}.AppStore|iPhone.Build.0 = Debug|Any CPU
		{6E0D7505-827C-4EE5-96BC-A96242A7FCF2}.AppStore|iPhone.Deploy.0 = Debug|Any CPU
		{6E0D7505-827C-4EE5-96BC-A96242A7FCF2}.AppStore|iPhoneSimulator.ActiveCfg = Debug|Any CPU
		{6E0D7505-827C-4EE5-96BC-A96242A7FCF2}.AppStore|iPhoneSimulator.Build.0 = Debug|Any CPU
		{6E0D7505-827C-4EE5-96BC-A96242A7FCF2}.AppStore|iPhoneSimulator.Deploy.0 = Debug|Any CPU
		{6E0D7505-827C-4EE5-96BC-A96242A7FCF2}.AppStore|x64.ActiveCfg = Debug|Any CPU
		{6E0D7505-827C-4EE5-96BC-A96242A7FCF2}.AppStore|x64.Build.0 = Debug|Any CPU
		{6E0D7505-827C-4EE5-96BC-A96242A7FCF2}.AppStore|x64.Deploy.0 = Debug|Any CPU
		{6E0D7505-827C-4EE5-96BC-A96242A7FCF2}.AppStore|x86.ActiveCfg = Debug|Any CPU
		{6E0D7505-827C-4EE5-96BC-A96242A7FCF2}.AppStore|x86.Build.0 = Debug|Any CPU
		{6E0D7505-827C-4EE5-96BC-A96242A7FCF2}.AppStore|x86.Deploy.0 = Debug|Any CPU
		{6E0D7505-827C-4EE5-96BC-A96242A7FCF2}.Debug|Any CPU.ActiveCfg = Debug|Any CPU
		{6E0D7505-827C-4EE5-96BC-A96242A7FCF2}.Debug|Any CPU.Build.0 = Debug|Any CPU
		{6E0D7505-827C-4EE5-96BC-A96242A7FCF2}.Debug|Any CPU.Deploy.0 = Debug|Any CPU
		{6E0D7505-827C-4EE5-96BC-A96242A7FCF2}.Debug|ARM.ActiveCfg = Debug|Any CPU
		{6E0D7505-827C-4EE5-96BC-A96242A7FCF2}.Debug|ARM.Build.0 = Debug|Any CPU
		{6E0D7505-827C-4EE5-96BC-A96242A7FCF2}.Debug|ARM.Deploy.0 = Debug|Any CPU
		{6E0D7505-827C-4EE5-96BC-A96242A7FCF2}.Debug|iPhone.ActiveCfg = Debug|Any CPU
		{6E0D7505-827C-4EE5-96BC-A96242A7FCF2}.Debug|iPhone.Build.0 = Debug|Any CPU
		{6E0D7505-827C-4EE5-96BC-A96242A7FCF2}.Debug|iPhone.Deploy.0 = Debug|Any CPU
		{6E0D7505-827C-4EE5-96BC-A96242A7FCF2}.Debug|iPhoneSimulator.ActiveCfg = Debug|Any CPU
		{6E0D7505-827C-4EE5-96BC-A96242A7FCF2}.Debug|iPhoneSimulator.Build.0 = Debug|Any CPU
		{6E0D7505-827C-4EE5-96BC-A96242A7FCF2}.Debug|iPhoneSimulator.Deploy.0 = Debug|Any CPU
		{6E0D7505-827C-4EE5-96BC-A96242A7FCF2}.Debug|x64.ActiveCfg = Debug|Any CPU
		{6E0D7505-827C-4EE5-96BC-A96242A7FCF2}.Debug|x64.Build.0 = Debug|Any CPU
		{6E0D7505-827C-4EE5-96BC-A96242A7FCF2}.Debug|x64.Deploy.0 = Debug|Any CPU
		{6E0D7505-827C-4EE5-96BC-A96242A7FCF2}.Debug|x86.ActiveCfg = Debug|Any CPU
		{6E0D7505-827C-4EE5-96BC-A96242A7FCF2}.Debug|x86.Build.0 = Debug|Any CPU
		{6E0D7505-827C-4EE5-96BC-A96242A7FCF2}.Debug|x86.Deploy.0 = Debug|Any CPU
		{6E0D7505-827C-4EE5-96BC-A96242A7FCF2}.Release|Any CPU.ActiveCfg = Release|Any CPU
		{6E0D7505-827C-4EE5-96BC-A96242A7FCF2}.Release|Any CPU.Build.0 = Release|Any CPU
		{6E0D7505-827C-4EE5-96BC-A96242A7FCF2}.Release|Any CPU.Deploy.0 = Release|Any CPU
		{6E0D7505-827C-4EE5-96BC-A96242A7FCF2}.Release|ARM.ActiveCfg = Release|Any CPU
		{6E0D7505-827C-4EE5-96BC-A96242A7FCF2}.Release|ARM.Build.0 = Release|Any CPU
		{6E0D7505-827C-4EE5-96BC-A96242A7FCF2}.Release|ARM.Deploy.0 = Release|Any CPU
		{6E0D7505-827C-4EE5-96BC-A96242A7FCF2}.Release|iPhone.ActiveCfg = Release|Any CPU
		{6E0D7505-827C-4EE5-96BC-A96242A7FCF2}.Release|iPhone.Build.0 = Release|Any CPU
		{6E0D7505-827C-4EE5-96BC-A96242A7FCF2}.Release|iPhone.Deploy.0 = Release|Any CPU
		{6E0D7505-827C-4EE5-96BC-A96242A7FCF2}.Release|iPhoneSimulator.ActiveCfg = Release|Any CPU
		{6E0D7505-827C-4EE5-96BC-A96242A7FCF2}.Release|iPhoneSimulator.Build.0 = Release|Any CPU
		{6E0D7505-827C-4EE5-96BC-A96242A7FCF2}.Release|iPhoneSimulator.Deploy.0 = Release|Any CPU
		{6E0D7505-827C-4EE5-96BC-A96242A7FCF2}.Release|x64.ActiveCfg = Release|Any CPU
		{6E0D7505-827C-4EE5-96BC-A96242A7FCF2}.Release|x64.Build.0 = Release|Any CPU
		{6E0D7505-827C-4EE5-96BC-A96242A7FCF2}.Release|x64.Deploy.0 = Release|Any CPU
		{6E0D7505-827C-4EE5-96BC-A96242A7FCF2}.Release|x86.ActiveCfg = Release|Any CPU
		{6E0D7505-827C-4EE5-96BC-A96242A7FCF2}.Release|x86.Build.0 = Release|Any CPU
		{6E0D7505-827C-4EE5-96BC-A96242A7FCF2}.Release|x86.Deploy.0 = Release|Any CPU
	EndGlobalSection
	GlobalSection(SolutionProperties) = preSolution
		HideSolutionNode = FALSE
	EndGlobalSection
	GlobalSection(ExtensibilityGlobals) = postSolution
		SolutionGuid = {00D224E6-6E38-4E71-BF11-DEE175B5871C}
	EndGlobalSection
EndGlobal
