
Microsoft Visual Studio Solution File, Format Version 12.00
# Visual Studio 15
VisualStudioVersion = 15.0.28010.2003
MinimumVisualStudioVersion = 10.0.40219.1
Project("{FAE04EC0-301F-11D3-BF4B-00C04F79EFBC}") = "App02_Xamarin.Android", "App02_Xamarin\App02_Xamarin.Android\App02_Xamarin.Android.csproj", "{1691C173-D9EB-416C-81C6-AA0E4E532FD8}"
EndProject
Project("{FAE04EC0-301F-11D3-BF4B-00C04F79EFBC}") = "App02_Xamarin.iOS", "App02_Xamarin\App02_Xamarin.iOS\App02_Xamarin.iOS.csproj", "{3E57417A-207E-496D-8FF0-2F03B018EAE6}"
EndProject
Project("{FAE04EC0-301F-11D3-BF4B-00C04F79EFBC}") = "App02_Xamarin.UWP", "App02_Xamarin\App02_Xamarin.UWP\App02_Xamarin.UWP.csproj", "{9DDD1BE1-C24A-46B8-9449-4E32CC9EE2EF}"
EndProject
Project("{FAE04EC0-301F-11D3-BF4B-00C04F79EFBC}") = "App02_Xamarin", "App02_Xamarin\App02_Xamarin\App02_Xamarin.csproj", "{76C290BE-EA0D-4149-8726-9B68EAB53602}"
EndProject
Global
	GlobalSection(SolutionConfigurationPlatforms) = preSolution
		Ad-Hoc|Any CPU = Ad-Hoc|Any CPU
		Ad-Hoc|ARM = Ad-Hoc|ARM
		Ad-Hoc|iPhone = Ad-Hoc|iPhone
		Ad-Hoc|iPhoneSimulator = Ad-Hoc|iPhoneSimulator
		Ad-Hoc|x64 = Ad-Hoc|x64
		Ad-Hoc|x86 = Ad-Hoc|x86
		AppStore|Any CPU = AppStore|Any CPU
		AppStore|ARM = AppStore|ARM
		AppStore|iPhone = AppStore|iPhone
		AppStore|iPhoneSimulator = AppStore|iPhoneSimulator
		AppStore|x64 = AppStore|x64
		AppStore|x86 = AppStore|x86
		Debug|Any CPU = Debug|Any CPU
		Debug|ARM = Debug|ARM
		Debug|iPhone = Debug|iPhone
		Debug|iPhoneSimulator = Debug|iPhoneSimulator
		Debug|x64 = Debug|x64
		Debug|x86 = Debug|x86
		Release|Any CPU = Release|Any CPU
		Release|ARM = Release|ARM
		Release|iPhone = Release|iPhone
		Release|iPhoneSimulator = Release|iPhoneSimulator
		Release|x64 = Release|x64
		Release|x86 = Release|x86
	EndGlobalSection
	GlobalSection(ProjectConfigurationPlatforms) = postSolution
		{1691C173-D9EB-416C-81C6-AA0E4E532FD8}.Ad-Hoc|Any CPU.ActiveCfg = Release|Any CPU
		{1691C173-D9EB-416C-81C6-AA0E4E532FD8}.Ad-Hoc|Any CPU.Build.0 = Release|Any CPU
		{1691C173-D9EB-416C-81C6-AA0E4E532FD8}.Ad-Hoc|Any CPU.Deploy.0 = Release|Any CPU
		{1691C173-D9EB-416C-81C6-AA0E4E532FD8}.Ad-Hoc|ARM.ActiveCfg = Release|Any CPU
		{1691C173-D9EB-416C-81C6-AA0E4E532FD8}.Ad-Hoc|ARM.Build.0 = Release|Any CPU
		{1691C173-D9EB-416C-81C6-AA0E4E532FD8}.Ad-Hoc|ARM.Deploy.0 = Release|Any CPU
		{1691C173-D9EB-416C-81C6-AA0E4E532FD8}.Ad-Hoc|iPhone.ActiveCfg = Release|Any CPU
		{1691C173-D9EB-416C-81C6-AA0E4E532FD8}.Ad-Hoc|iPhone.Build.0 = Release|Any CPU
		{1691C173-D9EB-416C-81C6-AA0E4E532FD8}.Ad-Hoc|iPhone.Deploy.0 = Release|Any CPU
		{1691C173-D9EB-416C-81C6-AA0E4E532FD8}.Ad-Hoc|iPhoneSimulator.ActiveCfg = Release|Any CPU
		{1691C173-D9EB-416C-81C6-AA0E4E532FD8}.Ad-Hoc|iPhoneSimulator.Build.0 = Release|Any CPU
		{1691C173-D9EB-416C-81C6-AA0E4E532FD8}.Ad-Hoc|iPhoneSimulator.Deploy.0 = Release|Any CPU
		{1691C173-D9EB-416C-81C6-AA0E4E532FD8}.Ad-Hoc|x64.ActiveCfg = Release|Any CPU
		{1691C173-D9EB-416C-81C6-AA0E4E532FD8}.Ad-Hoc|x64.Build.0 = Release|Any CPU
		{1691C173-D9EB-416C-81C6-AA0E4E532FD8}.Ad-Hoc|x64.Deploy.0 = Release|Any CPU
		{1691C173-D9EB-416C-81C6-AA0E4E532FD8}.Ad-Hoc|x86.ActiveCfg = Release|Any CPU
		{1691C173-D9EB-416C-81C6-AA0E4E532FD8}.Ad-Hoc|x86.Build.0 = Release|Any CPU
		{1691C173-D9EB-416C-81C6-AA0E4E532FD8}.Ad-Hoc|x86.Deploy.0 = Release|Any CPU
		{1691C173-D9EB-416C-81C6-AA0E4E532FD8}.AppStore|Any CPU.ActiveCfg = Release|Any CPU
		{1691C173-D9EB-416C-81C6-AA0E4E532FD8}.AppStore|Any CPU.Build.0 = Release|Any CPU
		{1691C173-D9EB-416C-81C6-AA0E4E532FD8}.AppStore|Any CPU.Deploy.0 = Release|Any CPU
		{1691C173-D9EB-416C-81C6-AA0E4E532FD8}.AppStore|ARM.ActiveCfg = Release|Any CPU
		{1691C173-D9EB-416C-81C6-AA0E4E532FD8}.AppStore|ARM.Build.0 = Release|Any CPU
		{1691C173-D9EB-416C-81C6-AA0E4E532FD8}.AppStore|ARM.Deploy.0 = Release|Any CPU
		{1691C173-D9EB-416C-81C6-AA0E4E532FD8}.AppStore|iPhone.ActiveCfg = Release|Any CPU
		{1691C173-D9EB-416C-81C6-AA0E4E532FD8}.AppStore|iPhone.Build.0 = Release|Any CPU
		{1691C173-D9EB-416C-81C6-AA0E4E532FD8}.AppStore|iPhone.Deploy.0 = Release|Any CPU
		{1691C173-D9EB-416C-81C6-AA0E4E532FD8}.AppStore|iPhoneSimulator.ActiveCfg = Release|Any CPU
		{1691C173-D9EB-416C-81C6-AA0E4E532FD8}.AppStore|iPhoneSimulator.Build.0 = Release|Any CPU
		{1691C173-D9EB-416C-81C6-AA0E4E532FD8}.AppStore|iPhoneSimulator.Deploy.0 = Release|Any CPU
		{1691C173-D9EB-416C-81C6-AA0E4E532FD8}.AppStore|x64.ActiveCfg = Release|Any CPU
		{1691C173-D9EB-416C-81C6-AA0E4E532FD8}.AppStore|x64.Build.0 = Release|Any CPU
		{1691C173-D9EB-416C-81C6-AA0E4E532FD8}.AppStore|x64.Deploy.0 = Release|Any CPU
		{1691C173-D9EB-416C-81C6-AA0E4E532FD8}.AppStore|x86.ActiveCfg = Release|Any CPU
		{1691C173-D9EB-416C-81C6-AA0E4E532FD8}.AppStore|x86.Build.0 = Release|Any CPU
		{1691C173-D9EB-416C-81C6-AA0E4E532FD8}.AppStore|x86.Deploy.0 = Release|Any CPU
		{1691C173-D9EB-416C-81C6-AA0E4E532FD8}.Debug|Any CPU.ActiveCfg = Debug|Any CPU
		{1691C173-D9EB-416C-81C6-AA0E4E532FD8}.Debug|Any CPU.Build.0 = Debug|Any CPU
		{1691C173-D9EB-416C-81C6-AA0E4E532FD8}.Debug|Any CPU.Deploy.0 = Debug|Any CPU
		{1691C173-D9EB-416C-81C6-AA0E4E532FD8}.Debug|ARM.ActiveCfg = Debug|Any CPU
		{1691C173-D9EB-416C-81C6-AA0E4E532FD8}.Debug|ARM.Build.0 = Debug|Any CPU
		{1691C173-D9EB-416C-81C6-AA0E4E532FD8}.Debug|ARM.Deploy.0 = Debug|Any CPU
		{1691C173-D9EB-416C-81C6-AA0E4E532FD8}.Debug|iPhone.ActiveCfg = Debug|Any CPU
		{1691C173-D9EB-416C-81C6-AA0E4E532FD8}.Debug|iPhone.Build.0 = Debug|Any CPU
		{1691C173-D9EB-416C-81C6-AA0E4E532FD8}.Debug|iPhone.Deploy.0 = Debug|Any CPU
		{1691C173-D9EB-416C-81C6-AA0E4E532FD8}.Debug|iPhoneSimulator.ActiveCfg = Debug|Any CPU
		{1691C173-D9EB-416C-81C6-AA0E4E532FD8}.Debug|iPhoneSimulator.Build.0 = Debug|Any CPU
		{1691C173-D9EB-416C-81C6-AA0E4E532FD8}.Debug|iPhoneSimulator.Deploy.0 = Debug|Any CPU
		{1691C173-D9EB-416C-81C6-AA0E4E532FD8}.Debug|x64.ActiveCfg = Debug|Any CPU
		{1691C173-D9EB-416C-81C6-AA0E4E532FD8}.Debug|x64.Build.0 = Debug|Any CPU
		{1691C173-D9EB-416C-81C6-AA0E4E532FD8}.Debug|x64.Deploy.0 = Debug|Any CPU
		{1691C173-D9EB-416C-81C6-AA0E4E532FD8}.Debug|x86.ActiveCfg = Debug|Any CPU
		{1691C173-D9EB-416C-81C6-AA0E4E532FD8}.Debug|x86.Build.0 = Debug|Any CPU
		{1691C173-D9EB-416C-81C6-AA0E4E532FD8}.Debug|x86.Deploy.0 = Debug|Any CPU
		{1691C173-D9EB-416C-81C6-AA0E4E532FD8}.Release|Any CPU.ActiveCfg = Release|Any CPU
		{1691C173-D9EB-416C-81C6-AA0E4E532FD8}.Release|Any CPU.Build.0 = Release|Any CPU
		{1691C173-D9EB-416C-81C6-AA0E4E532FD8}.Release|Any CPU.Deploy.0 = Release|Any CPU
		{1691C173-D9EB-416C-81C6-AA0E4E532FD8}.Release|ARM.ActiveCfg = Release|Any CPU
		{1691C173-D9EB-416C-81C6-AA0E4E532FD8}.Release|ARM.Build.0 = Release|Any CPU
		{1691C173-D9EB-416C-81C6-AA0E4E532FD8}.Release|ARM.Deploy.0 = Release|Any CPU
		{1691C173-D9EB-416C-81C6-AA0E4E532FD8}.Release|iPhone.ActiveCfg = Release|Any CPU
		{1691C173-D9EB-416C-81C6-AA0E4E532FD8}.Release|iPhone.Build.0 = Release|Any CPU
		{1691C173-D9EB-416C-81C6-AA0E4E532FD8}.Release|iPhone.Deploy.0 = Release|Any CPU
		{1691C173-D9EB-416C-81C6-AA0E4E532FD8}.Release|iPhoneSimulator.ActiveCfg = Release|Any CPU
		{1691C173-D9EB-416C-81C6-AA0E4E532FD8}.Release|iPhoneSimulator.Build.0 = Release|Any CPU
		{1691C173-D9EB-416C-81C6-AA0E4E532FD8}.Release|iPhoneSimulator.Deploy.0 = Release|Any CPU
		{1691C173-D9EB-416C-81C6-AA0E4E532FD8}.Release|x64.ActiveCfg = Release|Any CPU
		{1691C173-D9EB-416C-81C6-AA0E4E532FD8}.Release|x64.Build.0 = Release|Any CPU
		{1691C173-D9EB-416C-81C6-AA0E4E532FD8}.Release|x64.Deploy.0 = Release|Any CPU
		{1691C173-D9EB-416C-81C6-AA0E4E532FD8}.Release|x86.ActiveCfg = Release|Any CPU
		{1691C173-D9EB-416C-81C6-AA0E4E532FD8}.Release|x86.Build.0 = Release|Any CPU
		{1691C173-D9EB-416C-81C6-AA0E4E532FD8}.Release|x86.Deploy.0 = Release|Any CPU
		{3E57417A-207E-496D-8FF0-2F03B018EAE6}.Ad-Hoc|Any CPU.ActiveCfg = Ad-Hoc|iPhone
		{3E57417A-207E-496D-8FF0-2F03B018EAE6}.Ad-Hoc|Any CPU.Build.0 = Ad-Hoc|iPhone
		{3E57417A-207E-496D-8FF0-2F03B018EAE6}.Ad-Hoc|Any CPU.Deploy.0 = Ad-Hoc|iPhone
		{3E57417A-207E-496D-8FF0-2F03B018EAE6}.Ad-Hoc|ARM.ActiveCfg = Ad-Hoc|iPhone
		{3E57417A-207E-496D-8FF0-2F03B018EAE6}.Ad-Hoc|ARM.Build.0 = Ad-Hoc|iPhone
		{3E57417A-207E-496D-8FF0-2F03B018EAE6}.Ad-Hoc|ARM.Deploy.0 = Ad-Hoc|iPhone
		{3E57417A-207E-496D-8FF0-2F03B018EAE6}.Ad-Hoc|iPhone.ActiveCfg = Ad-Hoc|iPhone
		{3E57417A-207E-496D-8FF0-2F03B018EAE6}.Ad-Hoc|iPhone.Build.0 = Ad-Hoc|iPhone
		{3E57417A-207E-496D-8FF0-2F03B018EAE6}.Ad-Hoc|iPhone.Deploy.0 = Ad-Hoc|iPhone
		{3E57417A-207E-496D-8FF0-2F03B018EAE6}.Ad-Hoc|iPhoneSimulator.ActiveCfg = Ad-Hoc|iPhoneSimulator
		{3E57417A-207E-496D-8FF0-2F03B018EAE6}.Ad-Hoc|iPhoneSimulator.Build.0 = Ad-Hoc|iPhoneSimulator
		{3E57417A-207E-496D-8FF0-2F03B018EAE6}.Ad-Hoc|iPhoneSimulator.Deploy.0 = Ad-Hoc|iPhoneSimulator
		{3E57417A-207E-496D-8FF0-2F03B018EAE6}.Ad-Hoc|x64.ActiveCfg = Ad-Hoc|iPhone
		{3E57417A-207E-496D-8FF0-2F03B018EAE6}.Ad-Hoc|x64.Build.0 = Ad-Hoc|iPhone
		{3E57417A-207E-496D-8FF0-2F03B018EAE6}.Ad-Hoc|x64.Deploy.0 = Ad-Hoc|iPhone
		{3E57417A-207E-496D-8FF0-2F03B018EAE6}.Ad-Hoc|x86.ActiveCfg = Ad-Hoc|iPhone
		{3E57417A-207E-496D-8FF0-2F03B018EAE6}.Ad-Hoc|x86.Build.0 = Ad-Hoc|iPhone
		{3E57417A-207E-496D-8FF0-2F03B018EAE6}.Ad-Hoc|x86.Deploy.0 = Ad-Hoc|iPhone
		{3E57417A-207E-496D-8FF0-2F03B018EAE6}.AppStore|Any CPU.ActiveCfg = AppStore|iPhone
		{3E57417A-207E-496D-8FF0-2F03B018EAE6}.AppStore|Any CPU.Build.0 = AppStore|iPhone
		{3E57417A-207E-496D-8FF0-2F03B018EAE6}.AppStore|Any CPU.Deploy.0 = AppStore|iPhone
		{3E57417A-207E-496D-8FF0-2F03B018EAE6}.AppStore|ARM.ActiveCfg = AppStore|iPhone
		{3E57417A-207E-496D-8FF0-2F03B018EAE6}.AppStore|ARM.Build.0 = AppStore|iPhone
		{3E57417A-207E-496D-8FF0-2F03B018EAE6}.AppStore|ARM.Deploy.0 = AppStore|iPhone
		{3E57417A-207E-496D-8FF0-2F03B018EAE6}.AppStore|iPhone.ActiveCfg = AppStore|iPhone
		{3E57417A-207E-496D-8FF0-2F03B018EAE6}.AppStore|iPhone.Build.0 = AppStore|iPhone
		{3E57417A-207E-496D-8FF0-2F03B018EAE6}.AppStore|iPhone.Deploy.0 = AppStore|iPhone
		{3E57417A-207E-496D-8FF0-2F03B018EAE6}.AppStore|iPhoneSimulator.ActiveCfg = AppStore|iPhoneSimulator
		{3E57417A-207E-496D-8FF0-2F03B018EAE6}.AppStore|iPhoneSimulator.Build.0 = AppStore|iPhoneSimulator
		{3E57417A-207E-496D-8FF0-2F03B018EAE6}.AppStore|iPhoneSimulator.Deploy.0 = AppStore|iPhoneSimulator
		{3E57417A-207E-496D-8FF0-2F03B018EAE6}.AppStore|x64.ActiveCfg = AppStore|iPhone
		{3E57417A-207E-496D-8FF0-2F03B018EAE6}.AppStore|x64.Build.0 = AppStore|iPhone
		{3E57417A-207E-496D-8FF0-2F03B018EAE6}.AppStore|x64.Deploy.0 = AppStore|iPhone
		{3E57417A-207E-496D-8FF0-2F03B018EAE6}.AppStore|x86.ActiveCfg = AppStore|iPhone
		{3E57417A-207E-496D-8FF0-2F03B018EAE6}.AppStore|x86.Build.0 = AppStore|iPhone
		{3E57417A-207E-496D-8FF0-2F03B018EAE6}.AppStore|x86.Deploy.0 = AppStore|iPhone
		{3E57417A-207E-496D-8FF0-2F03B018EAE6}.Debug|Any CPU.ActiveCfg = Debug|iPhoneSimulator
		{3E57417A-207E-496D-8FF0-2F03B018EAE6}.Debug|Any CPU.Build.0 = Debug|iPhoneSimulator
		{3E57417A-207E-496D-8FF0-2F03B018EAE6}.Debug|Any CPU.Deploy.0 = Debug|iPhoneSimulator
		{3E57417A-207E-496D-8FF0-2F03B018EAE6}.Debug|ARM.ActiveCfg = Debug|iPhone
		{3E57417A-207E-496D-8FF0-2F03B018EAE6}.Debug|ARM.Build.0 = Debug|iPhone
		{3E57417A-207E-496D-8FF0-2F03B018EAE6}.Debug|ARM.Deploy.0 = Debug|iPhone
		{3E57417A-207E-496D-8FF0-2F03B018EAE6}.Debug|iPhone.ActiveCfg = Debug|iPhone
		{3E57417A-207E-496D-8FF0-2F03B018EAE6}.Debug|iPhone.Build.0 = Debug|iPhone
		{3E57417A-207E-496D-8FF0-2F03B018EAE6}.Debug|iPhone.Deploy.0 = Debug|iPhone
		{3E57417A-207E-496D-8FF0-2F03B018EAE6}.Debug|iPhoneSimulator.ActiveCfg = Debug|iPhoneSimulator
		{3E57417A-207E-496D-8FF0-2F03B018EAE6}.Debug|iPhoneSimulator.Build.0 = Debug|iPhoneSimulator
		{3E57417A-207E-496D-8FF0-2F03B018EAE6}.Debug|iPhoneSimulator.Deploy.0 = Debug|iPhoneSimulator
		{3E57417A-207E-496D-8FF0-2F03B018EAE6}.Debug|x64.ActiveCfg = Debug|iPhone
		{3E57417A-207E-496D-8FF0-2F03B018EAE6}.Debug|x64.Build.0 = Debug|iPhone
		{3E57417A-207E-496D-8FF0-2F03B018EAE6}.Debug|x64.Deploy.0 = Debug|iPhone
		{3E57417A-207E-496D-8FF0-2F03B018EAE6}.Debug|x86.ActiveCfg = Debug|iPhone
		{3E57417A-207E-496D-8FF0-2F03B018EAE6}.Debug|x86.Build.0 = Debug|iPhone
		{3E57417A-207E-496D-8FF0-2F03B018EAE6}.Debug|x86.Deploy.0 = Debug|iPhone
		{3E57417A-207E-496D-8FF0-2F03B018EAE6}.Release|Any CPU.ActiveCfg = Release|iPhone
		{3E57417A-207E-496D-8FF0-2F03B018EAE6}.Release|Any CPU.Build.0 = Release|iPhone
		{3E57417A-207E-496D-8FF0-2F03B018EAE6}.Release|Any CPU.Deploy.0 = Release|iPhone
		{3E57417A-207E-496D-8FF0-2F03B018EAE6}.Release|ARM.ActiveCfg = Release|iPhone
		{3E57417A-207E-496D-8FF0-2F03B018EAE6}.Release|ARM.Build.0 = Release|iPhone
		{3E57417A-207E-496D-8FF0-2F03B018EAE6}.Release|ARM.Deploy.0 = Release|iPhone
		{3E57417A-207E-496D-8FF0-2F03B018EAE6}.Release|iPhone.ActiveCfg = Release|iPhone
		{3E57417A-207E-496D-8FF0-2F03B018EAE6}.Release|iPhone.Build.0 = Release|iPhone
		{3E57417A-207E-496D-8FF0-2F03B018EAE6}.Release|iPhone.Deploy.0 = Release|iPhone
		{3E57417A-207E-496D-8FF0-2F03B018EAE6}.Release|iPhoneSimulator.ActiveCfg = Release|iPhoneSimulator
		{3E57417A-207E-496D-8FF0-2F03B018EAE6}.Release|iPhoneSimulator.Build.0 = Release|iPhoneSimulator
		{3E57417A-207E-496D-8FF0-2F03B018EAE6}.Release|iPhoneSimulator.Deploy.0 = Release|iPhoneSimulator
		{3E57417A-207E-496D-8FF0-2F03B018EAE6}.Release|x64.ActiveCfg = Release|iPhone
		{3E57417A-207E-496D-8FF0-2F03B018EAE6}.Release|x64.Build.0 = Release|iPhone
		{3E57417A-207E-496D-8FF0-2F03B018EAE6}.Release|x64.Deploy.0 = Release|iPhone
		{3E57417A-207E-496D-8FF0-2F03B018EAE6}.Release|x86.ActiveCfg = Release|iPhone
		{3E57417A-207E-496D-8FF0-2F03B018EAE6}.Release|x86.Build.0 = Release|iPhone
		{3E57417A-207E-496D-8FF0-2F03B018EAE6}.Release|x86.Deploy.0 = Release|iPhone
		{9DDD1BE1-C24A-46B8-9449-4E32CC9EE2EF}.Ad-Hoc|Any CPU.ActiveCfg = Release|x86
		{9DDD1BE1-C24A-46B8-9449-4E32CC9EE2EF}.Ad-Hoc|Any CPU.Build.0 = Release|x86
		{9DDD1BE1-C24A-46B8-9449-4E32CC9EE2EF}.Ad-Hoc|Any CPU.Deploy.0 = Release|x86
		{9DDD1BE1-C24A-46B8-9449-4E32CC9EE2EF}.Ad-Hoc|ARM.ActiveCfg = Release|ARM
		{9DDD1BE1-C24A-46B8-9449-4E32CC9EE2EF}.Ad-Hoc|ARM.Build.0 = Release|ARM
		{9DDD1BE1-C24A-46B8-9449-4E32CC9EE2EF}.Ad-Hoc|ARM.Deploy.0 = Release|ARM
		{9DDD1BE1-C24A-46B8-9449-4E32CC9EE2EF}.Ad-Hoc|iPhone.ActiveCfg = Release|x86
		{9DDD1BE1-C24A-46B8-9449-4E32CC9EE2EF}.Ad-Hoc|iPhone.Build.0 = Release|x86
		{9DDD1BE1-C24A-46B8-9449-4E32CC9EE2EF}.Ad-Hoc|iPhone.Deploy.0 = Release|x86
		{9DDD1BE1-C24A-46B8-9449-4E32CC9EE2EF}.Ad-Hoc|iPhoneSimulator.ActiveCfg = Release|x86
		{9DDD1BE1-C24A-46B8-9449-4E32CC9EE2EF}.Ad-Hoc|iPhoneSimulator.Build.0 = Release|x86
		{9DDD1BE1-C24A-46B8-9449-4E32CC9EE2EF}.Ad-Hoc|iPhoneSimulator.Deploy.0 = Release|x86
		{9DDD1BE1-C24A-46B8-9449-4E32CC9EE2EF}.Ad-Hoc|x64.ActiveCfg = Release|x64
		{9DDD1BE1-C24A-46B8-9449-4E32CC9EE2EF}.Ad-Hoc|x64.Build.0 = Release|x64
		{9DDD1BE1-C24A-46B8-9449-4E32CC9EE2EF}.Ad-Hoc|x64.Deploy.0 = Release|x64
		{9DDD1BE1-C24A-46B8-9449-4E32CC9EE2EF}.Ad-Hoc|x86.ActiveCfg = Release|x86
		{9DDD1BE1-C24A-46B8-9449-4E32CC9EE2EF}.Ad-Hoc|x86.Build.0 = Release|x86
		{9DDD1BE1-C24A-46B8-9449-4E32CC9EE2EF}.Ad-Hoc|x86.Deploy.0 = Release|x86
		{9DDD1BE1-C24A-46B8-9449-4E32CC9EE2EF}.AppStore|Any CPU.ActiveCfg = Release|x86
		{9DDD1BE1-C24A-46B8-9449-4E32CC9EE2EF}.AppStore|Any CPU.Build.0 = Release|x86
		{9DDD1BE1-C24A-46B8-9449-4E32CC9EE2EF}.AppStore|Any CPU.Deploy.0 = Release|x86
		{9DDD1BE1-C24A-46B8-9449-4E32CC9EE2EF}.AppStore|ARM.ActiveCfg = Release|ARM
		{9DDD1BE1-C24A-46B8-9449-4E32CC9EE2EF}.AppStore|ARM.Build.0 = Release|ARM
		{9DDD1BE1-C24A-46B8-9449-4E32CC9EE2EF}.AppStore|ARM.Deploy.0 = Release|ARM
		{9DDD1BE1-C24A-46B8-9449-4E32CC9EE2EF}.AppStore|iPhone.ActiveCfg = Release|x86
		{9DDD1BE1-C24A-46B8-9449-4E32CC9EE2EF}.AppStore|iPhone.Build.0 = Release|x86
		{9DDD1BE1-C24A-46B8-9449-4E32CC9EE2EF}.AppStore|iPhone.Deploy.0 = Release|x86
		{9DDD1BE1-C24A-46B8-9449-4E32CC9EE2EF}.AppStore|iPhoneSimulator.ActiveCfg = Release|x86
		{9DDD1BE1-C24A-46B8-9449-4E32CC9EE2EF}.AppStore|iPhoneSimulator.Build.0 = Release|x86
		{9DDD1BE1-C24A-46B8-9449-4E32CC9EE2EF}.AppStore|iPhoneSimulator.Deploy.0 = Release|x86
		{9DDD1BE1-C24A-46B8-9449-4E32CC9EE2EF}.AppStore|x64.ActiveCfg = Release|x64
		{9DDD1BE1-C24A-46B8-9449-4E32CC9EE2EF}.AppStore|x64.Build.0 = Release|x64
		{9DDD1BE1-C24A-46B8-9449-4E32CC9EE2EF}.AppStore|x64.Deploy.0 = Release|x64
		{9DDD1BE1-C24A-46B8-9449-4E32CC9EE2EF}.AppStore|x86.ActiveCfg = Release|x86
		{9DDD1BE1-C24A-46B8-9449-4E32CC9EE2EF}.AppStore|x86.Build.0 = Release|x86
		{9DDD1BE1-C24A-46B8-9449-4E32CC9EE2EF}.AppStore|x86.Deploy.0 = Release|x86
		{9DDD1BE1-C24A-46B8-9449-4E32CC9EE2EF}.Debug|Any CPU.ActiveCfg = Debug|x86
		{9DDD1BE1-C24A-46B8-9449-4E32CC9EE2EF}.Debug|Any CPU.Build.0 = Debug|x86
		{9DDD1BE1-C24A-46B8-9449-4E32CC9EE2EF}.Debug|Any CPU.Deploy.0 = Debug|x86
		{9DDD1BE1-C24A-46B8-9449-4E32CC9EE2EF}.Debug|ARM.ActiveCfg = Debug|ARM
		{9DDD1BE1-C24A-46B8-9449-4E32CC9EE2EF}.Debug|ARM.Build.0 = Debug|ARM
		{9DDD1BE1-C24A-46B8-9449-4E32CC9EE2EF}.Debug|ARM.Deploy.0 = Debug|ARM
		{9DDD1BE1-C24A-46B8-9449-4E32CC9EE2EF}.Debug|iPhone.ActiveCfg = Debug|x86
		{9DDD1BE1-C24A-46B8-9449-4E32CC9EE2EF}.Debug|iPhone.Build.0 = Debug|x86
		{9DDD1BE1-C24A-46B8-9449-4E32CC9EE2EF}.Debug|iPhone.Deploy.0 = Debug|x86
		{9DDD1BE1-C24A-46B8-9449-4E32CC9EE2EF}.Debug|iPhoneSimulator.ActiveCfg = Debug|x86
		{9DDD1BE1-C24A-46B8-9449-4E32CC9EE2EF}.Debug|iPhoneSimulator.Build.0 = Debug|x86
		{9DDD1BE1-C24A-46B8-9449-4E32CC9EE2EF}.Debug|iPhoneSimulator.Deploy.0 = Debug|x86
		{9DDD1BE1-C24A-46B8-9449-4E32CC9EE2EF}.Debug|x64.ActiveCfg = Debug|x64
		{9DDD1BE1-C24A-46B8-9449-4E32CC9EE2EF}.Debug|x64.Build.0 = Debug|x64
		{9DDD1BE1-C24A-46B8-9449-4E32CC9EE2EF}.Debug|x64.Deploy.0 = Debug|x64
		{9DDD1BE1-C24A-46B8-9449-4E32CC9EE2EF}.Debug|x86.ActiveCfg = Debug|x86
		{9DDD1BE1-C24A-46B8-9449-4E32CC9EE2EF}.Debug|x86.Build.0 = Debug|x86
		{9DDD1BE1-C24A-46B8-9449-4E32CC9EE2EF}.Debug|x86.Deploy.0 = Debug|x86
		{9DDD1BE1-C24A-46B8-9449-4E32CC9EE2EF}.Release|Any CPU.ActiveCfg = Release|x86
		{9DDD1BE1-C24A-46B8-9449-4E32CC9EE2EF}.Release|Any CPU.Build.0 = Release|x86
		{9DDD1BE1-C24A-46B8-9449-4E32CC9EE2EF}.Release|Any CPU.Deploy.0 = Release|x86
		{9DDD1BE1-C24A-46B8-9449-4E32CC9EE2EF}.Release|ARM.ActiveCfg = Release|ARM
		{9DDD1BE1-C24A-46B8-9449-4E32CC9EE2EF}.Release|ARM.Build.0 = Release|ARM
		{9DDD1BE1-C24A-46B8-9449-4E32CC9EE2EF}.Release|ARM.Deploy.0 = Release|ARM
		{9DDD1BE1-C24A-46B8-9449-4E32CC9EE2EF}.Release|iPhone.ActiveCfg = Release|x86
		{9DDD1BE1-C24A-46B8-9449-4E32CC9EE2EF}.Release|iPhone.Build.0 = Release|x86
		{9DDD1BE1-C24A-46B8-9449-4E32CC9EE2EF}.Release|iPhone.Deploy.0 = Release|x86
		{9DDD1BE1-C24A-46B8-9449-4E32CC9EE2EF}.Release|iPhoneSimulator.ActiveCfg = Release|x86
		{9DDD1BE1-C24A-46B8-9449-4E32CC9EE2EF}.Release|iPhoneSimulator.Build.0 = Release|x86
		{9DDD1BE1-C24A-46B8-9449-4E32CC9EE2EF}.Release|iPhoneSimulator.Deploy.0 = Release|x86
		{9DDD1BE1-C24A-46B8-9449-4E32CC9EE2EF}.Release|x64.ActiveCfg = Release|x64
		{9DDD1BE1-C24A-46B8-9449-4E32CC9EE2EF}.Release|x64.Build.0 = Release|x64
		{9DDD1BE1-C24A-46B8-9449-4E32CC9EE2EF}.Release|x64.Deploy.0 = Release|x64
		{9DDD1BE1-C24A-46B8-9449-4E32CC9EE2EF}.Release|x86.ActiveCfg = Release|x86
		{9DDD1BE1-C24A-46B8-9449-4E32CC9EE2EF}.Release|x86.Build.0 = Release|x86
		{9DDD1BE1-C24A-46B8-9449-4E32CC9EE2EF}.Release|x86.Deploy.0 = Release|x86
		{76C290BE-EA0D-4149-8726-9B68EAB53602}.Ad-Hoc|Any CPU.ActiveCfg = Debug|Any CPU
		{76C290BE-EA0D-4149-8726-9B68EAB53602}.Ad-Hoc|Any CPU.Build.0 = Debug|Any CPU
		{76C290BE-EA0D-4149-8726-9B68EAB53602}.Ad-Hoc|Any CPU.Deploy.0 = Debug|Any CPU
		{76C290BE-EA0D-4149-8726-9B68EAB53602}.Ad-Hoc|ARM.ActiveCfg = Debug|Any CPU
		{76C290BE-EA0D-4149-8726-9B68EAB53602}.Ad-Hoc|ARM.Build.0 = Debug|Any CPU
		{76C290BE-EA0D-4149-8726-9B68EAB53602}.Ad-Hoc|ARM.Deploy.0 = Debug|Any CPU
		{76C290BE-EA0D-4149-8726-9B68EAB53602}.Ad-Hoc|iPhone.ActiveCfg = Debug|Any CPU
		{76C290BE-EA0D-4149-8726-9B68EAB53602}.Ad-Hoc|iPhone.Build.0 = Debug|Any CPU
		{76C290BE-EA0D-4149-8726-9B68EAB53602}.Ad-Hoc|iPhone.Deploy.0 = Debug|Any CPU
		{76C290BE-EA0D-4149-8726-9B68EAB53602}.Ad-Hoc|iPhoneSimulator.ActiveCfg = Debug|Any CPU
		{76C290BE-EA0D-4149-8726-9B68EAB53602}.Ad-Hoc|iPhoneSimulator.Build.0 = Debug|Any CPU
		{76C290BE-EA0D-4149-8726-9B68EAB53602}.Ad-Hoc|iPhoneSimulator.Deploy.0 = Debug|Any CPU
		{76C290BE-EA0D-4149-8726-9B68EAB53602}.Ad-Hoc|x64.ActiveCfg = Debug|Any CPU
		{76C290BE-EA0D-4149-8726-9B68EAB53602}.Ad-Hoc|x64.Build.0 = Debug|Any CPU
		{76C290BE-EA0D-4149-8726-9B68EAB53602}.Ad-Hoc|x64.Deploy.0 = Debug|Any CPU
		{76C290BE-EA0D-4149-8726-9B68EAB53602}.Ad-Hoc|x86.ActiveCfg = Debug|Any CPU
		{76C290BE-EA0D-4149-8726-9B68EAB53602}.Ad-Hoc|x86.Build.0 = Debug|Any CPU
		{76C290BE-EA0D-4149-8726-9B68EAB53602}.Ad-Hoc|x86.Deploy.0 = Debug|Any CPU
		{76C290BE-EA0D-4149-8726-9B68EAB53602}.AppStore|Any CPU.ActiveCfg = Debug|Any CPU
		{76C290BE-EA0D-4149-8726-9B68EAB53602}.AppStore|Any CPU.Build.0 = Debug|Any CPU
		{76C290BE-EA0D-4149-8726-9B68EAB53602}.AppStore|Any CPU.Deploy.0 = Debug|Any CPU
		{76C290BE-EA0D-4149-8726-9B68EAB53602}.AppStore|ARM.ActiveCfg = Debug|Any CPU
		{76C290BE-EA0D-4149-8726-9B68EAB53602}.AppStore|ARM.Build.0 = Debug|Any CPU
		{76C290BE-EA0D-4149-8726-9B68EAB53602}.AppStore|ARM.Deploy.0 = Debug|Any CPU
		{76C290BE-EA0D-4149-8726-9B68EAB53602}.AppStore|iPhone.ActiveCfg = Debug|Any CPU
		{76C290BE-EA0D-4149-8726-9B68EAB53602}.AppStore|iPhone.Build.0 = Debug|Any CPU
		{76C290BE-EA0D-4149-8726-9B68EAB53602}.AppStore|iPhone.Deploy.0 = Debug|Any CPU
		{76C290BE-EA0D-4149-8726-9B68EAB53602}.AppStore|iPhoneSimulator.ActiveCfg = Debug|Any CPU
		{76C290BE-EA0D-4149-8726-9B68EAB53602}.AppStore|iPhoneSimulator.Build.0 = Debug|Any CPU
		{76C290BE-EA0D-4149-8726-9B68EAB53602}.AppStore|iPhoneSimulator.Deploy.0 = Debug|Any CPU
		{76C290BE-EA0D-4149-8726-9B68EAB53602}.AppStore|x64.ActiveCfg = Debug|Any CPU
		{76C290BE-EA0D-4149-8726-9B68EAB53602}.AppStore|x64.Build.0 = Debug|Any CPU
		{76C290BE-EA0D-4149-8726-9B68EAB53602}.AppStore|x64.Deploy.0 = Debug|Any CPU
		{76C290BE-EA0D-4149-8726-9B68EAB53602}.AppStore|x86.ActiveCfg = Debug|Any CPU
		{76C290BE-EA0D-4149-8726-9B68EAB53602}.AppStore|x86.Build.0 = Debug|Any CPU
		{76C290BE-EA0D-4149-8726-9B68EAB53602}.AppStore|x86.Deploy.0 = Debug|Any CPU
		{76C290BE-EA0D-4149-8726-9B68EAB53602}.Debug|Any CPU.ActiveCfg = Debug|Any CPU
		{76C290BE-EA0D-4149-8726-9B68EAB53602}.Debug|Any CPU.Build.0 = Debug|Any CPU
		{76C290BE-EA0D-4149-8726-9B68EAB53602}.Debug|Any CPU.Deploy.0 = Debug|Any CPU
		{76C290BE-EA0D-4149-8726-9B68EAB53602}.Debug|ARM.ActiveCfg = Debug|Any CPU
		{76C290BE-EA0D-4149-8726-9B68EAB53602}.Debug|ARM.Build.0 = Debug|Any CPU
		{76C290BE-EA0D-4149-8726-9B68EAB53602}.Debug|ARM.Deploy.0 = Debug|Any CPU
		{76C290BE-EA0D-4149-8726-9B68EAB53602}.Debug|iPhone.ActiveCfg = Debug|Any CPU
		{76C290BE-EA0D-4149-8726-9B68EAB53602}.Debug|iPhone.Build.0 = Debug|Any CPU
		{76C290BE-EA0D-4149-8726-9B68EAB53602}.Debug|iPhone.Deploy.0 = Debug|Any CPU
		{76C290BE-EA0D-4149-8726-9B68EAB53602}.Debug|iPhoneSimulator.ActiveCfg = Debug|Any CPU
		{76C290BE-EA0D-4149-8726-9B68EAB53602}.Debug|iPhoneSimulator.Build.0 = Debug|Any CPU
		{76C290BE-EA0D-4149-8726-9B68EAB53602}.Debug|iPhoneSimulator.Deploy.0 = Debug|Any CPU
		{76C290BE-EA0D-4149-8726-9B68EAB53602}.Debug|x64.ActiveCfg = Debug|Any CPU
		{76C290BE-EA0D-4149-8726-9B68EAB53602}.Debug|x64.Build.0 = Debug|Any CPU
		{76C290BE-EA0D-4149-8726-9B68EAB53602}.Debug|x64.Deploy.0 = Debug|Any CPU
		{76C290BE-EA0D-4149-8726-9B68EAB53602}.Debug|x86.ActiveCfg = Debug|Any CPU
		{76C290BE-EA0D-4149-8726-9B68EAB53602}.Debug|x86.Build.0 = Debug|Any CPU
		{76C290BE-EA0D-4149-8726-9B68EAB53602}.Debug|x86.Deploy.0 = Debug|Any CPU
		{76C290BE-EA0D-4149-8726-9B68EAB53602}.Release|Any CPU.ActiveCfg = Release|Any CPU
		{76C290BE-EA0D-4149-8726-9B68EAB53602}.Release|Any CPU.Build.0 = Release|Any CPU
		{76C290BE-EA0D-4149-8726-9B68EAB53602}.Release|Any CPU.Deploy.0 = Release|Any CPU
		{76C290BE-EA0D-4149-8726-9B68EAB53602}.Release|ARM.ActiveCfg = Release|Any CPU
		{76C290BE-EA0D-4149-8726-9B68EAB53602}.Release|ARM.Build.0 = Release|Any CPU
		{76C290BE-EA0D-4149-8726-9B68EAB53602}.Release|ARM.Deploy.0 = Release|Any CPU
		{76C290BE-EA0D-4149-8726-9B68EAB53602}.Release|iPhone.ActiveCfg = Release|Any CPU
		{76C290BE-EA0D-4149-8726-9B68EAB53602}.Release|iPhone.Build.0 = Release|Any CPU
		{76C290BE-EA0D-4149-8726-9B68EAB53602}.Release|iPhone.Deploy.0 = Release|Any CPU
		{76C290BE-EA0D-4149-8726-9B68EAB53602}.Release|iPhoneSimulator.ActiveCfg = Release|Any CPU
		{76C290BE-EA0D-4149-8726-9B68EAB53602}.Release|iPhoneSimulator.Build.0 = Release|Any CPU
		{76C290BE-EA0D-4149-8726-9B68EAB53602}.Release|iPhoneSimulator.Deploy.0 = Release|Any CPU
		{76C290BE-EA0D-4149-8726-9B68EAB53602}.Release|x64.ActiveCfg = Release|Any CPU
		{76C290BE-EA0D-4149-8726-9B68EAB53602}.Release|x64.Build.0 = Release|Any CPU
		{76C290BE-EA0D-4149-8726-9B68EAB53602}.Release|x64.Deploy.0 = Release|Any CPU
		{76C290BE-EA0D-4149-8726-9B68EAB53602}.Release|x86.ActiveCfg = Release|Any CPU
		{76C290BE-EA0D-4149-8726-9B68EAB53602}.Release|x86.Build.0 = Release|Any CPU
		{76C290BE-EA0D-4149-8726-9B68EAB53602}.Release|x86.Deploy.0 = Release|Any CPU
	EndGlobalSection
	GlobalSection(SolutionProperties) = preSolution
		HideSolutionNode = FALSE
	EndGlobalSection
	GlobalSection(ExtensibilityGlobals) = postSolution
		SolutionGuid = {4A8A2D9D-A7C4-4117-9BDF-4BE0E32F7864}
	EndGlobalSection
EndGlobal
