
Microsoft Visual Studio Solution File, Format Version 12.00
# Visual Studio 15
VisualStudioVersion = 15.0.28010.2003
MinimumVisualStudioVersion = 10.0.40219.1
Project("{FAE04EC0-301F-11D3-BF4B-00C04F79EFBC}") = "App01_ControleXF.Android", "App01_ControleXF\App01_ControleXF.Android\App01_ControleXF.Android.csproj", "{AA5AB46D-190D-4DD1-AB13-9E15E52BC40D}"
EndProject
Project("{FAE04EC0-301F-11D3-BF4B-00C04F79EFBC}") = "App01_ControleXF.iOS", "App01_ControleXF\App01_ControleXF.iOS\App01_ControleXF.iOS.csproj", "{1756B63B-516C-4C3F-A4C8-666CC689FED7}"
EndProject
Project("{FAE04EC0-301F-11D3-BF4B-00C04F79EFBC}") = "App01_ControleXF.UWP", "App01_ControleXF\App01_ControleXF.UWP\App01_ControleXF.UWP.csproj", "{5E1CB790-5951-4F5E-A622-727BBD5222FF}"
EndProject
Project("{FAE04EC0-301F-11D3-BF4B-00C04F79EFBC}") = "App01_ControleXF", "App01_ControleXF\App01_ControleXF\App01_ControleXF.csproj", "{71F5BBDF-6C22-4DA5-AC87-85C073362701}"
EndProject
Global
	GlobalSection(SolutionConfigurationPlatforms) = preSolution
		Ad-Hoc|Any CPU = Ad-Hoc|Any CPU
		Ad-Hoc|ARM = Ad-Hoc|ARM
		Ad-Hoc|iPhone = Ad-Hoc|iPhone
		Ad-Hoc|iPhoneSimulator = Ad-Hoc|iPhoneSimulator
		Ad-Hoc|x64 = Ad-Hoc|x64
		Ad-Hoc|x86 = Ad-Hoc|x86
		AppStore|Any CPU = AppStore|Any CPU
		AppStore|ARM = AppStore|ARM
		AppStore|iPhone = AppStore|iPhone
		AppStore|iPhoneSimulator = AppStore|iPhoneSimulator
		AppStore|x64 = AppStore|x64
		AppStore|x86 = AppStore|x86
		Debug|Any CPU = Debug|Any CPU
		Debug|ARM = Debug|ARM
		Debug|iPhone = Debug|iPhone
		Debug|iPhoneSimulator = Debug|iPhoneSimulator
		Debug|x64 = Debug|x64
		Debug|x86 = Debug|x86
		Release|Any CPU = Release|Any CPU
		Release|ARM = Release|ARM
		Release|iPhone = Release|iPhone
		Release|iPhoneSimulator = Release|iPhoneSimulator
		Release|x64 = Release|x64
		Release|x86 = Release|x86
	EndGlobalSection
	GlobalSection(ProjectConfigurationPlatforms) = postSolution
		{AA5AB46D-190D-4DD1-AB13-9E15E52BC40D}.Ad-Hoc|Any CPU.ActiveCfg = Release|Any CPU
		{AA5AB46D-190D-4DD1-AB13-9E15E52BC40D}.Ad-Hoc|Any CPU.Build.0 = Release|Any CPU
		{AA5AB46D-190D-4DD1-AB13-9E15E52BC40D}.Ad-Hoc|Any CPU.Deploy.0 = Release|Any CPU
		{AA5AB46D-190D-4DD1-AB13-9E15E52BC40D}.Ad-Hoc|ARM.ActiveCfg = Release|Any CPU
		{AA5AB46D-190D-4DD1-AB13-9E15E52BC40D}.Ad-Hoc|ARM.Build.0 = Release|Any CPU
		{AA5AB46D-190D-4DD1-AB13-9E15E52BC40D}.Ad-Hoc|ARM.Deploy.0 = Release|Any CPU
		{AA5AB46D-190D-4DD1-AB13-9E15E52BC40D}.Ad-Hoc|iPhone.ActiveCfg = Release|Any CPU
		{AA5AB46D-190D-4DD1-AB13-9E15E52BC40D}.Ad-Hoc|iPhone.Build.0 = Release|Any CPU
		{AA5AB46D-190D-4DD1-AB13-9E15E52BC40D}.Ad-Hoc|iPhone.Deploy.0 = Release|Any CPU
		{AA5AB46D-190D-4DD1-AB13-9E15E52BC40D}.Ad-Hoc|iPhoneSimulator.ActiveCfg = Release|Any CPU
		{AA5AB46D-190D-4DD1-AB13-9E15E52BC40D}.Ad-Hoc|iPhoneSimulator.Build.0 = Release|Any CPU
		{AA5AB46D-190D-4DD1-AB13-9E15E52BC40D}.Ad-Hoc|iPhoneSimulator.Deploy.0 = Release|Any CPU
		{AA5AB46D-190D-4DD1-AB13-9E15E52BC40D}.Ad-Hoc|x64.ActiveCfg = Release|Any CPU
		{AA5AB46D-190D-4DD1-AB13-9E15E52BC40D}.Ad-Hoc|x64.Build.0 = Release|Any CPU
		{AA5AB46D-190D-4DD1-AB13-9E15E52BC40D}.Ad-Hoc|x64.Deploy.0 = Release|Any CPU
		{AA5AB46D-190D-4DD1-AB13-9E15E52BC40D}.Ad-Hoc|x86.ActiveCfg = Release|Any CPU
		{AA5AB46D-190D-4DD1-AB13-9E15E52BC40D}.Ad-Hoc|x86.Build.0 = Release|Any CPU
		{AA5AB46D-190D-4DD1-AB13-9E15E52BC40D}.Ad-Hoc|x86.Deploy.0 = Release|Any CPU
		{AA5AB46D-190D-4DD1-AB13-9E15E52BC40D}.AppStore|Any CPU.ActiveCfg = Release|Any CPU
		{AA5AB46D-190D-4DD1-AB13-9E15E52BC40D}.AppStore|Any CPU.Build.0 = Release|Any CPU
		{AA5AB46D-190D-4DD1-AB13-9E15E52BC40D}.AppStore|Any CPU.Deploy.0 = Release|Any CPU
		{AA5AB46D-190D-4DD1-AB13-9E15E52BC40D}.AppStore|ARM.ActiveCfg = Release|Any CPU
		{AA5AB46D-190D-4DD1-AB13-9E15E52BC40D}.AppStore|ARM.Build.0 = Release|Any CPU
		{AA5AB46D-190D-4DD1-AB13-9E15E52BC40D}.AppStore|ARM.Deploy.0 = Release|Any CPU
		{AA5AB46D-190D-4DD1-AB13-9E15E52BC40D}.AppStore|iPhone.ActiveCfg = Release|Any CPU
		{AA5AB46D-190D-4DD1-AB13-9E15E52BC40D}.AppStore|iPhone.Build.0 = Release|Any CPU
		{AA5AB46D-190D-4DD1-AB13-9E15E52BC40D}.AppStore|iPhone.Deploy.0 = Release|Any CPU
		{AA5AB46D-190D-4DD1-AB13-9E15E52BC40D}.AppStore|iPhoneSimulator.ActiveCfg = Release|Any CPU
		{AA5AB46D-190D-4DD1-AB13-9E15E52BC40D}.AppStore|iPhoneSimulator.Build.0 = Release|Any CPU
		{AA5AB46D-190D-4DD1-AB13-9E15E52BC40D}.AppStore|iPhoneSimulator.Deploy.0 = Release|Any CPU
		{AA5AB46D-190D-4DD1-AB13-9E15E52BC40D}.AppStore|x64.ActiveCfg = Release|Any CPU
		{AA5AB46D-190D-4DD1-AB13-9E15E52BC40D}.AppStore|x64.Build.0 = Release|Any CPU
		{AA5AB46D-190D-4DD1-AB13-9E15E52BC40D}.AppStore|x64.Deploy.0 = Release|Any CPU
		{AA5AB46D-190D-4DD1-AB13-9E15E52BC40D}.AppStore|x86.ActiveCfg = Release|Any CPU
		{AA5AB46D-190D-4DD1-AB13-9E15E52BC40D}.AppStore|x86.Build.0 = Release|Any CPU
		{AA5AB46D-190D-4DD1-AB13-9E15E52BC40D}.AppStore|x86.Deploy.0 = Release|Any CPU
		{AA5AB46D-190D-4DD1-AB13-9E15E52BC40D}.Debug|Any CPU.ActiveCfg = Debug|Any CPU
		{AA5AB46D-190D-4DD1-AB13-9E15E52BC40D}.Debug|Any CPU.Build.0 = Debug|Any CPU
		{AA5AB46D-190D-4DD1-AB13-9E15E52BC40D}.Debug|Any CPU.Deploy.0 = Debug|Any CPU
		{AA5AB46D-190D-4DD1-AB13-9E15E52BC40D}.Debug|ARM.ActiveCfg = Debug|Any CPU
		{AA5AB46D-190D-4DD1-AB13-9E15E52BC40D}.Debug|ARM.Build.0 = Debug|Any CPU
		{AA5AB46D-190D-4DD1-AB13-9E15E52BC40D}.Debug|ARM.Deploy.0 = Debug|Any CPU
		{AA5AB46D-190D-4DD1-AB13-9E15E52BC40D}.Debug|iPhone.ActiveCfg = Debug|Any CPU
		{AA5AB46D-190D-4DD1-AB13-9E15E52BC40D}.Debug|iPhone.Build.0 = Debug|Any CPU
		{AA5AB46D-190D-4DD1-AB13-9E15E52BC40D}.Debug|iPhone.Deploy.0 = Debug|Any CPU
		{AA5AB46D-190D-4DD1-AB13-9E15E52BC40D}.Debug|iPhoneSimulator.ActiveCfg = Debug|Any CPU
		{AA5AB46D-190D-4DD1-AB13-9E15E52BC40D}.Debug|iPhoneSimulator.Build.0 = Debug|Any CPU
		{AA5AB46D-190D-4DD1-AB13-9E15E52BC40D}.Debug|iPhoneSimulator.Deploy.0 = Debug|Any CPU
		{AA5AB46D-190D-4DD1-AB13-9E15E52BC40D}.Debug|x64.ActiveCfg = Debug|Any CPU
		{AA5AB46D-190D-4DD1-AB13-9E15E52BC40D}.Debug|x64.Build.0 = Debug|Any CPU
		{AA5AB46D-190D-4DD1-AB13-9E15E52BC40D}.Debug|x64.Deploy.0 = Debug|Any CPU
		{AA5AB46D-190D-4DD1-AB13-9E15E52BC40D}.Debug|x86.ActiveCfg = Debug|Any CPU
		{AA5AB46D-190D-4DD1-AB13-9E15E52BC40D}.Debug|x86.Build.0 = Debug|Any CPU
		{AA5AB46D-190D-4DD1-AB13-9E15E52BC40D}.Debug|x86.Deploy.0 = Debug|Any CPU
		{AA5AB46D-190D-4DD1-AB13-9E15E52BC40D}.Release|Any CPU.ActiveCfg = Release|Any CPU
		{AA5AB46D-190D-4DD1-AB13-9E15E52BC40D}.Release|Any CPU.Build.0 = Release|Any CPU
		{AA5AB46D-190D-4DD1-AB13-9E15E52BC40D}.Release|Any CPU.Deploy.0 = Release|Any CPU
		{AA5AB46D-190D-4DD1-AB13-9E15E52BC40D}.Release|ARM.ActiveCfg = Release|Any CPU
		{AA5AB46D-190D-4DD1-AB13-9E15E52BC40D}.Release|ARM.Build.0 = Release|Any CPU
		{AA5AB46D-190D-4DD1-AB13-9E15E52BC40D}.Release|ARM.Deploy.0 = Release|Any CPU
		{AA5AB46D-190D-4DD1-AB13-9E15E52BC40D}.Release|iPhone.ActiveCfg = Release|Any CPU
		{AA5AB46D-190D-4DD1-AB13-9E15E52BC40D}.Release|iPhone.Build.0 = Release|Any CPU
		{AA5AB46D-190D-4DD1-AB13-9E15E52BC40D}.Release|iPhone.Deploy.0 = Release|Any CPU
		{AA5AB46D-190D-4DD1-AB13-9E15E52BC40D}.Release|iPhoneSimulator.ActiveCfg = Release|Any CPU
		{AA5AB46D-190D-4DD1-AB13-9E15E52BC40D}.Release|iPhoneSimulator.Build.0 = Release|Any CPU
		{AA5AB46D-190D-4DD1-AB13-9E15E52BC40D}.Release|iPhoneSimulator.Deploy.0 = Release|Any CPU
		{AA5AB46D-190D-4DD1-AB13-9E15E52BC40D}.Release|x64.ActiveCfg = Release|Any CPU
		{AA5AB46D-190D-4DD1-AB13-9E15E52BC40D}.Release|x64.Build.0 = Release|Any CPU
		{AA5AB46D-190D-4DD1-AB13-9E15E52BC40D}.Release|x64.Deploy.0 = Release|Any CPU
		{AA5AB46D-190D-4DD1-AB13-9E15E52BC40D}.Release|x86.ActiveCfg = Release|Any CPU
		{AA5AB46D-190D-4DD1-AB13-9E15E52BC40D}.Release|x86.Build.0 = Release|Any CPU
		{AA5AB46D-190D-4DD1-AB13-9E15E52BC40D}.Release|x86.Deploy.0 = Release|Any CPU
		{1756B63B-516C-4C3F-A4C8-666CC689FED7}.Ad-Hoc|Any CPU.ActiveCfg = Ad-Hoc|iPhone
		{1756B63B-516C-4C3F-A4C8-666CC689FED7}.Ad-Hoc|Any CPU.Build.0 = Ad-Hoc|iPhone
		{1756B63B-516C-4C3F-A4C8-666CC689FED7}.Ad-Hoc|Any CPU.Deploy.0 = Ad-Hoc|iPhone
		{1756B63B-516C-4C3F-A4C8-666CC689FED7}.Ad-Hoc|ARM.ActiveCfg = Ad-Hoc|iPhone
		{1756B63B-516C-4C3F-A4C8-666CC689FED7}.Ad-Hoc|ARM.Build.0 = Ad-Hoc|iPhone
		{1756B63B-516C-4C3F-A4C8-666CC689FED7}.Ad-Hoc|ARM.Deploy.0 = Ad-Hoc|iPhone
		{1756B63B-516C-4C3F-A4C8-666CC689FED7}.Ad-Hoc|iPhone.ActiveCfg = Ad-Hoc|iPhone
		{1756B63B-516C-4C3F-A4C8-666CC689FED7}.Ad-Hoc|iPhone.Build.0 = Ad-Hoc|iPhone
		{1756B63B-516C-4C3F-A4C8-666CC689FED7}.Ad-Hoc|iPhone.Deploy.0 = Ad-Hoc|iPhone
		{1756B63B-516C-4C3F-A4C8-666CC689FED7}.Ad-Hoc|iPhoneSimulator.ActiveCfg = Ad-Hoc|iPhoneSimulator
		{1756B63B-516C-4C3F-A4C8-666CC689FED7}.Ad-Hoc|iPhoneSimulator.Build.0 = Ad-Hoc|iPhoneSimulator
		{1756B63B-516C-4C3F-A4C8-666CC689FED7}.Ad-Hoc|iPhoneSimulator.Deploy.0 = Ad-Hoc|iPhoneSimulator
		{1756B63B-516C-4C3F-A4C8-666CC689FED7}.Ad-Hoc|x64.ActiveCfg = Ad-Hoc|iPhone
		{1756B63B-516C-4C3F-A4C8-666CC689FED7}.Ad-Hoc|x64.Build.0 = Ad-Hoc|iPhone
		{1756B63B-516C-4C3F-A4C8-666CC689FED7}.Ad-Hoc|x64.Deploy.0 = Ad-Hoc|iPhone
		{1756B63B-516C-4C3F-A4C8-666CC689FED7}.Ad-Hoc|x86.ActiveCfg = Ad-Hoc|iPhone
		{1756B63B-516C-4C3F-A4C8-666CC689FED7}.Ad-Hoc|x86.Build.0 = Ad-Hoc|iPhone
		{1756B63B-516C-4C3F-A4C8-666CC689FED7}.Ad-Hoc|x86.Deploy.0 = Ad-Hoc|iPhone
		{1756B63B-516C-4C3F-A4C8-666CC689FED7}.AppStore|Any CPU.ActiveCfg = AppStore|iPhone
		{1756B63B-516C-4C3F-A4C8-666CC689FED7}.AppStore|Any CPU.Build.0 = AppStore|iPhone
		{1756B63B-516C-4C3F-A4C8-666CC689FED7}.AppStore|Any CPU.Deploy.0 = AppStore|iPhone
		{1756B63B-516C-4C3F-A4C8-666CC689FED7}.AppStore|ARM.ActiveCfg = AppStore|iPhone
		{1756B63B-516C-4C3F-A4C8-666CC689FED7}.AppStore|ARM.Build.0 = AppStore|iPhone
		{1756B63B-516C-4C3F-A4C8-666CC689FED7}.AppStore|ARM.Deploy.0 = AppStore|iPhone
		{1756B63B-516C-4C3F-A4C8-666CC689FED7}.AppStore|iPhone.ActiveCfg = AppStore|iPhone
		{1756B63B-516C-4C3F-A4C8-666CC689FED7}.AppStore|iPhone.Build.0 = AppStore|iPhone
		{1756B63B-516C-4C3F-A4C8-666CC689FED7}.AppStore|iPhone.Deploy.0 = AppStore|iPhone
		{1756B63B-516C-4C3F-A4C8-666CC689FED7}.AppStore|iPhoneSimulator.ActiveCfg = AppStore|iPhoneSimulator
		{1756B63B-516C-4C3F-A4C8-666CC689FED7}.AppStore|iPhoneSimulator.Build.0 = AppStore|iPhoneSimulator
		{1756B63B-516C-4C3F-A4C8-666CC689FED7}.AppStore|iPhoneSimulator.Deploy.0 = AppStore|iPhoneSimulator
		{1756B63B-516C-4C3F-A4C8-666CC689FED7}.AppStore|x64.ActiveCfg = AppStore|iPhone
		{1756B63B-516C-4C3F-A4C8-666CC689FED7}.AppStore|x64.Build.0 = AppStore|iPhone
		{1756B63B-516C-4C3F-A4C8-666CC689FED7}.AppStore|x64.Deploy.0 = AppStore|iPhone
		{1756B63B-516C-4C3F-A4C8-666CC689FED7}.AppStore|x86.ActiveCfg = AppStore|iPhone
		{1756B63B-516C-4C3F-A4C8-666CC689FED7}.AppStore|x86.Build.0 = AppStore|iPhone
		{1756B63B-516C-4C3F-A4C8-666CC689FED7}.AppStore|x86.Deploy.0 = AppStore|iPhone
		{1756B63B-516C-4C3F-A4C8-666CC689FED7}.Debug|Any CPU.ActiveCfg = Debug|iPhoneSimulator
		{1756B63B-516C-4C3F-A4C8-666CC689FED7}.Debug|Any CPU.Build.0 = Debug|iPhoneSimulator
		{1756B63B-516C-4C3F-A4C8-666CC689FED7}.Debug|Any CPU.Deploy.0 = Debug|iPhoneSimulator
		{1756B63B-516C-4C3F-A4C8-666CC689FED7}.Debug|ARM.ActiveCfg = Debug|iPhone
		{1756B63B-516C-4C3F-A4C8-666CC689FED7}.Debug|ARM.Build.0 = Debug|iPhone
		{1756B63B-516C-4C3F-A4C8-666CC689FED7}.Debug|ARM.Deploy.0 = Debug|iPhone
		{1756B63B-516C-4C3F-A4C8-666CC689FED7}.Debug|iPhone.ActiveCfg = Debug|iPhone
		{1756B63B-516C-4C3F-A4C8-666CC689FED7}.Debug|iPhone.Build.0 = Debug|iPhone
		{1756B63B-516C-4C3F-A4C8-666CC689FED7}.Debug|iPhone.Deploy.0 = Debug|iPhone
		{1756B63B-516C-4C3F-A4C8-666CC689FED7}.Debug|iPhoneSimulator.ActiveCfg = Debug|iPhoneSimulator
		{1756B63B-516C-4C3F-A4C8-666CC689FED7}.Debug|iPhoneSimulator.Build.0 = Debug|iPhoneSimulator
		{1756B63B-516C-4C3F-A4C8-666CC689FED7}.Debug|iPhoneSimulator.Deploy.0 = Debug|iPhoneSimulator
		{1756B63B-516C-4C3F-A4C8-666CC689FED7}.Debug|x64.ActiveCfg = Debug|iPhone
		{1756B63B-516C-4C3F-A4C8-666CC689FED7}.Debug|x64.Build.0 = Debug|iPhone
		{1756B63B-516C-4C3F-A4C8-666CC689FED7}.Debug|x64.Deploy.0 = Debug|iPhone
		{1756B63B-516C-4C3F-A4C8-666CC689FED7}.Debug|x86.ActiveCfg = Debug|iPhone
		{1756B63B-516C-4C3F-A4C8-666CC689FED7}.Debug|x86.Build.0 = Debug|iPhone
		{1756B63B-516C-4C3F-A4C8-666CC689FED7}.Debug|x86.Deploy.0 = Debug|iPhone
		{1756B63B-516C-4C3F-A4C8-666CC689FED7}.Release|Any CPU.ActiveCfg = Release|iPhone
		{1756B63B-516C-4C3F-A4C8-666CC689FED7}.Release|Any CPU.Build.0 = Release|iPhone
		{1756B63B-516C-4C3F-A4C8-666CC689FED7}.Release|Any CPU.Deploy.0 = Release|iPhone
		{1756B63B-516C-4C3F-A4C8-666CC689FED7}.Release|ARM.ActiveCfg = Release|iPhone
		{1756B63B-516C-4C3F-A4C8-666CC689FED7}.Release|ARM.Build.0 = Release|iPhone
		{1756B63B-516C-4C3F-A4C8-666CC689FED7}.Release|ARM.Deploy.0 = Release|iPhone
		{1756B63B-516C-4C3F-A4C8-666CC689FED7}.Release|iPhone.ActiveCfg = Release|iPhone
		{1756B63B-516C-4C3F-A4C8-666CC689FED7}.Release|iPhone.Build.0 = Release|iPhone
		{1756B63B-516C-4C3F-A4C8-666CC689FED7}.Release|iPhone.Deploy.0 = Release|iPhone
		{1756B63B-516C-4C3F-A4C8-666CC689FED7}.Release|iPhoneSimulator.ActiveCfg = Release|iPhoneSimulator
		{1756B63B-516C-4C3F-A4C8-666CC689FED7}.Release|iPhoneSimulator.Build.0 = Release|iPhoneSimulator
		{1756B63B-516C-4C3F-A4C8-666CC689FED7}.Release|iPhoneSimulator.Deploy.0 = Release|iPhoneSimulator
		{1756B63B-516C-4C3F-A4C8-666CC689FED7}.Release|x64.ActiveCfg = Release|iPhone
		{1756B63B-516C-4C3F-A4C8-666CC689FED7}.Release|x64.Build.0 = Release|iPhone
		{1756B63B-516C-4C3F-A4C8-666CC689FED7}.Release|x64.Deploy.0 = Release|iPhone
		{1756B63B-516C-4C3F-A4C8-666CC689FED7}.Release|x86.ActiveCfg = Release|iPhone
		{1756B63B-516C-4C3F-A4C8-666CC689FED7}.Release|x86.Build.0 = Release|iPhone
		{1756B63B-516C-4C3F-A4C8-666CC689FED7}.Release|x86.Deploy.0 = Release|iPhone
		{5E1CB790-5951-4F5E-A622-727BBD5222FF}.Ad-Hoc|Any CPU.ActiveCfg = Release|x86
		{5E1CB790-5951-4F5E-A622-727BBD5222FF}.Ad-Hoc|Any CPU.Build.0 = Release|x86
		{5E1CB790-5951-4F5E-A622-727BBD5222FF}.Ad-Hoc|Any CPU.Deploy.0 = Release|x86
		{5E1CB790-5951-4F5E-A622-727BBD5222FF}.Ad-Hoc|ARM.ActiveCfg = Release|ARM
		{5E1CB790-5951-4F5E-A622-727BBD5222FF}.Ad-Hoc|ARM.Build.0 = Release|ARM
		{5E1CB790-5951-4F5E-A622-727BBD5222FF}.Ad-Hoc|ARM.Deploy.0 = Release|ARM
		{5E1CB790-5951-4F5E-A622-727BBD5222FF}.Ad-Hoc|iPhone.ActiveCfg = Release|x86
		{5E1CB790-5951-4F5E-A622-727BBD5222FF}.Ad-Hoc|iPhone.Build.0 = Release|x86
		{5E1CB790-5951-4F5E-A622-727BBD5222FF}.Ad-Hoc|iPhone.Deploy.0 = Release|x86
		{5E1CB790-5951-4F5E-A622-727BBD5222FF}.Ad-Hoc|iPhoneSimulator.ActiveCfg = Release|x86
		{5E1CB790-5951-4F5E-A622-727BBD5222FF}.Ad-Hoc|iPhoneSimulator.Build.0 = Release|x86
		{5E1CB790-5951-4F5E-A622-727BBD5222FF}.Ad-Hoc|iPhoneSimulator.Deploy.0 = Release|x86
		{5E1CB790-5951-4F5E-A622-727BBD5222FF}.Ad-Hoc|x64.ActiveCfg = Release|x64
		{5E1CB790-5951-4F5E-A622-727BBD5222FF}.Ad-Hoc|x64.Build.0 = Release|x64
		{5E1CB790-5951-4F5E-A622-727BBD5222FF}.Ad-Hoc|x64.Deploy.0 = Release|x64
		{5E1CB790-5951-4F5E-A622-727BBD5222FF}.Ad-Hoc|x86.ActiveCfg = Release|x86
		{5E1CB790-5951-4F5E-A622-727BBD5222FF}.Ad-Hoc|x86.Build.0 = Release|x86
		{5E1CB790-5951-4F5E-A622-727BBD5222FF}.Ad-Hoc|x86.Deploy.0 = Release|x86
		{5E1CB790-5951-4F5E-A622-727BBD5222FF}.AppStore|Any CPU.ActiveCfg = Release|x86
		{5E1CB790-5951-4F5E-A622-727BBD5222FF}.AppStore|Any CPU.Build.0 = Release|x86
		{5E1CB790-5951-4F5E-A622-727BBD5222FF}.AppStore|Any CPU.Deploy.0 = Release|x86
		{5E1CB790-5951-4F5E-A622-727BBD5222FF}.AppStore|ARM.ActiveCfg = Release|ARM
		{5E1CB790-5951-4F5E-A622-727BBD5222FF}.AppStore|ARM.Build.0 = Release|ARM
		{5E1CB790-5951-4F5E-A622-727BBD5222FF}.AppStore|ARM.Deploy.0 = Release|ARM
		{5E1CB790-5951-4F5E-A622-727BBD5222FF}.AppStore|iPhone.ActiveCfg = Release|x86
		{5E1CB790-5951-4F5E-A622-727BBD5222FF}.AppStore|iPhone.Build.0 = Release|x86
		{5E1CB790-5951-4F5E-A622-727BBD5222FF}.AppStore|iPhone.Deploy.0 = Release|x86
		{5E1CB790-5951-4F5E-A622-727BBD5222FF}.AppStore|iPhoneSimulator.ActiveCfg = Release|x86
		{5E1CB790-5951-4F5E-A622-727BBD5222FF}.AppStore|iPhoneSimulator.Build.0 = Release|x86
		{5E1CB790-5951-4F5E-A622-727BBD5222FF}.AppStore|iPhoneSimulator.Deploy.0 = Release|x86
		{5E1CB790-5951-4F5E-A622-727BBD5222FF}.AppStore|x64.ActiveCfg = Release|x64
		{5E1CB790-5951-4F5E-A622-727BBD5222FF}.AppStore|x64.Build.0 = Release|x64
		{5E1CB790-5951-4F5E-A622-727BBD5222FF}.AppStore|x64.Deploy.0 = Release|x64
		{5E1CB790-5951-4F5E-A622-727BBD5222FF}.AppStore|x86.ActiveCfg = Release|x86
		{5E1CB790-5951-4F5E-A622-727BBD5222FF}.AppStore|x86.Build.0 = Release|x86
		{5E1CB790-5951-4F5E-A622-727BBD5222FF}.AppStore|x86.Deploy.0 = Release|x86
		{5E1CB790-5951-4F5E-A622-727BBD5222FF}.Debug|Any CPU.ActiveCfg = Debug|x86
		{5E1CB790-5951-4F5E-A622-727BBD5222FF}.Debug|Any CPU.Build.0 = Debug|x86
		{5E1CB790-5951-4F5E-A622-727BBD5222FF}.Debug|Any CPU.Deploy.0 = Debug|x86
		{5E1CB790-5951-4F5E-A622-727BBD5222FF}.Debug|ARM.ActiveCfg = Debug|ARM
		{5E1CB790-5951-4F5E-A622-727BBD5222FF}.Debug|ARM.Build.0 = Debug|ARM
		{5E1CB790-5951-4F5E-A622-727BBD5222FF}.Debug|ARM.Deploy.0 = Debug|ARM
		{5E1CB790-5951-4F5E-A622-727BBD5222FF}.Debug|iPhone.ActiveCfg = Debug|x86
		{5E1CB790-5951-4F5E-A622-727BBD5222FF}.Debug|iPhone.Build.0 = Debug|x86
		{5E1CB790-5951-4F5E-A622-727BBD5222FF}.Debug|iPhone.Deploy.0 = Debug|x86
		{5E1CB790-5951-4F5E-A622-727BBD5222FF}.Debug|iPhoneSimulator.ActiveCfg = Debug|x86
		{5E1CB790-5951-4F5E-A622-727BBD5222FF}.Debug|iPhoneSimulator.Build.0 = Debug|x86
		{5E1CB790-5951-4F5E-A622-727BBD5222FF}.Debug|iPhoneSimulator.Deploy.0 = Debug|x86
		{5E1CB790-5951-4F5E-A622-727BBD5222FF}.Debug|x64.ActiveCfg = Debug|x64
		{5E1CB790-5951-4F5E-A622-727BBD5222FF}.Debug|x64.Build.0 = Debug|x64
		{5E1CB790-5951-4F5E-A622-727BBD5222FF}.Debug|x64.Deploy.0 = Debug|x64
		{5E1CB790-5951-4F5E-A622-727BBD5222FF}.Debug|x86.ActiveCfg = Debug|x86
		{5E1CB790-5951-4F5E-A622-727BBD5222FF}.Debug|x86.Build.0 = Debug|x86
		{5E1CB790-5951-4F5E-A622-727BBD5222FF}.Debug|x86.Deploy.0 = Debug|x86
		{5E1CB790-5951-4F5E-A622-727BBD5222FF}.Release|Any CPU.ActiveCfg = Release|x86
		{5E1CB790-5951-4F5E-A622-727BBD5222FF}.Release|Any CPU.Build.0 = Release|x86
		{5E1CB790-5951-4F5E-A622-727BBD5222FF}.Release|Any CPU.Deploy.0 = Release|x86
		{5E1CB790-5951-4F5E-A622-727BBD5222FF}.Release|ARM.ActiveCfg = Release|ARM
		{5E1CB790-5951-4F5E-A622-727BBD5222FF}.Release|ARM.Build.0 = Release|ARM
		{5E1CB790-5951-4F5E-A622-727BBD5222FF}.Release|ARM.Deploy.0 = Release|ARM
		{5E1CB790-5951-4F5E-A622-727BBD5222FF}.Release|iPhone.ActiveCfg = Release|x86
		{5E1CB790-5951-4F5E-A622-727BBD5222FF}.Release|iPhone.Build.0 = Release|x86
		{5E1CB790-5951-4F5E-A622-727BBD5222FF}.Release|iPhone.Deploy.0 = Release|x86
		{5E1CB790-5951-4F5E-A622-727BBD5222FF}.Release|iPhoneSimulator.ActiveCfg = Release|x86
		{5E1CB790-5951-4F5E-A622-727BBD5222FF}.Release|iPhoneSimulator.Build.0 = Release|x86
		{5E1CB790-5951-4F5E-A622-727BBD5222FF}.Release|iPhoneSimulator.Deploy.0 = Release|x86
		{5E1CB790-5951-4F5E-A622-727BBD5222FF}.Release|x64.ActiveCfg = Release|x64
		{5E1CB790-5951-4F5E-A622-727BBD5222FF}.Release|x64.Build.0 = Release|x64
		{5E1CB790-5951-4F5E-A622-727BBD5222FF}.Release|x64.Deploy.0 = Release|x64
		{5E1CB790-5951-4F5E-A622-727BBD5222FF}.Release|x86.ActiveCfg = Release|x86
		{5E1CB790-5951-4F5E-A622-727BBD5222FF}.Release|x86.Build.0 = Release|x86
		{5E1CB790-5951-4F5E-A622-727BBD5222FF}.Release|x86.Deploy.0 = Release|x86
		{71F5BBDF-6C22-4DA5-AC87-85C073362701}.Ad-Hoc|Any CPU.ActiveCfg = Debug|Any CPU
		{71F5BBDF-6C22-4DA5-AC87-85C073362701}.Ad-Hoc|Any CPU.Build.0 = Debug|Any CPU
		{71F5BBDF-6C22-4DA5-AC87-85C073362701}.Ad-Hoc|Any CPU.Deploy.0 = Debug|Any CPU
		{71F5BBDF-6C22-4DA5-AC87-85C073362701}.Ad-Hoc|ARM.ActiveCfg = Debug|Any CPU
		{71F5BBDF-6C22-4DA5-AC87-85C073362701}.Ad-Hoc|ARM.Build.0 = Debug|Any CPU
		{71F5BBDF-6C22-4DA5-AC87-85C073362701}.Ad-Hoc|ARM.Deploy.0 = Debug|Any CPU
		{71F5BBDF-6C22-4DA5-AC87-85C073362701}.Ad-Hoc|iPhone.ActiveCfg = Debug|Any CPU
		{71F5BBDF-6C22-4DA5-AC87-85C073362701}.Ad-Hoc|iPhone.Build.0 = Debug|Any CPU
		{71F5BBDF-6C22-4DA5-AC87-85C073362701}.Ad-Hoc|iPhone.Deploy.0 = Debug|Any CPU
		{71F5BBDF-6C22-4DA5-AC87-85C073362701}.Ad-Hoc|iPhoneSimulator.ActiveCfg = Debug|Any CPU
		{71F5BBDF-6C22-4DA5-AC87-85C073362701}.Ad-Hoc|iPhoneSimulator.Build.0 = Debug|Any CPU
		{71F5BBDF-6C22-4DA5-AC87-85C073362701}.Ad-Hoc|iPhoneSimulator.Deploy.0 = Debug|Any CPU
		{71F5BBDF-6C22-4DA5-AC87-85C073362701}.Ad-Hoc|x64.ActiveCfg = Debug|Any CPU
		{71F5BBDF-6C22-4DA5-AC87-85C073362701}.Ad-Hoc|x64.Build.0 = Debug|Any CPU
		{71F5BBDF-6C22-4DA5-AC87-85C073362701}.Ad-Hoc|x64.Deploy.0 = Debug|Any CPU
		{71F5BBDF-6C22-4DA5-AC87-85C073362701}.Ad-Hoc|x86.ActiveCfg = Debug|Any CPU
		{71F5BBDF-6C22-4DA5-AC87-85C073362701}.Ad-Hoc|x86.Build.0 = Debug|Any CPU
		{71F5BBDF-6C22-4DA5-AC87-85C073362701}.Ad-Hoc|x86.Deploy.0 = Debug|Any CPU
		{71F5BBDF-6C22-4DA5-AC87-85C073362701}.AppStore|Any CPU.ActiveCfg = Debug|Any CPU
		{71F5BBDF-6C22-4DA5-AC87-85C073362701}.AppStore|Any CPU.Build.0 = Debug|Any CPU
		{71F5BBDF-6C22-4DA5-AC87-85C073362701}.AppStore|Any CPU.Deploy.0 = Debug|Any CPU
		{71F5BBDF-6C22-4DA5-AC87-85C073362701}.AppStore|ARM.ActiveCfg = Debug|Any CPU
		{71F5BBDF-6C22-4DA5-AC87-85C073362701}.AppStore|ARM.Build.0 = Debug|Any CPU
		{71F5BBDF-6C22-4DA5-AC87-85C073362701}.AppStore|ARM.Deploy.0 = Debug|Any CPU
		{71F5BBDF-6C22-4DA5-AC87-85C073362701}.AppStore|iPhone.ActiveCfg = Debug|Any CPU
		{71F5BBDF-6C22-4DA5-AC87-85C073362701}.AppStore|iPhone.Build.0 = Debug|Any CPU
		{71F5BBDF-6C22-4DA5-AC87-85C073362701}.AppStore|iPhone.Deploy.0 = Debug|Any CPU
		{71F5BBDF-6C22-4DA5-AC87-85C073362701}.AppStore|iPhoneSimulator.ActiveCfg = Debug|Any CPU
		{71F5BBDF-6C22-4DA5-AC87-85C073362701}.AppStore|iPhoneSimulator.Build.0 = Debug|Any CPU
		{71F5BBDF-6C22-4DA5-AC87-85C073362701}.AppStore|iPhoneSimulator.Deploy.0 = Debug|Any CPU
		{71F5BBDF-6C22-4DA5-AC87-85C073362701}.AppStore|x64.ActiveCfg = Debug|Any CPU
		{71F5BBDF-6C22-4DA5-AC87-85C073362701}.AppStore|x64.Build.0 = Debug|Any CPU
		{71F5BBDF-6C22-4DA5-AC87-85C073362701}.AppStore|x64.Deploy.0 = Debug|Any CPU
		{71F5BBDF-6C22-4DA5-AC87-85C073362701}.AppStore|x86.ActiveCfg = Debug|Any CPU
		{71F5BBDF-6C22-4DA5-AC87-85C073362701}.AppStore|x86.Build.0 = Debug|Any CPU
		{71F5BBDF-6C22-4DA5-AC87-85C073362701}.AppStore|x86.Deploy.0 = Debug|Any CPU
		{71F5BBDF-6C22-4DA5-AC87-85C073362701}.Debug|Any CPU.ActiveCfg = Debug|Any CPU
		{71F5BBDF-6C22-4DA5-AC87-85C073362701}.Debug|Any CPU.Build.0 = Debug|Any CPU
		{71F5BBDF-6C22-4DA5-AC87-85C073362701}.Debug|Any CPU.Deploy.0 = Debug|Any CPU
		{71F5BBDF-6C22-4DA5-AC87-85C073362701}.Debug|ARM.ActiveCfg = Debug|Any CPU
		{71F5BBDF-6C22-4DA5-AC87-85C073362701}.Debug|ARM.Build.0 = Debug|Any CPU
		{71F5BBDF-6C22-4DA5-AC87-85C073362701}.Debug|ARM.Deploy.0 = Debug|Any CPU
		{71F5BBDF-6C22-4DA5-AC87-85C073362701}.Debug|iPhone.ActiveCfg = Debug|Any CPU
		{71F5BBDF-6C22-4DA5-AC87-85C073362701}.Debug|iPhone.Build.0 = Debug|Any CPU
		{71F5BBDF-6C22-4DA5-AC87-85C073362701}.Debug|iPhone.Deploy.0 = Debug|Any CPU
		{71F5BBDF-6C22-4DA5-AC87-85C073362701}.Debug|iPhoneSimulator.ActiveCfg = Debug|Any CPU
		{71F5BBDF-6C22-4DA5-AC87-85C073362701}.Debug|iPhoneSimulator.Build.0 = Debug|Any CPU
		{71F5BBDF-6C22-4DA5-AC87-85C073362701}.Debug|iPhoneSimulator.Deploy.0 = Debug|Any CPU
		{71F5BBDF-6C22-4DA5-AC87-85C073362701}.Debug|x64.ActiveCfg = Debug|Any CPU
		{71F5BBDF-6C22-4DA5-AC87-85C073362701}.Debug|x64.Build.0 = Debug|Any CPU
		{71F5BBDF-6C22-4DA5-AC87-85C073362701}.Debug|x64.Deploy.0 = Debug|Any CPU
		{71F5BBDF-6C22-4DA5-AC87-85C073362701}.Debug|x86.ActiveCfg = Debug|Any CPU
		{71F5BBDF-6C22-4DA5-AC87-85C073362701}.Debug|x86.Build.0 = Debug|Any CPU
		{71F5BBDF-6C22-4DA5-AC87-85C073362701}.Debug|x86.Deploy.0 = Debug|Any CPU
		{71F5BBDF-6C22-4DA5-AC87-85C073362701}.Release|Any CPU.ActiveCfg = Release|Any CPU
		{71F5BBDF-6C22-4DA5-AC87-85C073362701}.Release|Any CPU.Build.0 = Release|Any CPU
		{71F5BBDF-6C22-4DA5-AC87-85C073362701}.Release|Any CPU.Deploy.0 = Release|Any CPU
		{71F5BBDF-6C22-4DA5-AC87-85C073362701}.Release|ARM.ActiveCfg = Release|Any CPU
		{71F5BBDF-6C22-4DA5-AC87-85C073362701}.Release|ARM.Build.0 = Release|Any CPU
		{71F5BBDF-6C22-4DA5-AC87-85C073362701}.Release|ARM.Deploy.0 = Release|Any CPU
		{71F5BBDF-6C22-4DA5-AC87-85C073362701}.Release|iPhone.ActiveCfg = Release|Any CPU
		{71F5BBDF-6C22-4DA5-AC87-85C073362701}.Release|iPhone.Build.0 = Release|Any CPU
		{71F5BBDF-6C22-4DA5-AC87-85C073362701}.Release|iPhone.Deploy.0 = Release|Any CPU
		{71F5BBDF-6C22-4DA5-AC87-85C073362701}.Release|iPhoneSimulator.ActiveCfg = Release|Any CPU
		{71F5BBDF-6C22-4DA5-AC87-85C073362701}.Release|iPhoneSimulator.Build.0 = Release|Any CPU
		{71F5BBDF-6C22-4DA5-AC87-85C073362701}.Release|iPhoneSimulator.Deploy.0 = Release|Any CPU
		{71F5BBDF-6C22-4DA5-AC87-85C073362701}.Release|x64.ActiveCfg = Release|Any CPU
		{71F5BBDF-6C22-4DA5-AC87-85C073362701}.Release|x64.Build.0 = Release|Any CPU
		{71F5BBDF-6C22-4DA5-AC87-85C073362701}.Release|x64.Deploy.0 = Release|Any CPU
		{71F5BBDF-6C22-4DA5-AC87-85C073362701}.Release|x86.ActiveCfg = Release|Any CPU
		{71F5BBDF-6C22-4DA5-AC87-85C073362701}.Release|x86.Build.0 = Release|Any CPU
		{71F5BBDF-6C22-4DA5-AC87-85C073362701}.Release|x86.Deploy.0 = Release|Any CPU
	EndGlobalSection
	GlobalSection(SolutionProperties) = preSolution
		HideSolutionNode = FALSE
	EndGlobalSection
	GlobalSection(ExtensibilityGlobals) = postSolution
		SolutionGuid = {52AED786-1997-4CE9-A96C-7A23DD886113}
	EndGlobalSection
EndGlobal
