
Microsoft Visual Studio Solution File, Format Version 12.00
# Visual Studio 15
VisualStudioVersion = 15.0.28010.2003
MinimumVisualStudioVersion = 10.0.40219.1
Project("{FAE04EC0-301F-11D3-BF4B-00C04F79EFBC}") = "App1_Cell.Android", "App1_Cell\App1_Cell.Android\App1_Cell.Android.csproj", "{146A9C8A-3A24-455A-AD01-0554AB522C30}"
EndProject
Project("{FAE04EC0-301F-11D3-BF4B-00C04F79EFBC}") = "App1_Cell.iOS", "App1_Cell\App1_Cell.iOS\App1_Cell.iOS.csproj", "{C21F1C1B-83CB-4032-B363-E0B63973D36F}"
EndProject
Project("{FAE04EC0-301F-11D3-BF4B-00C04F79EFBC}") = "App1_Cell.UWP", "App1_Cell\App1_Cell.UWP\App1_Cell.UWP.csproj", "{91FB3B20-BBD5-4214-9786-1783F4AD75E0}"
EndProject
Project("{FAE04EC0-301F-11D3-BF4B-00C04F79EFBC}") = "App1_Cell", "App1_Cell\App1_Cell\App1_Cell.csproj", "{4F3E4197-73AC-46A9-89CE-67262845D278}"
EndProject
Global
	GlobalSection(SolutionConfigurationPlatforms) = preSolution
		Ad-Hoc|Any CPU = Ad-Hoc|Any CPU
		Ad-Hoc|ARM = Ad-Hoc|ARM
		Ad-Hoc|iPhone = Ad-Hoc|iPhone
		Ad-Hoc|iPhoneSimulator = Ad-Hoc|iPhoneSimulator
		Ad-Hoc|x64 = Ad-Hoc|x64
		Ad-Hoc|x86 = Ad-Hoc|x86
		AppStore|Any CPU = AppStore|Any CPU
		AppStore|ARM = AppStore|ARM
		AppStore|iPhone = AppStore|iPhone
		AppStore|iPhoneSimulator = AppStore|iPhoneSimulator
		AppStore|x64 = AppStore|x64
		AppStore|x86 = AppStore|x86
		Debug|Any CPU = Debug|Any CPU
		Debug|ARM = Debug|ARM
		Debug|iPhone = Debug|iPhone
		Debug|iPhoneSimulator = Debug|iPhoneSimulator
		Debug|x64 = Debug|x64
		Debug|x86 = Debug|x86
		Release|Any CPU = Release|Any CPU
		Release|ARM = Release|ARM
		Release|iPhone = Release|iPhone
		Release|iPhoneSimulator = Release|iPhoneSimulator
		Release|x64 = Release|x64
		Release|x86 = Release|x86
	EndGlobalSection
	GlobalSection(ProjectConfigurationPlatforms) = postSolution
		{146A9C8A-3A24-455A-AD01-0554AB522C30}.Ad-Hoc|Any CPU.ActiveCfg = Release|Any CPU
		{146A9C8A-3A24-455A-AD01-0554AB522C30}.Ad-Hoc|Any CPU.Build.0 = Release|Any CPU
		{146A9C8A-3A24-455A-AD01-0554AB522C30}.Ad-Hoc|Any CPU.Deploy.0 = Release|Any CPU
		{146A9C8A-3A24-455A-AD01-0554AB522C30}.Ad-Hoc|ARM.ActiveCfg = Release|Any CPU
		{146A9C8A-3A24-455A-AD01-0554AB522C30}.Ad-Hoc|ARM.Build.0 = Release|Any CPU
		{146A9C8A-3A24-455A-AD01-0554AB522C30}.Ad-Hoc|ARM.Deploy.0 = Release|Any CPU
		{146A9C8A-3A24-455A-AD01-0554AB522C30}.Ad-Hoc|iPhone.ActiveCfg = Release|Any CPU
		{146A9C8A-3A24-455A-AD01-0554AB522C30}.Ad-Hoc|iPhone.Build.0 = Release|Any CPU
		{146A9C8A-3A24-455A-AD01-0554AB522C30}.Ad-Hoc|iPhone.Deploy.0 = Release|Any CPU
		{146A9C8A-3A24-455A-AD01-0554AB522C30}.Ad-Hoc|iPhoneSimulator.ActiveCfg = Release|Any CPU
		{146A9C8A-3A24-455A-AD01-0554AB522C30}.Ad-Hoc|iPhoneSimulator.Build.0 = Release|Any CPU
		{146A9C8A-3A24-455A-AD01-0554AB522C30}.Ad-Hoc|iPhoneSimulator.Deploy.0 = Release|Any CPU
		{146A9C8A-3A24-455A-AD01-0554AB522C30}.Ad-Hoc|x64.ActiveCfg = Release|Any CPU
		{146A9C8A-3A24-455A-AD01-0554AB522C30}.Ad-Hoc|x64.Build.0 = Release|Any CPU
		{146A9C8A-3A24-455A-AD01-0554AB522C30}.Ad-Hoc|x64.Deploy.0 = Release|Any CPU
		{146A9C8A-3A24-455A-AD01-0554AB522C30}.Ad-Hoc|x86.ActiveCfg = Release|Any CPU
		{146A9C8A-3A24-455A-AD01-0554AB522C30}.Ad-Hoc|x86.Build.0 = Release|Any CPU
		{146A9C8A-3A24-455A-AD01-0554AB522C30}.Ad-Hoc|x86.Deploy.0 = Release|Any CPU
		{146A9C8A-3A24-455A-AD01-0554AB522C30}.AppStore|Any CPU.ActiveCfg = Release|Any CPU
		{146A9C8A-3A24-455A-AD01-0554AB522C30}.AppStore|Any CPU.Build.0 = Release|Any CPU
		{146A9C8A-3A24-455A-AD01-0554AB522C30}.AppStore|Any CPU.Deploy.0 = Release|Any CPU
		{146A9C8A-3A24-455A-AD01-0554AB522C30}.AppStore|ARM.ActiveCfg = Release|Any CPU
		{146A9C8A-3A24-455A-AD01-0554AB522C30}.AppStore|ARM.Build.0 = Release|Any CPU
		{146A9C8A-3A24-455A-AD01-0554AB522C30}.AppStore|ARM.Deploy.0 = Release|Any CPU
		{146A9C8A-3A24-455A-AD01-0554AB522C30}.AppStore|iPhone.ActiveCfg = Release|Any CPU
		{146A9C8A-3A24-455A-AD01-0554AB522C30}.AppStore|iPhone.Build.0 = Release|Any CPU
		{146A9C8A-3A24-455A-AD01-0554AB522C30}.AppStore|iPhone.Deploy.0 = Release|Any CPU
		{146A9C8A-3A24-455A-AD01-0554AB522C30}.AppStore|iPhoneSimulator.ActiveCfg = Release|Any CPU
		{146A9C8A-3A24-455A-AD01-0554AB522C30}.AppStore|iPhoneSimulator.Build.0 = Release|Any CPU
		{146A9C8A-3A24-455A-AD01-0554AB522C30}.AppStore|iPhoneSimulator.Deploy.0 = Release|Any CPU
		{146A9C8A-3A24-455A-AD01-0554AB522C30}.AppStore|x64.ActiveCfg = Release|Any CPU
		{146A9C8A-3A24-455A-AD01-0554AB522C30}.AppStore|x64.Build.0 = Release|Any CPU
		{146A9C8A-3A24-455A-AD01-0554AB522C30}.AppStore|x64.Deploy.0 = Release|Any CPU
		{146A9C8A-3A24-455A-AD01-0554AB522C30}.AppStore|x86.ActiveCfg = Release|Any CPU
		{146A9C8A-3A24-455A-AD01-0554AB522C30}.AppStore|x86.Build.0 = Release|Any CPU
		{146A9C8A-3A24-455A-AD01-0554AB522C30}.AppStore|x86.Deploy.0 = Release|Any CPU
		{146A9C8A-3A24-455A-AD01-0554AB522C30}.Debug|Any CPU.ActiveCfg = Debug|Any CPU
		{146A9C8A-3A24-455A-AD01-0554AB522C30}.Debug|Any CPU.Build.0 = Debug|Any CPU
		{146A9C8A-3A24-455A-AD01-0554AB522C30}.Debug|Any CPU.Deploy.0 = Debug|Any CPU
		{146A9C8A-3A24-455A-AD01-0554AB522C30}.Debug|ARM.ActiveCfg = Debug|Any CPU
		{146A9C8A-3A24-455A-AD01-0554AB522C30}.Debug|ARM.Build.0 = Debug|Any CPU
		{146A9C8A-3A24-455A-AD01-0554AB522C30}.Debug|ARM.Deploy.0 = Debug|Any CPU
		{146A9C8A-3A24-455A-AD01-0554AB522C30}.Debug|iPhone.ActiveCfg = Debug|Any CPU
		{146A9C8A-3A24-455A-AD01-0554AB522C30}.Debug|iPhone.Build.0 = Debug|Any CPU
		{146A9C8A-3A24-455A-AD01-0554AB522C30}.Debug|iPhone.Deploy.0 = Debug|Any CPU
		{146A9C8A-3A24-455A-AD01-0554AB522C30}.Debug|iPhoneSimulator.ActiveCfg = Debug|Any CPU
		{146A9C8A-3A24-455A-AD01-0554AB522C30}.Debug|iPhoneSimulator.Build.0 = Debug|Any CPU
		{146A9C8A-3A24-455A-AD01-0554AB522C30}.Debug|iPhoneSimulator.Deploy.0 = Debug|Any CPU
		{146A9C8A-3A24-455A-AD01-0554AB522C30}.Debug|x64.ActiveCfg = Debug|Any CPU
		{146A9C8A-3A24-455A-AD01-0554AB522C30}.Debug|x64.Build.0 = Debug|Any CPU
		{146A9C8A-3A24-455A-AD01-0554AB522C30}.Debug|x64.Deploy.0 = Debug|Any CPU
		{146A9C8A-3A24-455A-AD01-0554AB522C30}.Debug|x86.ActiveCfg = Debug|Any CPU
		{146A9C8A-3A24-455A-AD01-0554AB522C30}.Debug|x86.Build.0 = Debug|Any CPU
		{146A9C8A-3A24-455A-AD01-0554AB522C30}.Debug|x86.Deploy.0 = Debug|Any CPU
		{146A9C8A-3A24-455A-AD01-0554AB522C30}.Release|Any CPU.ActiveCfg = Release|Any CPU
		{146A9C8A-3A24-455A-AD01-0554AB522C30}.Release|Any CPU.Build.0 = Release|Any CPU
		{146A9C8A-3A24-455A-AD01-0554AB522C30}.Release|Any CPU.Deploy.0 = Release|Any CPU
		{146A9C8A-3A24-455A-AD01-0554AB522C30}.Release|ARM.ActiveCfg = Release|Any CPU
		{146A9C8A-3A24-455A-AD01-0554AB522C30}.Release|ARM.Build.0 = Release|Any CPU
		{146A9C8A-3A24-455A-AD01-0554AB522C30}.Release|ARM.Deploy.0 = Release|Any CPU
		{146A9C8A-3A24-455A-AD01-0554AB522C30}.Release|iPhone.ActiveCfg = Release|Any CPU
		{146A9C8A-3A24-455A-AD01-0554AB522C30}.Release|iPhone.Build.0 = Release|Any CPU
		{146A9C8A-3A24-455A-AD01-0554AB522C30}.Release|iPhone.Deploy.0 = Release|Any CPU
		{146A9C8A-3A24-455A-AD01-0554AB522C30}.Release|iPhoneSimulator.ActiveCfg = Release|Any CPU
		{146A9C8A-3A24-455A-AD01-0554AB522C30}.Release|iPhoneSimulator.Build.0 = Release|Any CPU
		{146A9C8A-3A24-455A-AD01-0554AB522C30}.Release|iPhoneSimulator.Deploy.0 = Release|Any CPU
		{146A9C8A-3A24-455A-AD01-0554AB522C30}.Release|x64.ActiveCfg = Release|Any CPU
		{146A9C8A-3A24-455A-AD01-0554AB522C30}.Release|x64.Build.0 = Release|Any CPU
		{146A9C8A-3A24-455A-AD01-0554AB522C30}.Release|x64.Deploy.0 = Release|Any CPU
		{146A9C8A-3A24-455A-AD01-0554AB522C30}.Release|x86.ActiveCfg = Release|Any CPU
		{146A9C8A-3A24-455A-AD01-0554AB522C30}.Release|x86.Build.0 = Release|Any CPU
		{146A9C8A-3A24-455A-AD01-0554AB522C30}.Release|x86.Deploy.0 = Release|Any CPU
		{C21F1C1B-83CB-4032-B363-E0B63973D36F}.Ad-Hoc|Any CPU.ActiveCfg = Ad-Hoc|iPhone
		{C21F1C1B-83CB-4032-B363-E0B63973D36F}.Ad-Hoc|Any CPU.Build.0 = Ad-Hoc|iPhone
		{C21F1C1B-83CB-4032-B363-E0B63973D36F}.Ad-Hoc|Any CPU.Deploy.0 = Ad-Hoc|iPhone
		{C21F1C1B-83CB-4032-B363-E0B63973D36F}.Ad-Hoc|ARM.ActiveCfg = Ad-Hoc|iPhone
		{C21F1C1B-83CB-4032-B363-E0B63973D36F}.Ad-Hoc|ARM.Build.0 = Ad-Hoc|iPhone
		{C21F1C1B-83CB-4032-B363-E0B63973D36F}.Ad-Hoc|ARM.Deploy.0 = Ad-Hoc|iPhone
		{C21F1C1B-83CB-4032-B363-E0B63973D36F}.Ad-Hoc|iPhone.ActiveCfg = Ad-Hoc|iPhone
		{C21F1C1B-83CB-4032-B363-E0B63973D36F}.Ad-Hoc|iPhone.Build.0 = Ad-Hoc|iPhone
		{C21F1C1B-83CB-4032-B363-E0B63973D36F}.Ad-Hoc|iPhone.Deploy.0 = Ad-Hoc|iPhone
		{C21F1C1B-83CB-4032-B363-E0B63973D36F}.Ad-Hoc|iPhoneSimulator.ActiveCfg = Ad-Hoc|iPhoneSimulator
		{C21F1C1B-83CB-4032-B363-E0B63973D36F}.Ad-Hoc|iPhoneSimulator.Build.0 = Ad-Hoc|iPhoneSimulator
		{C21F1C1B-83CB-4032-B363-E0B63973D36F}.Ad-Hoc|iPhoneSimulator.Deploy.0 = Ad-Hoc|iPhoneSimulator
		{C21F1C1B-83CB-4032-B363-E0B63973D36F}.Ad-Hoc|x64.ActiveCfg = Ad-Hoc|iPhone
		{C21F1C1B-83CB-4032-B363-E0B63973D36F}.Ad-Hoc|x64.Build.0 = Ad-Hoc|iPhone
		{C21F1C1B-83CB-4032-B363-E0B63973D36F}.Ad-Hoc|x64.Deploy.0 = Ad-Hoc|iPhone
		{C21F1C1B-83CB-4032-B363-E0B63973D36F}.Ad-Hoc|x86.ActiveCfg = Ad-Hoc|iPhone
		{C21F1C1B-83CB-4032-B363-E0B63973D36F}.Ad-Hoc|x86.Build.0 = Ad-Hoc|iPhone
		{C21F1C1B-83CB-4032-B363-E0B63973D36F}.Ad-Hoc|x86.Deploy.0 = Ad-Hoc|iPhone
		{C21F1C1B-83CB-4032-B363-E0B63973D36F}.AppStore|Any CPU.ActiveCfg = AppStore|iPhone
		{C21F1C1B-83CB-4032-B363-E0B63973D36F}.AppStore|Any CPU.Build.0 = AppStore|iPhone
		{C21F1C1B-83CB-4032-B363-E0B63973D36F}.AppStore|Any CPU.Deploy.0 = AppStore|iPhone
		{C21F1C1B-83CB-4032-B363-E0B63973D36F}.AppStore|ARM.ActiveCfg = AppStore|iPhone
		{C21F1C1B-83CB-4032-B363-E0B63973D36F}.AppStore|ARM.Build.0 = AppStore|iPhone
		{C21F1C1B-83CB-4032-B363-E0B63973D36F}.AppStore|ARM.Deploy.0 = AppStore|iPhone
		{C21F1C1B-83CB-4032-B363-E0B63973D36F}.AppStore|iPhone.ActiveCfg = AppStore|iPhone
		{C21F1C1B-83CB-4032-B363-E0B63973D36F}.AppStore|iPhone.Build.0 = AppStore|iPhone
		{C21F1C1B-83CB-4032-B363-E0B63973D36F}.AppStore|iPhone.Deploy.0 = AppStore|iPhone
		{C21F1C1B-83CB-4032-B363-E0B63973D36F}.AppStore|iPhoneSimulator.ActiveCfg = AppStore|iPhoneSimulator
		{C21F1C1B-83CB-4032-B363-E0B63973D36F}.AppStore|iPhoneSimulator.Build.0 = AppStore|iPhoneSimulator
		{C21F1C1B-83CB-4032-B363-E0B63973D36F}.AppStore|iPhoneSimulator.Deploy.0 = AppStore|iPhoneSimulator
		{C21F1C1B-83CB-4032-B363-E0B63973D36F}.AppStore|x64.ActiveCfg = AppStore|iPhone
		{C21F1C1B-83CB-4032-B363-E0B63973D36F}.AppStore|x64.Build.0 = AppStore|iPhone
		{C21F1C1B-83CB-4032-B363-E0B63973D36F}.AppStore|x64.Deploy.0 = AppStore|iPhone
		{C21F1C1B-83CB-4032-B363-E0B63973D36F}.AppStore|x86.ActiveCfg = AppStore|iPhone
		{C21F1C1B-83CB-4032-B363-E0B63973D36F}.AppStore|x86.Build.0 = AppStore|iPhone
		{C21F1C1B-83CB-4032-B363-E0B63973D36F}.AppStore|x86.Deploy.0 = AppStore|iPhone
		{C21F1C1B-83CB-4032-B363-E0B63973D36F}.Debug|Any CPU.ActiveCfg = Debug|iPhoneSimulator
		{C21F1C1B-83CB-4032-B363-E0B63973D36F}.Debug|Any CPU.Build.0 = Debug|iPhoneSimulator
		{C21F1C1B-83CB-4032-B363-E0B63973D36F}.Debug|Any CPU.Deploy.0 = Debug|iPhoneSimulator
		{C21F1C1B-83CB-4032-B363-E0B63973D36F}.Debug|ARM.ActiveCfg = Debug|iPhone
		{C21F1C1B-83CB-4032-B363-E0B63973D36F}.Debug|ARM.Build.0 = Debug|iPhone
		{C21F1C1B-83CB-4032-B363-E0B63973D36F}.Debug|ARM.Deploy.0 = Debug|iPhone
		{C21F1C1B-83CB-4032-B363-E0B63973D36F}.Debug|iPhone.ActiveCfg = Debug|iPhone
		{C21F1C1B-83CB-4032-B363-E0B63973D36F}.Debug|iPhone.Build.0 = Debug|iPhone
		{C21F1C1B-83CB-4032-B363-E0B63973D36F}.Debug|iPhone.Deploy.0 = Debug|iPhone
		{C21F1C1B-83CB-4032-B363-E0B63973D36F}.Debug|iPhoneSimulator.ActiveCfg = Debug|iPhoneSimulator
		{C21F1C1B-83CB-4032-B363-E0B63973D36F}.Debug|iPhoneSimulator.Build.0 = Debug|iPhoneSimulator
		{C21F1C1B-83CB-4032-B363-E0B63973D36F}.Debug|iPhoneSimulator.Deploy.0 = Debug|iPhoneSimulator
		{C21F1C1B-83CB-4032-B363-E0B63973D36F}.Debug|x64.ActiveCfg = Debug|iPhone
		{C21F1C1B-83CB-4032-B363-E0B63973D36F}.Debug|x64.Build.0 = Debug|iPhone
		{C21F1C1B-83CB-4032-B363-E0B63973D36F}.Debug|x64.Deploy.0 = Debug|iPhone
		{C21F1C1B-83CB-4032-B363-E0B63973D36F}.Debug|x86.ActiveCfg = Debug|iPhone
		{C21F1C1B-83CB-4032-B363-E0B63973D36F}.Debug|x86.Build.0 = Debug|iPhone
		{C21F1C1B-83CB-4032-B363-E0B63973D36F}.Debug|x86.Deploy.0 = Debug|iPhone
		{C21F1C1B-83CB-4032-B363-E0B63973D36F}.Release|Any CPU.ActiveCfg = Release|iPhone
		{C21F1C1B-83CB-4032-B363-E0B63973D36F}.Release|Any CPU.Build.0 = Release|iPhone
		{C21F1C1B-83CB-4032-B363-E0B63973D36F}.Release|Any CPU.Deploy.0 = Release|iPhone
		{C21F1C1B-83CB-4032-B363-E0B63973D36F}.Release|ARM.ActiveCfg = Release|iPhone
		{C21F1C1B-83CB-4032-B363-E0B63973D36F}.Release|ARM.Build.0 = Release|iPhone
		{C21F1C1B-83CB-4032-B363-E0B63973D36F}.Release|ARM.Deploy.0 = Release|iPhone
		{C21F1C1B-83CB-4032-B363-E0B63973D36F}.Release|iPhone.ActiveCfg = Release|iPhone
		{C21F1C1B-83CB-4032-B363-E0B63973D36F}.Release|iPhone.Build.0 = Release|iPhone
		{C21F1C1B-83CB-4032-B363-E0B63973D36F}.Release|iPhone.Deploy.0 = Release|iPhone
		{C21F1C1B-83CB-4032-B363-E0B63973D36F}.Release|iPhoneSimulator.ActiveCfg = Release|iPhoneSimulator
		{C21F1C1B-83CB-4032-B363-E0B63973D36F}.Release|iPhoneSimulator.Build.0 = Release|iPhoneSimulator
		{C21F1C1B-83CB-4032-B363-E0B63973D36F}.Release|iPhoneSimulator.Deploy.0 = Release|iPhoneSimulator
		{C21F1C1B-83CB-4032-B363-E0B63973D36F}.Release|x64.ActiveCfg = Release|iPhone
		{C21F1C1B-83CB-4032-B363-E0B63973D36F}.Release|x64.Build.0 = Release|iPhone
		{C21F1C1B-83CB-4032-B363-E0B63973D36F}.Release|x64.Deploy.0 = Release|iPhone
		{C21F1C1B-83CB-4032-B363-E0B63973D36F}.Release|x86.ActiveCfg = Release|iPhone
		{C21F1C1B-83CB-4032-B363-E0B63973D36F}.Release|x86.Build.0 = Release|iPhone
		{C21F1C1B-83CB-4032-B363-E0B63973D36F}.Release|x86.Deploy.0 = Release|iPhone
		{91FB3B20-BBD5-4214-9786-1783F4AD75E0}.Ad-Hoc|Any CPU.ActiveCfg = Release|x86
		{91FB3B20-BBD5-4214-9786-1783F4AD75E0}.Ad-Hoc|Any CPU.Build.0 = Release|x86
		{91FB3B20-BBD5-4214-9786-1783F4AD75E0}.Ad-Hoc|Any CPU.Deploy.0 = Release|x86
		{91FB3B20-BBD5-4214-9786-1783F4AD75E0}.Ad-Hoc|ARM.ActiveCfg = Release|ARM
		{91FB3B20-BBD5-4214-9786-1783F4AD75E0}.Ad-Hoc|ARM.Build.0 = Release|ARM
		{91FB3B20-BBD5-4214-9786-1783F4AD75E0}.Ad-Hoc|ARM.Deploy.0 = Release|ARM
		{91FB3B20-BBD5-4214-9786-1783F4AD75E0}.Ad-Hoc|iPhone.ActiveCfg = Release|x86
		{91FB3B20-BBD5-4214-9786-1783F4AD75E0}.Ad-Hoc|iPhone.Build.0 = Release|x86
		{91FB3B20-BBD5-4214-9786-1783F4AD75E0}.Ad-Hoc|iPhone.Deploy.0 = Release|x86
		{91FB3B20-BBD5-4214-9786-1783F4AD75E0}.Ad-Hoc|iPhoneSimulator.ActiveCfg = Release|x86
		{91FB3B20-BBD5-4214-9786-1783F4AD75E0}.Ad-Hoc|iPhoneSimulator.Build.0 = Release|x86
		{91FB3B20-BBD5-4214-9786-1783F4AD75E0}.Ad-Hoc|iPhoneSimulator.Deploy.0 = Release|x86
		{91FB3B20-BBD5-4214-9786-1783F4AD75E0}.Ad-Hoc|x64.ActiveCfg = Release|x64
		{91FB3B20-BBD5-4214-9786-1783F4AD75E0}.Ad-Hoc|x64.Build.0 = Release|x64
		{91FB3B20-BBD5-4214-9786-1783F4AD75E0}.Ad-Hoc|x64.Deploy.0 = Release|x64
		{91FB3B20-BBD5-4214-9786-1783F4AD75E0}.Ad-Hoc|x86.ActiveCfg = Release|x86
		{91FB3B20-BBD5-4214-9786-1783F4AD75E0}.Ad-Hoc|x86.Build.0 = Release|x86
		{91FB3B20-BBD5-4214-9786-1783F4AD75E0}.Ad-Hoc|x86.Deploy.0 = Release|x86
		{91FB3B20-BBD5-4214-9786-1783F4AD75E0}.AppStore|Any CPU.ActiveCfg = Release|x86
		{91FB3B20-BBD5-4214-9786-1783F4AD75E0}.AppStore|Any CPU.Build.0 = Release|x86
		{91FB3B20-BBD5-4214-9786-1783F4AD75E0}.AppStore|Any CPU.Deploy.0 = Release|x86
		{91FB3B20-BBD5-4214-9786-1783F4AD75E0}.AppStore|ARM.ActiveCfg = Release|ARM
		{91FB3B20-BBD5-4214-9786-1783F4AD75E0}.AppStore|ARM.Build.0 = Release|ARM
		{91FB3B20-BBD5-4214-9786-1783F4AD75E0}.AppStore|ARM.Deploy.0 = Release|ARM
		{91FB3B20-BBD5-4214-9786-1783F4AD75E0}.AppStore|iPhone.ActiveCfg = Release|x86
		{91FB3B20-BBD5-4214-9786-1783F4AD75E0}.AppStore|iPhone.Build.0 = Release|x86
		{91FB3B20-BBD5-4214-9786-1783F4AD75E0}.AppStore|iPhone.Deploy.0 = Release|x86
		{91FB3B20-BBD5-4214-9786-1783F4AD75E0}.AppStore|iPhoneSimulator.ActiveCfg = Release|x86
		{91FB3B20-BBD5-4214-9786-1783F4AD75E0}.AppStore|iPhoneSimulator.Build.0 = Release|x86
		{91FB3B20-BBD5-4214-9786-1783F4AD75E0}.AppStore|iPhoneSimulator.Deploy.0 = Release|x86
		{91FB3B20-BBD5-4214-9786-1783F4AD75E0}.AppStore|x64.ActiveCfg = Release|x64
		{91FB3B20-BBD5-4214-9786-1783F4AD75E0}.AppStore|x64.Build.0 = Release|x64
		{91FB3B20-BBD5-4214-9786-1783F4AD75E0}.AppStore|x64.Deploy.0 = Release|x64
		{91FB3B20-BBD5-4214-9786-1783F4AD75E0}.AppStore|x86.ActiveCfg = Release|x86
		{91FB3B20-BBD5-4214-9786-1783F4AD75E0}.AppStore|x86.Build.0 = Release|x86
		{91FB3B20-BBD5-4214-9786-1783F4AD75E0}.AppStore|x86.Deploy.0 = Release|x86
		{91FB3B20-BBD5-4214-9786-1783F4AD75E0}.Debug|Any CPU.ActiveCfg = Debug|x86
		{91FB3B20-BBD5-4214-9786-1783F4AD75E0}.Debug|Any CPU.Build.0 = Debug|x86
		{91FB3B20-BBD5-4214-9786-1783F4AD75E0}.Debug|Any CPU.Deploy.0 = Debug|x86
		{91FB3B20-BBD5-4214-9786-1783F4AD75E0}.Debug|ARM.ActiveCfg = Debug|ARM
		{91FB3B20-BBD5-4214-9786-1783F4AD75E0}.Debug|ARM.Build.0 = Debug|ARM
		{91FB3B20-BBD5-4214-9786-1783F4AD75E0}.Debug|ARM.Deploy.0 = Debug|ARM
		{91FB3B20-BBD5-4214-9786-1783F4AD75E0}.Debug|iPhone.ActiveCfg = Debug|x86
		{91FB3B20-BBD5-4214-9786-1783F4AD75E0}.Debug|iPhone.Build.0 = Debug|x86
		{91FB3B20-BBD5-4214-9786-1783F4AD75E0}.Debug|iPhone.Deploy.0 = Debug|x86
		{91FB3B20-BBD5-4214-9786-1783F4AD75E0}.Debug|iPhoneSimulator.ActiveCfg = Debug|x86
		{91FB3B20-BBD5-4214-9786-1783F4AD75E0}.Debug|iPhoneSimulator.Build.0 = Debug|x86
		{91FB3B20-BBD5-4214-9786-1783F4AD75E0}.Debug|iPhoneSimulator.Deploy.0 = Debug|x86
		{91FB3B20-BBD5-4214-9786-1783F4AD75E0}.Debug|x64.ActiveCfg = Debug|x64
		{91FB3B20-BBD5-4214-9786-1783F4AD75E0}.Debug|x64.Build.0 = Debug|x64
		{91FB3B20-BBD5-4214-9786-1783F4AD75E0}.Debug|x64.Deploy.0 = Debug|x64
		{91FB3B20-BBD5-4214-9786-1783F4AD75E0}.Debug|x86.ActiveCfg = Debug|x86
		{91FB3B20-BBD5-4214-9786-1783F4AD75E0}.Debug|x86.Build.0 = Debug|x86
		{91FB3B20-BBD5-4214-9786-1783F4AD75E0}.Debug|x86.Deploy.0 = Debug|x86
		{91FB3B20-BBD5-4214-9786-1783F4AD75E0}.Release|Any CPU.ActiveCfg = Release|x86
		{91FB3B20-BBD5-4214-9786-1783F4AD75E0}.Release|Any CPU.Build.0 = Release|x86
		{91FB3B20-BBD5-4214-9786-1783F4AD75E0}.Release|Any CPU.Deploy.0 = Release|x86
		{91FB3B20-BBD5-4214-9786-1783F4AD75E0}.Release|ARM.ActiveCfg = Release|ARM
		{91FB3B20-BBD5-4214-9786-1783F4AD75E0}.Release|ARM.Build.0 = Release|ARM
		{91FB3B20-BBD5-4214-9786-1783F4AD75E0}.Release|ARM.Deploy.0 = Release|ARM
		{91FB3B20-BBD5-4214-9786-1783F4AD75E0}.Release|iPhone.ActiveCfg = Release|x86
		{91FB3B20-BBD5-4214-9786-1783F4AD75E0}.Release|iPhone.Build.0 = Release|x86
		{91FB3B20-BBD5-4214-9786-1783F4AD75E0}.Release|iPhone.Deploy.0 = Release|x86
		{91FB3B20-BBD5-4214-9786-1783F4AD75E0}.Release|iPhoneSimulator.ActiveCfg = Release|x86
		{91FB3B20-BBD5-4214-9786-1783F4AD75E0}.Release|iPhoneSimulator.Build.0 = Release|x86
		{91FB3B20-BBD5-4214-9786-1783F4AD75E0}.Release|iPhoneSimulator.Deploy.0 = Release|x86
		{91FB3B20-BBD5-4214-9786-1783F4AD75E0}.Release|x64.ActiveCfg = Release|x64
		{91FB3B20-BBD5-4214-9786-1783F4AD75E0}.Release|x64.Build.0 = Release|x64
		{91FB3B20-BBD5-4214-9786-1783F4AD75E0}.Release|x64.Deploy.0 = Release|x64
		{91FB3B20-BBD5-4214-9786-1783F4AD75E0}.Release|x86.ActiveCfg = Release|x86
		{91FB3B20-BBD5-4214-9786-1783F4AD75E0}.Release|x86.Build.0 = Release|x86
		{91FB3B20-BBD5-4214-9786-1783F4AD75E0}.Release|x86.Deploy.0 = Release|x86
		{4F3E4197-73AC-46A9-89CE-67262845D278}.Ad-Hoc|Any CPU.ActiveCfg = Debug|Any CPU
		{4F3E4197-73AC-46A9-89CE-67262845D278}.Ad-Hoc|Any CPU.Build.0 = Debug|Any CPU
		{4F3E4197-73AC-46A9-89CE-67262845D278}.Ad-Hoc|Any CPU.Deploy.0 = Debug|Any CPU
		{4F3E4197-73AC-46A9-89CE-67262845D278}.Ad-Hoc|ARM.ActiveCfg = Debug|Any CPU
		{4F3E4197-73AC-46A9-89CE-67262845D278}.Ad-Hoc|ARM.Build.0 = Debug|Any CPU
		{4F3E4197-73AC-46A9-89CE-67262845D278}.Ad-Hoc|ARM.Deploy.0 = Debug|Any CPU
		{4F3E4197-73AC-46A9-89CE-67262845D278}.Ad-Hoc|iPhone.ActiveCfg = Debug|Any CPU
		{4F3E4197-73AC-46A9-89CE-67262845D278}.Ad-Hoc|iPhone.Build.0 = Debug|Any CPU
		{4F3E4197-73AC-46A9-89CE-67262845D278}.Ad-Hoc|iPhone.Deploy.0 = Debug|Any CPU
		{4F3E4197-73AC-46A9-89CE-67262845D278}.Ad-Hoc|iPhoneSimulator.ActiveCfg = Debug|Any CPU
		{4F3E4197-73AC-46A9-89CE-67262845D278}.Ad-Hoc|iPhoneSimulator.Build.0 = Debug|Any CPU
		{4F3E4197-73AC-46A9-89CE-67262845D278}.Ad-Hoc|iPhoneSimulator.Deploy.0 = Debug|Any CPU
		{4F3E4197-73AC-46A9-89CE-67262845D278}.Ad-Hoc|x64.ActiveCfg = Debug|Any CPU
		{4F3E4197-73AC-46A9-89CE-67262845D278}.Ad-Hoc|x64.Build.0 = Debug|Any CPU
		{4F3E4197-73AC-46A9-89CE-67262845D278}.Ad-Hoc|x64.Deploy.0 = Debug|Any CPU
		{4F3E4197-73AC-46A9-89CE-67262845D278}.Ad-Hoc|x86.ActiveCfg = Debug|Any CPU
		{4F3E4197-73AC-46A9-89CE-67262845D278}.Ad-Hoc|x86.Build.0 = Debug|Any CPU
		{4F3E4197-73AC-46A9-89CE-67262845D278}.Ad-Hoc|x86.Deploy.0 = Debug|Any CPU
		{4F3E4197-73AC-46A9-89CE-67262845D278}.AppStore|Any CPU.ActiveCfg = Debug|Any CPU
		{4F3E4197-73AC-46A9-89CE-67262845D278}.AppStore|Any CPU.Build.0 = Debug|Any CPU
		{4F3E4197-73AC-46A9-89CE-67262845D278}.AppStore|Any CPU.Deploy.0 = Debug|Any CPU
		{4F3E4197-73AC-46A9-89CE-67262845D278}.AppStore|ARM.ActiveCfg = Debug|Any CPU
		{4F3E4197-73AC-46A9-89CE-67262845D278}.AppStore|ARM.Build.0 = Debug|Any CPU
		{4F3E4197-73AC-46A9-89CE-67262845D278}.AppStore|ARM.Deploy.0 = Debug|Any CPU
		{4F3E4197-73AC-46A9-89CE-67262845D278}.AppStore|iPhone.ActiveCfg = Debug|Any CPU
		{4F3E4197-73AC-46A9-89CE-67262845D278}.AppStore|iPhone.Build.0 = Debug|Any CPU
		{4F3E4197-73AC-46A9-89CE-67262845D278}.AppStore|iPhone.Deploy.0 = Debug|Any CPU
		{4F3E4197-73AC-46A9-89CE-67262845D278}.AppStore|iPhoneSimulator.ActiveCfg = Debug|Any CPU
		{4F3E4197-73AC-46A9-89CE-67262845D278}.AppStore|iPhoneSimulator.Build.0 = Debug|Any CPU
		{4F3E4197-73AC-46A9-89CE-67262845D278}.AppStore|iPhoneSimulator.Deploy.0 = Debug|Any CPU
		{4F3E4197-73AC-46A9-89CE-67262845D278}.AppStore|x64.ActiveCfg = Debug|Any CPU
		{4F3E4197-73AC-46A9-89CE-67262845D278}.AppStore|x64.Build.0 = Debug|Any CPU
		{4F3E4197-73AC-46A9-89CE-67262845D278}.AppStore|x64.Deploy.0 = Debug|Any CPU
		{4F3E4197-73AC-46A9-89CE-67262845D278}.AppStore|x86.ActiveCfg = Debug|Any CPU
		{4F3E4197-73AC-46A9-89CE-67262845D278}.AppStore|x86.Build.0 = Debug|Any CPU
		{4F3E4197-73AC-46A9-89CE-67262845D278}.AppStore|x86.Deploy.0 = Debug|Any CPU
		{4F3E4197-73AC-46A9-89CE-67262845D278}.Debug|Any CPU.ActiveCfg = Debug|Any CPU
		{4F3E4197-73AC-46A9-89CE-67262845D278}.Debug|Any CPU.Build.0 = Debug|Any CPU
		{4F3E4197-73AC-46A9-89CE-67262845D278}.Debug|Any CPU.Deploy.0 = Debug|Any CPU
		{4F3E4197-73AC-46A9-89CE-67262845D278}.Debug|ARM.ActiveCfg = Debug|Any CPU
		{4F3E4197-73AC-46A9-89CE-67262845D278}.Debug|ARM.Build.0 = Debug|Any CPU
		{4F3E4197-73AC-46A9-89CE-67262845D278}.Debug|ARM.Deploy.0 = Debug|Any CPU
		{4F3E4197-73AC-46A9-89CE-67262845D278}.Debug|iPhone.ActiveCfg = Debug|Any CPU
		{4F3E4197-73AC-46A9-89CE-67262845D278}.Debug|iPhone.Build.0 = Debug|Any CPU
		{4F3E4197-73AC-46A9-89CE-67262845D278}.Debug|iPhone.Deploy.0 = Debug|Any CPU
		{4F3E4197-73AC-46A9-89CE-67262845D278}.Debug|iPhoneSimulator.ActiveCfg = Debug|Any CPU
		{4F3E4197-73AC-46A9-89CE-67262845D278}.Debug|iPhoneSimulator.Build.0 = Debug|Any CPU
		{4F3E4197-73AC-46A9-89CE-67262845D278}.Debug|iPhoneSimulator.Deploy.0 = Debug|Any CPU
		{4F3E4197-73AC-46A9-89CE-67262845D278}.Debug|x64.ActiveCfg = Debug|Any CPU
		{4F3E4197-73AC-46A9-89CE-67262845D278}.Debug|x64.Build.0 = Debug|Any CPU
		{4F3E4197-73AC-46A9-89CE-67262845D278}.Debug|x64.Deploy.0 = Debug|Any CPU
		{4F3E4197-73AC-46A9-89CE-67262845D278}.Debug|x86.ActiveCfg = Debug|Any CPU
		{4F3E4197-73AC-46A9-89CE-67262845D278}.Debug|x86.Build.0 = Debug|Any CPU
		{4F3E4197-73AC-46A9-89CE-67262845D278}.Debug|x86.Deploy.0 = Debug|Any CPU
		{4F3E4197-73AC-46A9-89CE-67262845D278}.Release|Any CPU.ActiveCfg = Release|Any CPU
		{4F3E4197-73AC-46A9-89CE-67262845D278}.Release|Any CPU.Build.0 = Release|Any CPU
		{4F3E4197-73AC-46A9-89CE-67262845D278}.Release|Any CPU.Deploy.0 = Release|Any CPU
		{4F3E4197-73AC-46A9-89CE-67262845D278}.Release|ARM.ActiveCfg = Release|Any CPU
		{4F3E4197-73AC-46A9-89CE-67262845D278}.Release|ARM.Build.0 = Release|Any CPU
		{4F3E4197-73AC-46A9-89CE-67262845D278}.Release|ARM.Deploy.0 = Release|Any CPU
		{4F3E4197-73AC-46A9-89CE-67262845D278}.Release|iPhone.ActiveCfg = Release|Any CPU
		{4F3E4197-73AC-46A9-89CE-67262845D278}.Release|iPhone.Build.0 = Release|Any CPU
		{4F3E4197-73AC-46A9-89CE-67262845D278}.Release|iPhone.Deploy.0 = Release|Any CPU
		{4F3E4197-73AC-46A9-89CE-67262845D278}.Release|iPhoneSimulator.ActiveCfg = Release|Any CPU
		{4F3E4197-73AC-46A9-89CE-67262845D278}.Release|iPhoneSimulator.Build.0 = Release|Any CPU
		{4F3E4197-73AC-46A9-89CE-67262845D278}.Release|iPhoneSimulator.Deploy.0 = Release|Any CPU
		{4F3E4197-73AC-46A9-89CE-67262845D278}.Release|x64.ActiveCfg = Release|Any CPU
		{4F3E4197-73AC-46A9-89CE-67262845D278}.Release|x64.Build.0 = Release|Any CPU
		{4F3E4197-73AC-46A9-89CE-67262845D278}.Release|x64.Deploy.0 = Release|Any CPU
		{4F3E4197-73AC-46A9-89CE-67262845D278}.Release|x86.ActiveCfg = Release|Any CPU
		{4F3E4197-73AC-46A9-89CE-67262845D278}.Release|x86.Build.0 = Release|Any CPU
		{4F3E4197-73AC-46A9-89CE-67262845D278}.Release|x86.Deploy.0 = Release|Any CPU
	EndGlobalSection
	GlobalSection(SolutionProperties) = preSolution
		HideSolutionNode = FALSE
	EndGlobalSection
	GlobalSection(ExtensibilityGlobals) = postSolution
		SolutionGuid = {96F9BE16-D9FA-48E8-8067-821BD37443DE}
	EndGlobalSection
EndGlobal
