
Microsoft Visual Studio Solution File, Format Version 12.00
# Visual Studio 15
VisualStudioVersion = 15.0.28010.2003
MinimumVisualStudioVersion = 10.0.40219.1
Project("{FAE04EC0-301F-11D3-BF4B-00C04F79EFBC}") = "App2_Cinemix.Android", "App2_Cinemix\App2_Cinemix.Android\App2_Cinemix.Android.csproj", "{C93C127D-B4DD-41D0-9C09-706AB5977B8D}"
EndProject
Project("{FAE04EC0-301F-11D3-BF4B-00C04F79EFBC}") = "App2_Cinemix.iOS", "App2_Cinemix\App2_Cinemix.iOS\App2_Cinemix.iOS.csproj", "{0A5BA113-17E0-4A65-9ACB-0AE2D3C6D3A2}"
EndProject
Project("{FAE04EC0-301F-11D3-BF4B-00C04F79EFBC}") = "App2_Cinemix.UWP", "App2_Cinemix\App2_Cinemix.UWP\App2_Cinemix.UWP.csproj", "{7E0C3550-EA7C-4579-AEC7-7D178274C31A}"
EndProject
Project("{FAE04EC0-301F-11D3-BF4B-00C04F79EFBC}") = "App2_Cinemix", "App2_Cinemix\App2_Cinemix\App2_Cinemix.csproj", "{33A59503-64EB-4439-98D6-BA5E60B7EEC7}"
EndProject
Global
	GlobalSection(SolutionConfigurationPlatforms) = preSolution
		Ad-Hoc|Any CPU = Ad-Hoc|Any CPU
		Ad-Hoc|ARM = Ad-Hoc|ARM
		Ad-Hoc|iPhone = Ad-Hoc|iPhone
		Ad-Hoc|iPhoneSimulator = Ad-Hoc|iPhoneSimulator
		Ad-Hoc|x64 = Ad-Hoc|x64
		Ad-Hoc|x86 = Ad-Hoc|x86
		AppStore|Any CPU = AppStore|Any CPU
		AppStore|ARM = AppStore|ARM
		AppStore|iPhone = AppStore|iPhone
		AppStore|iPhoneSimulator = AppStore|iPhoneSimulator
		AppStore|x64 = AppStore|x64
		AppStore|x86 = AppStore|x86
		Debug|Any CPU = Debug|Any CPU
		Debug|ARM = Debug|ARM
		Debug|iPhone = Debug|iPhone
		Debug|iPhoneSimulator = Debug|iPhoneSimulator
		Debug|x64 = Debug|x64
		Debug|x86 = Debug|x86
		Release|Any CPU = Release|Any CPU
		Release|ARM = Release|ARM
		Release|iPhone = Release|iPhone
		Release|iPhoneSimulator = Release|iPhoneSimulator
		Release|x64 = Release|x64
		Release|x86 = Release|x86
	EndGlobalSection
	GlobalSection(ProjectConfigurationPlatforms) = postSolution
		{C93C127D-B4DD-41D0-9C09-706AB5977B8D}.Ad-Hoc|Any CPU.ActiveCfg = Release|Any CPU
		{C93C127D-B4DD-41D0-9C09-706AB5977B8D}.Ad-Hoc|Any CPU.Build.0 = Release|Any CPU
		{C93C127D-B4DD-41D0-9C09-706AB5977B8D}.Ad-Hoc|Any CPU.Deploy.0 = Release|Any CPU
		{C93C127D-B4DD-41D0-9C09-706AB5977B8D}.Ad-Hoc|ARM.ActiveCfg = Release|Any CPU
		{C93C127D-B4DD-41D0-9C09-706AB5977B8D}.Ad-Hoc|ARM.Build.0 = Release|Any CPU
		{C93C127D-B4DD-41D0-9C09-706AB5977B8D}.Ad-Hoc|ARM.Deploy.0 = Release|Any CPU
		{C93C127D-B4DD-41D0-9C09-706AB5977B8D}.Ad-Hoc|iPhone.ActiveCfg = Release|Any CPU
		{C93C127D-B4DD-41D0-9C09-706AB5977B8D}.Ad-Hoc|iPhone.Build.0 = Release|Any CPU
		{C93C127D-B4DD-41D0-9C09-706AB5977B8D}.Ad-Hoc|iPhone.Deploy.0 = Release|Any CPU
		{C93C127D-B4DD-41D0-9C09-706AB5977B8D}.Ad-Hoc|iPhoneSimulator.ActiveCfg = Release|Any CPU
		{C93C127D-B4DD-41D0-9C09-706AB5977B8D}.Ad-Hoc|iPhoneSimulator.Build.0 = Release|Any CPU
		{C93C127D-B4DD-41D0-9C09-706AB5977B8D}.Ad-Hoc|iPhoneSimulator.Deploy.0 = Release|Any CPU
		{C93C127D-B4DD-41D0-9C09-706AB5977B8D}.Ad-Hoc|x64.ActiveCfg = Release|Any CPU
		{C93C127D-B4DD-41D0-9C09-706AB5977B8D}.Ad-Hoc|x64.Build.0 = Release|Any CPU
		{C93C127D-B4DD-41D0-9C09-706AB5977B8D}.Ad-Hoc|x64.Deploy.0 = Release|Any CPU
		{C93C127D-B4DD-41D0-9C09-706AB5977B8D}.Ad-Hoc|x86.ActiveCfg = Release|Any CPU
		{C93C127D-B4DD-41D0-9C09-706AB5977B8D}.Ad-Hoc|x86.Build.0 = Release|Any CPU
		{C93C127D-B4DD-41D0-9C09-706AB5977B8D}.Ad-Hoc|x86.Deploy.0 = Release|Any CPU
		{C93C127D-B4DD-41D0-9C09-706AB5977B8D}.AppStore|Any CPU.ActiveCfg = Release|Any CPU
		{C93C127D-B4DD-41D0-9C09-706AB5977B8D}.AppStore|Any CPU.Build.0 = Release|Any CPU
		{C93C127D-B4DD-41D0-9C09-706AB5977B8D}.AppStore|Any CPU.Deploy.0 = Release|Any CPU
		{C93C127D-B4DD-41D0-9C09-706AB5977B8D}.AppStore|ARM.ActiveCfg = Release|Any CPU
		{C93C127D-B4DD-41D0-9C09-706AB5977B8D}.AppStore|ARM.Build.0 = Release|Any CPU
		{C93C127D-B4DD-41D0-9C09-706AB5977B8D}.AppStore|ARM.Deploy.0 = Release|Any CPU
		{C93C127D-B4DD-41D0-9C09-706AB5977B8D}.AppStore|iPhone.ActiveCfg = Release|Any CPU
		{C93C127D-B4DD-41D0-9C09-706AB5977B8D}.AppStore|iPhone.Build.0 = Release|Any CPU
		{C93C127D-B4DD-41D0-9C09-706AB5977B8D}.AppStore|iPhone.Deploy.0 = Release|Any CPU
		{C93C127D-B4DD-41D0-9C09-706AB5977B8D}.AppStore|iPhoneSimulator.ActiveCfg = Release|Any CPU
		{C93C127D-B4DD-41D0-9C09-706AB5977B8D}.AppStore|iPhoneSimulator.Build.0 = Release|Any CPU
		{C93C127D-B4DD-41D0-9C09-706AB5977B8D}.AppStore|iPhoneSimulator.Deploy.0 = Release|Any CPU
		{C93C127D-B4DD-41D0-9C09-706AB5977B8D}.AppStore|x64.ActiveCfg = Release|Any CPU
		{C93C127D-B4DD-41D0-9C09-706AB5977B8D}.AppStore|x64.Build.0 = Release|Any CPU
		{C93C127D-B4DD-41D0-9C09-706AB5977B8D}.AppStore|x64.Deploy.0 = Release|Any CPU
		{C93C127D-B4DD-41D0-9C09-706AB5977B8D}.AppStore|x86.ActiveCfg = Release|Any CPU
		{C93C127D-B4DD-41D0-9C09-706AB5977B8D}.AppStore|x86.Build.0 = Release|Any CPU
		{C93C127D-B4DD-41D0-9C09-706AB5977B8D}.AppStore|x86.Deploy.0 = Release|Any CPU
		{C93C127D-B4DD-41D0-9C09-706AB5977B8D}.Debug|Any CPU.ActiveCfg = Debug|Any CPU
		{C93C127D-B4DD-41D0-9C09-706AB5977B8D}.Debug|Any CPU.Build.0 = Debug|Any CPU
		{C93C127D-B4DD-41D0-9C09-706AB5977B8D}.Debug|Any CPU.Deploy.0 = Debug|Any CPU
		{C93C127D-B4DD-41D0-9C09-706AB5977B8D}.Debug|ARM.ActiveCfg = Debug|Any CPU
		{C93C127D-B4DD-41D0-9C09-706AB5977B8D}.Debug|ARM.Build.0 = Debug|Any CPU
		{C93C127D-B4DD-41D0-9C09-706AB5977B8D}.Debug|ARM.Deploy.0 = Debug|Any CPU
		{C93C127D-B4DD-41D0-9C09-706AB5977B8D}.Debug|iPhone.ActiveCfg = Debug|Any CPU
		{C93C127D-B4DD-41D0-9C09-706AB5977B8D}.Debug|iPhone.Build.0 = Debug|Any CPU
		{C93C127D-B4DD-41D0-9C09-706AB5977B8D}.Debug|iPhone.Deploy.0 = Debug|Any CPU
		{C93C127D-B4DD-41D0-9C09-706AB5977B8D}.Debug|iPhoneSimulator.ActiveCfg = Debug|Any CPU
		{C93C127D-B4DD-41D0-9C09-706AB5977B8D}.Debug|iPhoneSimulator.Build.0 = Debug|Any CPU
		{C93C127D-B4DD-41D0-9C09-706AB5977B8D}.Debug|iPhoneSimulator.Deploy.0 = Debug|Any CPU
		{C93C127D-B4DD-41D0-9C09-706AB5977B8D}.Debug|x64.ActiveCfg = Debug|Any CPU
		{C93C127D-B4DD-41D0-9C09-706AB5977B8D}.Debug|x64.Build.0 = Debug|Any CPU
		{C93C127D-B4DD-41D0-9C09-706AB5977B8D}.Debug|x64.Deploy.0 = Debug|Any CPU
		{C93C127D-B4DD-41D0-9C09-706AB5977B8D}.Debug|x86.ActiveCfg = Debug|Any CPU
		{C93C127D-B4DD-41D0-9C09-706AB5977B8D}.Debug|x86.Build.0 = Debug|Any CPU
		{C93C127D-B4DD-41D0-9C09-706AB5977B8D}.Debug|x86.Deploy.0 = Debug|Any CPU
		{C93C127D-B4DD-41D0-9C09-706AB5977B8D}.Release|Any CPU.ActiveCfg = Release|Any CPU
		{C93C127D-B4DD-41D0-9C09-706AB5977B8D}.Release|Any CPU.Build.0 = Release|Any CPU
		{C93C127D-B4DD-41D0-9C09-706AB5977B8D}.Release|Any CPU.Deploy.0 = Release|Any CPU
		{C93C127D-B4DD-41D0-9C09-706AB5977B8D}.Release|ARM.ActiveCfg = Release|Any CPU
		{C93C127D-B4DD-41D0-9C09-706AB5977B8D}.Release|ARM.Build.0 = Release|Any CPU
		{C93C127D-B4DD-41D0-9C09-706AB5977B8D}.Release|ARM.Deploy.0 = Release|Any CPU
		{C93C127D-B4DD-41D0-9C09-706AB5977B8D}.Release|iPhone.ActiveCfg = Release|Any CPU
		{C93C127D-B4DD-41D0-9C09-706AB5977B8D}.Release|iPhone.Build.0 = Release|Any CPU
		{C93C127D-B4DD-41D0-9C09-706AB5977B8D}.Release|iPhone.Deploy.0 = Release|Any CPU
		{C93C127D-B4DD-41D0-9C09-706AB5977B8D}.Release|iPhoneSimulator.ActiveCfg = Release|Any CPU
		{C93C127D-B4DD-41D0-9C09-706AB5977B8D}.Release|iPhoneSimulator.Build.0 = Release|Any CPU
		{C93C127D-B4DD-41D0-9C09-706AB5977B8D}.Release|iPhoneSimulator.Deploy.0 = Release|Any CPU
		{C93C127D-B4DD-41D0-9C09-706AB5977B8D}.Release|x64.ActiveCfg = Release|Any CPU
		{C93C127D-B4DD-41D0-9C09-706AB5977B8D}.Release|x64.Build.0 = Release|Any CPU
		{C93C127D-B4DD-41D0-9C09-706AB5977B8D}.Release|x64.Deploy.0 = Release|Any CPU
		{C93C127D-B4DD-41D0-9C09-706AB5977B8D}.Release|x86.ActiveCfg = Release|Any CPU
		{C93C127D-B4DD-41D0-9C09-706AB5977B8D}.Release|x86.Build.0 = Release|Any CPU
		{C93C127D-B4DD-41D0-9C09-706AB5977B8D}.Release|x86.Deploy.0 = Release|Any CPU
		{0A5BA113-17E0-4A65-9ACB-0AE2D3C6D3A2}.Ad-Hoc|Any CPU.ActiveCfg = Ad-Hoc|iPhone
		{0A5BA113-17E0-4A65-9ACB-0AE2D3C6D3A2}.Ad-Hoc|Any CPU.Build.0 = Ad-Hoc|iPhone
		{0A5BA113-17E0-4A65-9ACB-0AE2D3C6D3A2}.Ad-Hoc|Any CPU.Deploy.0 = Ad-Hoc|iPhone
		{0A5BA113-17E0-4A65-9ACB-0AE2D3C6D3A2}.Ad-Hoc|ARM.ActiveCfg = Ad-Hoc|iPhone
		{0A5BA113-17E0-4A65-9ACB-0AE2D3C6D3A2}.Ad-Hoc|ARM.Build.0 = Ad-Hoc|iPhone
		{0A5BA113-17E0-4A65-9ACB-0AE2D3C6D3A2}.Ad-Hoc|ARM.Deploy.0 = Ad-Hoc|iPhone
		{0A5BA113-17E0-4A65-9ACB-0AE2D3C6D3A2}.Ad-Hoc|iPhone.ActiveCfg = Ad-Hoc|iPhone
		{0A5BA113-17E0-4A65-9ACB-0AE2D3C6D3A2}.Ad-Hoc|iPhone.Build.0 = Ad-Hoc|iPhone
		{0A5BA113-17E0-4A65-9ACB-0AE2D3C6D3A2}.Ad-Hoc|iPhone.Deploy.0 = Ad-Hoc|iPhone
		{0A5BA113-17E0-4A65-9ACB-0AE2D3C6D3A2}.Ad-Hoc|iPhoneSimulator.ActiveCfg = Ad-Hoc|iPhoneSimulator
		{0A5BA113-17E0-4A65-9ACB-0AE2D3C6D3A2}.Ad-Hoc|iPhoneSimulator.Build.0 = Ad-Hoc|iPhoneSimulator
		{0A5BA113-17E0-4A65-9ACB-0AE2D3C6D3A2}.Ad-Hoc|iPhoneSimulator.Deploy.0 = Ad-Hoc|iPhoneSimulator
		{0A5BA113-17E0-4A65-9ACB-0AE2D3C6D3A2}.Ad-Hoc|x64.ActiveCfg = Ad-Hoc|iPhone
		{0A5BA113-17E0-4A65-9ACB-0AE2D3C6D3A2}.Ad-Hoc|x64.Build.0 = Ad-Hoc|iPhone
		{0A5BA113-17E0-4A65-9ACB-0AE2D3C6D3A2}.Ad-Hoc|x64.Deploy.0 = Ad-Hoc|iPhone
		{0A5BA113-17E0-4A65-9ACB-0AE2D3C6D3A2}.Ad-Hoc|x86.ActiveCfg = Ad-Hoc|iPhone
		{0A5BA113-17E0-4A65-9ACB-0AE2D3C6D3A2}.Ad-Hoc|x86.Build.0 = Ad-Hoc|iPhone
		{0A5BA113-17E0-4A65-9ACB-0AE2D3C6D3A2}.Ad-Hoc|x86.Deploy.0 = Ad-Hoc|iPhone
		{0A5BA113-17E0-4A65-9ACB-0AE2D3C6D3A2}.AppStore|Any CPU.ActiveCfg = AppStore|iPhone
		{0A5BA113-17E0-4A65-9ACB-0AE2D3C6D3A2}.AppStore|Any CPU.Build.0 = AppStore|iPhone
		{0A5BA113-17E0-4A65-9ACB-0AE2D3C6D3A2}.AppStore|Any CPU.Deploy.0 = AppStore|iPhone
		{0A5BA113-17E0-4A65-9ACB-0AE2D3C6D3A2}.AppStore|ARM.ActiveCfg = AppStore|iPhone
		{0A5BA113-17E0-4A65-9ACB-0AE2D3C6D3A2}.AppStore|ARM.Build.0 = AppStore|iPhone
		{0A5BA113-17E0-4A65-9ACB-0AE2D3C6D3A2}.AppStore|ARM.Deploy.0 = AppStore|iPhone
		{0A5BA113-17E0-4A65-9ACB-0AE2D3C6D3A2}.AppStore|iPhone.ActiveCfg = AppStore|iPhone
		{0A5BA113-17E0-4A65-9ACB-0AE2D3C6D3A2}.AppStore|iPhone.Build.0 = AppStore|iPhone
		{0A5BA113-17E0-4A65-9ACB-0AE2D3C6D3A2}.AppStore|iPhone.Deploy.0 = AppStore|iPhone
		{0A5BA113-17E0-4A65-9ACB-0AE2D3C6D3A2}.AppStore|iPhoneSimulator.ActiveCfg = AppStore|iPhoneSimulator
		{0A5BA113-17E0-4A65-9ACB-0AE2D3C6D3A2}.AppStore|iPhoneSimulator.Build.0 = AppStore|iPhoneSimulator
		{0A5BA113-17E0-4A65-9ACB-0AE2D3C6D3A2}.AppStore|iPhoneSimulator.Deploy.0 = AppStore|iPhoneSimulator
		{0A5BA113-17E0-4A65-9ACB-0AE2D3C6D3A2}.AppStore|x64.ActiveCfg = AppStore|iPhone
		{0A5BA113-17E0-4A65-9ACB-0AE2D3C6D3A2}.AppStore|x64.Build.0 = AppStore|iPhone
		{0A5BA113-17E0-4A65-9ACB-0AE2D3C6D3A2}.AppStore|x64.Deploy.0 = AppStore|iPhone
		{0A5BA113-17E0-4A65-9ACB-0AE2D3C6D3A2}.AppStore|x86.ActiveCfg = AppStore|iPhone
		{0A5BA113-17E0-4A65-9ACB-0AE2D3C6D3A2}.AppStore|x86.Build.0 = AppStore|iPhone
		{0A5BA113-17E0-4A65-9ACB-0AE2D3C6D3A2}.AppStore|x86.Deploy.0 = AppStore|iPhone
		{0A5BA113-17E0-4A65-9ACB-0AE2D3C6D3A2}.Debug|Any CPU.ActiveCfg = Debug|iPhoneSimulator
		{0A5BA113-17E0-4A65-9ACB-0AE2D3C6D3A2}.Debug|Any CPU.Build.0 = Debug|iPhoneSimulator
		{0A5BA113-17E0-4A65-9ACB-0AE2D3C6D3A2}.Debug|Any CPU.Deploy.0 = Debug|iPhoneSimulator
		{0A5BA113-17E0-4A65-9ACB-0AE2D3C6D3A2}.Debug|ARM.ActiveCfg = Debug|iPhone
		{0A5BA113-17E0-4A65-9ACB-0AE2D3C6D3A2}.Debug|ARM.Build.0 = Debug|iPhone
		{0A5BA113-17E0-4A65-9ACB-0AE2D3C6D3A2}.Debug|ARM.Deploy.0 = Debug|iPhone
		{0A5BA113-17E0-4A65-9ACB-0AE2D3C6D3A2}.Debug|iPhone.ActiveCfg = Debug|iPhone
		{0A5BA113-17E0-4A65-9ACB-0AE2D3C6D3A2}.Debug|iPhone.Build.0 = Debug|iPhone
		{0A5BA113-17E0-4A65-9ACB-0AE2D3C6D3A2}.Debug|iPhone.Deploy.0 = Debug|iPhone
		{0A5BA113-17E0-4A65-9ACB-0AE2D3C6D3A2}.Debug|iPhoneSimulator.ActiveCfg = Debug|iPhoneSimulator
		{0A5BA113-17E0-4A65-9ACB-0AE2D3C6D3A2}.Debug|iPhoneSimulator.Build.0 = Debug|iPhoneSimulator
		{0A5BA113-17E0-4A65-9ACB-0AE2D3C6D3A2}.Debug|iPhoneSimulator.Deploy.0 = Debug|iPhoneSimulator
		{0A5BA113-17E0-4A65-9ACB-0AE2D3C6D3A2}.Debug|x64.ActiveCfg = Debug|iPhone
		{0A5BA113-17E0-4A65-9ACB-0AE2D3C6D3A2}.Debug|x64.Build.0 = Debug|iPhone
		{0A5BA113-17E0-4A65-9ACB-0AE2D3C6D3A2}.Debug|x64.Deploy.0 = Debug|iPhone
		{0A5BA113-17E0-4A65-9ACB-0AE2D3C6D3A2}.Debug|x86.ActiveCfg = Debug|iPhone
		{0A5BA113-17E0-4A65-9ACB-0AE2D3C6D3A2}.Debug|x86.Build.0 = Debug|iPhone
		{0A5BA113-17E0-4A65-9ACB-0AE2D3C6D3A2}.Debug|x86.Deploy.0 = Debug|iPhone
		{0A5BA113-17E0-4A65-9ACB-0AE2D3C6D3A2}.Release|Any CPU.ActiveCfg = Release|iPhone
		{0A5BA113-17E0-4A65-9ACB-0AE2D3C6D3A2}.Release|Any CPU.Build.0 = Release|iPhone
		{0A5BA113-17E0-4A65-9ACB-0AE2D3C6D3A2}.Release|Any CPU.Deploy.0 = Release|iPhone
		{0A5BA113-17E0-4A65-9ACB-0AE2D3C6D3A2}.Release|ARM.ActiveCfg = Release|iPhone
		{0A5BA113-17E0-4A65-9ACB-0AE2D3C6D3A2}.Release|ARM.Build.0 = Release|iPhone
		{0A5BA113-17E0-4A65-9ACB-0AE2D3C6D3A2}.Release|ARM.Deploy.0 = Release|iPhone
		{0A5BA113-17E0-4A65-9ACB-0AE2D3C6D3A2}.Release|iPhone.ActiveCfg = Release|iPhone
		{0A5BA113-17E0-4A65-9ACB-0AE2D3C6D3A2}.Release|iPhone.Build.0 = Release|iPhone
		{0A5BA113-17E0-4A65-9ACB-0AE2D3C6D3A2}.Release|iPhone.Deploy.0 = Release|iPhone
		{0A5BA113-17E0-4A65-9ACB-0AE2D3C6D3A2}.Release|iPhoneSimulator.ActiveCfg = Release|iPhoneSimulator
		{0A5BA113-17E0-4A65-9ACB-0AE2D3C6D3A2}.Release|iPhoneSimulator.Build.0 = Release|iPhoneSimulator
		{0A5BA113-17E0-4A65-9ACB-0AE2D3C6D3A2}.Release|iPhoneSimulator.Deploy.0 = Release|iPhoneSimulator
		{0A5BA113-17E0-4A65-9ACB-0AE2D3C6D3A2}.Release|x64.ActiveCfg = Release|iPhone
		{0A5BA113-17E0-4A65-9ACB-0AE2D3C6D3A2}.Release|x64.Build.0 = Release|iPhone
		{0A5BA113-17E0-4A65-9ACB-0AE2D3C6D3A2}.Release|x64.Deploy.0 = Release|iPhone
		{0A5BA113-17E0-4A65-9ACB-0AE2D3C6D3A2}.Release|x86.ActiveCfg = Release|iPhone
		{0A5BA113-17E0-4A65-9ACB-0AE2D3C6D3A2}.Release|x86.Build.0 = Release|iPhone
		{0A5BA113-17E0-4A65-9ACB-0AE2D3C6D3A2}.Release|x86.Deploy.0 = Release|iPhone
		{7E0C3550-EA7C-4579-AEC7-7D178274C31A}.Ad-Hoc|Any CPU.ActiveCfg = Release|x86
		{7E0C3550-EA7C-4579-AEC7-7D178274C31A}.Ad-Hoc|Any CPU.Build.0 = Release|x86
		{7E0C3550-EA7C-4579-AEC7-7D178274C31A}.Ad-Hoc|Any CPU.Deploy.0 = Release|x86
		{7E0C3550-EA7C-4579-AEC7-7D178274C31A}.Ad-Hoc|ARM.ActiveCfg = Release|ARM
		{7E0C3550-EA7C-4579-AEC7-7D178274C31A}.Ad-Hoc|ARM.Build.0 = Release|ARM
		{7E0C3550-EA7C-4579-AEC7-7D178274C31A}.Ad-Hoc|ARM.Deploy.0 = Release|ARM
		{7E0C3550-EA7C-4579-AEC7-7D178274C31A}.Ad-Hoc|iPhone.ActiveCfg = Release|x86
		{7E0C3550-EA7C-4579-AEC7-7D178274C31A}.Ad-Hoc|iPhone.Build.0 = Release|x86
		{7E0C3550-EA7C-4579-AEC7-7D178274C31A}.Ad-Hoc|iPhone.Deploy.0 = Release|x86
		{7E0C3550-EA7C-4579-AEC7-7D178274C31A}.Ad-Hoc|iPhoneSimulator.ActiveCfg = Release|x86
		{7E0C3550-EA7C-4579-AEC7-7D178274C31A}.Ad-Hoc|iPhoneSimulator.Build.0 = Release|x86
		{7E0C3550-EA7C-4579-AEC7-7D178274C31A}.Ad-Hoc|iPhoneSimulator.Deploy.0 = Release|x86
		{7E0C3550-EA7C-4579-AEC7-7D178274C31A}.Ad-Hoc|x64.ActiveCfg = Release|x64
		{7E0C3550-EA7C-4579-AEC7-7D178274C31A}.Ad-Hoc|x64.Build.0 = Release|x64
		{7E0C3550-EA7C-4579-AEC7-7D178274C31A}.Ad-Hoc|x64.Deploy.0 = Release|x64
		{7E0C3550-EA7C-4579-AEC7-7D178274C31A}.Ad-Hoc|x86.ActiveCfg = Release|x86
		{7E0C3550-EA7C-4579-AEC7-7D178274C31A}.Ad-Hoc|x86.Build.0 = Release|x86
		{7E0C3550-EA7C-4579-AEC7-7D178274C31A}.Ad-Hoc|x86.Deploy.0 = Release|x86
		{7E0C3550-EA7C-4579-AEC7-7D178274C31A}.AppStore|Any CPU.ActiveCfg = Release|x86
		{7E0C3550-EA7C-4579-AEC7-7D178274C31A}.AppStore|Any CPU.Build.0 = Release|x86
		{7E0C3550-EA7C-4579-AEC7-7D178274C31A}.AppStore|Any CPU.Deploy.0 = Release|x86
		{7E0C3550-EA7C-4579-AEC7-7D178274C31A}.AppStore|ARM.ActiveCfg = Release|ARM
		{7E0C3550-EA7C-4579-AEC7-7D178274C31A}.AppStore|ARM.Build.0 = Release|ARM
		{7E0C3550-EA7C-4579-AEC7-7D178274C31A}.AppStore|ARM.Deploy.0 = Release|ARM
		{7E0C3550-EA7C-4579-AEC7-7D178274C31A}.AppStore|iPhone.ActiveCfg = Release|x86
		{7E0C3550-EA7C-4579-AEC7-7D178274C31A}.AppStore|iPhone.Build.0 = Release|x86
		{7E0C3550-EA7C-4579-AEC7-7D178274C31A}.AppStore|iPhone.Deploy.0 = Release|x86
		{7E0C3550-EA7C-4579-AEC7-7D178274C31A}.AppStore|iPhoneSimulator.ActiveCfg = Release|x86
		{7E0C3550-EA7C-4579-AEC7-7D178274C31A}.AppStore|iPhoneSimulator.Build.0 = Release|x86
		{7E0C3550-EA7C-4579-AEC7-7D178274C31A}.AppStore|iPhoneSimulator.Deploy.0 = Release|x86
		{7E0C3550-EA7C-4579-AEC7-7D178274C31A}.AppStore|x64.ActiveCfg = Release|x64
		{7E0C3550-EA7C-4579-AEC7-7D178274C31A}.AppStore|x64.Build.0 = Release|x64
		{7E0C3550-EA7C-4579-AEC7-7D178274C31A}.AppStore|x64.Deploy.0 = Release|x64
		{7E0C3550-EA7C-4579-AEC7-7D178274C31A}.AppStore|x86.ActiveCfg = Release|x86
		{7E0C3550-EA7C-4579-AEC7-7D178274C31A}.AppStore|x86.Build.0 = Release|x86
		{7E0C3550-EA7C-4579-AEC7-7D178274C31A}.AppStore|x86.Deploy.0 = Release|x86
		{7E0C3550-EA7C-4579-AEC7-7D178274C31A}.Debug|Any CPU.ActiveCfg = Debug|x86
		{7E0C3550-EA7C-4579-AEC7-7D178274C31A}.Debug|Any CPU.Build.0 = Debug|x86
		{7E0C3550-EA7C-4579-AEC7-7D178274C31A}.Debug|Any CPU.Deploy.0 = Debug|x86
		{7E0C3550-EA7C-4579-AEC7-7D178274C31A}.Debug|ARM.ActiveCfg = Debug|ARM
		{7E0C3550-EA7C-4579-AEC7-7D178274C31A}.Debug|ARM.Build.0 = Debug|ARM
		{7E0C3550-EA7C-4579-AEC7-7D178274C31A}.Debug|ARM.Deploy.0 = Debug|ARM
		{7E0C3550-EA7C-4579-AEC7-7D178274C31A}.Debug|iPhone.ActiveCfg = Debug|x86
		{7E0C3550-EA7C-4579-AEC7-7D178274C31A}.Debug|iPhone.Build.0 = Debug|x86
		{7E0C3550-EA7C-4579-AEC7-7D178274C31A}.Debug|iPhone.Deploy.0 = Debug|x86
		{7E0C3550-EA7C-4579-AEC7-7D178274C31A}.Debug|iPhoneSimulator.ActiveCfg = Debug|x86
		{7E0C3550-EA7C-4579-AEC7-7D178274C31A}.Debug|iPhoneSimulator.Build.0 = Debug|x86
		{7E0C3550-EA7C-4579-AEC7-7D178274C31A}.Debug|iPhoneSimulator.Deploy.0 = Debug|x86
		{7E0C3550-EA7C-4579-AEC7-7D178274C31A}.Debug|x64.ActiveCfg = Debug|x64
		{7E0C3550-EA7C-4579-AEC7-7D178274C31A}.Debug|x64.Build.0 = Debug|x64
		{7E0C3550-EA7C-4579-AEC7-7D178274C31A}.Debug|x64.Deploy.0 = Debug|x64
		{7E0C3550-EA7C-4579-AEC7-7D178274C31A}.Debug|x86.ActiveCfg = Debug|x86
		{7E0C3550-EA7C-4579-AEC7-7D178274C31A}.Debug|x86.Build.0 = Debug|x86
		{7E0C3550-EA7C-4579-AEC7-7D178274C31A}.Debug|x86.Deploy.0 = Debug|x86
		{7E0C3550-EA7C-4579-AEC7-7D178274C31A}.Release|Any CPU.ActiveCfg = Release|x86
		{7E0C3550-EA7C-4579-AEC7-7D178274C31A}.Release|Any CPU.Build.0 = Release|x86
		{7E0C3550-EA7C-4579-AEC7-7D178274C31A}.Release|Any CPU.Deploy.0 = Release|x86
		{7E0C3550-EA7C-4579-AEC7-7D178274C31A}.Release|ARM.ActiveCfg = Release|ARM
		{7E0C3550-EA7C-4579-AEC7-7D178274C31A}.Release|ARM.Build.0 = Release|ARM
		{7E0C3550-EA7C-4579-AEC7-7D178274C31A}.Release|ARM.Deploy.0 = Release|ARM
		{7E0C3550-EA7C-4579-AEC7-7D178274C31A}.Release|iPhone.ActiveCfg = Release|x86
		{7E0C3550-EA7C-4579-AEC7-7D178274C31A}.Release|iPhone.Build.0 = Release|x86
		{7E0C3550-EA7C-4579-AEC7-7D178274C31A}.Release|iPhone.Deploy.0 = Release|x86
		{7E0C3550-EA7C-4579-AEC7-7D178274C31A}.Release|iPhoneSimulator.ActiveCfg = Release|x86
		{7E0C3550-EA7C-4579-AEC7-7D178274C31A}.Release|iPhoneSimulator.Build.0 = Release|x86
		{7E0C3550-EA7C-4579-AEC7-7D178274C31A}.Release|iPhoneSimulator.Deploy.0 = Release|x86
		{7E0C3550-EA7C-4579-AEC7-7D178274C31A}.Release|x64.ActiveCfg = Release|x64
		{7E0C3550-EA7C-4579-AEC7-7D178274C31A}.Release|x64.Build.0 = Release|x64
		{7E0C3550-EA7C-4579-AEC7-7D178274C31A}.Release|x64.Deploy.0 = Release|x64
		{7E0C3550-EA7C-4579-AEC7-7D178274C31A}.Release|x86.ActiveCfg = Release|x86
		{7E0C3550-EA7C-4579-AEC7-7D178274C31A}.Release|x86.Build.0 = Release|x86
		{7E0C3550-EA7C-4579-AEC7-7D178274C31A}.Release|x86.Deploy.0 = Release|x86
		{33A59503-64EB-4439-98D6-BA5E60B7EEC7}.Ad-Hoc|Any CPU.ActiveCfg = Debug|Any CPU
		{33A59503-64EB-4439-98D6-BA5E60B7EEC7}.Ad-Hoc|Any CPU.Build.0 = Debug|Any CPU
		{33A59503-64EB-4439-98D6-BA5E60B7EEC7}.Ad-Hoc|Any CPU.Deploy.0 = Debug|Any CPU
		{33A59503-64EB-4439-98D6-BA5E60B7EEC7}.Ad-Hoc|ARM.ActiveCfg = Debug|Any CPU
		{33A59503-64EB-4439-98D6-BA5E60B7EEC7}.Ad-Hoc|ARM.Build.0 = Debug|Any CPU
		{33A59503-64EB-4439-98D6-BA5E60B7EEC7}.Ad-Hoc|ARM.Deploy.0 = Debug|Any CPU
		{33A59503-64EB-4439-98D6-BA5E60B7EEC7}.Ad-Hoc|iPhone.ActiveCfg = Debug|Any CPU
		{33A59503-64EB-4439-98D6-BA5E60B7EEC7}.Ad-Hoc|iPhone.Build.0 = Debug|Any CPU
		{33A59503-64EB-4439-98D6-BA5E60B7EEC7}.Ad-Hoc|iPhone.Deploy.0 = Debug|Any CPU
		{33A59503-64EB-4439-98D6-BA5E60B7EEC7}.Ad-Hoc|iPhoneSimulator.ActiveCfg = Debug|Any CPU
		{33A59503-64EB-4439-98D6-BA5E60B7EEC7}.Ad-Hoc|iPhoneSimulator.Build.0 = Debug|Any CPU
		{33A59503-64EB-4439-98D6-BA5E60B7EEC7}.Ad-Hoc|iPhoneSimulator.Deploy.0 = Debug|Any CPU
		{33A59503-64EB-4439-98D6-BA5E60B7EEC7}.Ad-Hoc|x64.ActiveCfg = Debug|Any CPU
		{33A59503-64EB-4439-98D6-BA5E60B7EEC7}.Ad-Hoc|x64.Build.0 = Debug|Any CPU
		{33A59503-64EB-4439-98D6-BA5E60B7EEC7}.Ad-Hoc|x64.Deploy.0 = Debug|Any CPU
		{33A59503-64EB-4439-98D6-BA5E60B7EEC7}.Ad-Hoc|x86.ActiveCfg = Debug|Any CPU
		{33A59503-64EB-4439-98D6-BA5E60B7EEC7}.Ad-Hoc|x86.Build.0 = Debug|Any CPU
		{33A59503-64EB-4439-98D6-BA5E60B7EEC7}.Ad-Hoc|x86.Deploy.0 = Debug|Any CPU
		{33A59503-64EB-4439-98D6-BA5E60B7EEC7}.AppStore|Any CPU.ActiveCfg = Debug|Any CPU
		{33A59503-64EB-4439-98D6-BA5E60B7EEC7}.AppStore|Any CPU.Build.0 = Debug|Any CPU
		{33A59503-64EB-4439-98D6-BA5E60B7EEC7}.AppStore|Any CPU.Deploy.0 = Debug|Any CPU
		{33A59503-64EB-4439-98D6-BA5E60B7EEC7}.AppStore|ARM.ActiveCfg = Debug|Any CPU
		{33A59503-64EB-4439-98D6-BA5E60B7EEC7}.AppStore|ARM.Build.0 = Debug|Any CPU
		{33A59503-64EB-4439-98D6-BA5E60B7EEC7}.AppStore|ARM.Deploy.0 = Debug|Any CPU
		{33A59503-64EB-4439-98D6-BA5E60B7EEC7}.AppStore|iPhone.ActiveCfg = Debug|Any CPU
		{33A59503-64EB-4439-98D6-BA5E60B7EEC7}.AppStore|iPhone.Build.0 = Debug|Any CPU
		{33A59503-64EB-4439-98D6-BA5E60B7EEC7}.AppStore|iPhone.Deploy.0 = Debug|Any CPU
		{33A59503-64EB-4439-98D6-BA5E60B7EEC7}.AppStore|iPhoneSimulator.ActiveCfg = Debug|Any CPU
		{33A59503-64EB-4439-98D6-BA5E60B7EEC7}.AppStore|iPhoneSimulator.Build.0 = Debug|Any CPU
		{33A59503-64EB-4439-98D6-BA5E60B7EEC7}.AppStore|iPhoneSimulator.Deploy.0 = Debug|Any CPU
		{33A59503-64EB-4439-98D6-BA5E60B7EEC7}.AppStore|x64.ActiveCfg = Debug|Any CPU
		{33A59503-64EB-4439-98D6-BA5E60B7EEC7}.AppStore|x64.Build.0 = Debug|Any CPU
		{33A59503-64EB-4439-98D6-BA5E60B7EEC7}.AppStore|x64.Deploy.0 = Debug|Any CPU
		{33A59503-64EB-4439-98D6-BA5E60B7EEC7}.AppStore|x86.ActiveCfg = Debug|Any CPU
		{33A59503-64EB-4439-98D6-BA5E60B7EEC7}.AppStore|x86.Build.0 = Debug|Any CPU
		{33A59503-64EB-4439-98D6-BA5E60B7EEC7}.AppStore|x86.Deploy.0 = Debug|Any CPU
		{33A59503-64EB-4439-98D6-BA5E60B7EEC7}.Debug|Any CPU.ActiveCfg = Debug|Any CPU
		{33A59503-64EB-4439-98D6-BA5E60B7EEC7}.Debug|Any CPU.Build.0 = Debug|Any CPU
		{33A59503-64EB-4439-98D6-BA5E60B7EEC7}.Debug|Any CPU.Deploy.0 = Debug|Any CPU
		{33A59503-64EB-4439-98D6-BA5E60B7EEC7}.Debug|ARM.ActiveCfg = Debug|Any CPU
		{33A59503-64EB-4439-98D6-BA5E60B7EEC7}.Debug|ARM.Build.0 = Debug|Any CPU
		{33A59503-64EB-4439-98D6-BA5E60B7EEC7}.Debug|ARM.Deploy.0 = Debug|Any CPU
		{33A59503-64EB-4439-98D6-BA5E60B7EEC7}.Debug|iPhone.ActiveCfg = Debug|Any CPU
		{33A59503-64EB-4439-98D6-BA5E60B7EEC7}.Debug|iPhone.Build.0 = Debug|Any CPU
		{33A59503-64EB-4439-98D6-BA5E60B7EEC7}.Debug|iPhone.Deploy.0 = Debug|Any CPU
		{33A59503-64EB-4439-98D6-BA5E60B7EEC7}.Debug|iPhoneSimulator.ActiveCfg = Debug|Any CPU
		{33A59503-64EB-4439-98D6-BA5E60B7EEC7}.Debug|iPhoneSimulator.Build.0 = Debug|Any CPU
		{33A59503-64EB-4439-98D6-BA5E60B7EEC7}.Debug|iPhoneSimulator.Deploy.0 = Debug|Any CPU
		{33A59503-64EB-4439-98D6-BA5E60B7EEC7}.Debug|x64.ActiveCfg = Debug|Any CPU
		{33A59503-64EB-4439-98D6-BA5E60B7EEC7}.Debug|x64.Build.0 = Debug|Any CPU
		{33A59503-64EB-4439-98D6-BA5E60B7EEC7}.Debug|x64.Deploy.0 = Debug|Any CPU
		{33A59503-64EB-4439-98D6-BA5E60B7EEC7}.Debug|x86.ActiveCfg = Debug|Any CPU
		{33A59503-64EB-4439-98D6-BA5E60B7EEC7}.Debug|x86.Build.0 = Debug|Any CPU
		{33A59503-64EB-4439-98D6-BA5E60B7EEC7}.Debug|x86.Deploy.0 = Debug|Any CPU
		{33A59503-64EB-4439-98D6-BA5E60B7EEC7}.Release|Any CPU.ActiveCfg = Release|Any CPU
		{33A59503-64EB-4439-98D6-BA5E60B7EEC7}.Release|Any CPU.Build.0 = Release|Any CPU
		{33A59503-64EB-4439-98D6-BA5E60B7EEC7}.Release|Any CPU.Deploy.0 = Release|Any CPU
		{33A59503-64EB-4439-98D6-BA5E60B7EEC7}.Release|ARM.ActiveCfg = Release|Any CPU
		{33A59503-64EB-4439-98D6-BA5E60B7EEC7}.Release|ARM.Build.0 = Release|Any CPU
		{33A59503-64EB-4439-98D6-BA5E60B7EEC7}.Release|ARM.Deploy.0 = Release|Any CPU
		{33A59503-64EB-4439-98D6-BA5E60B7EEC7}.Release|iPhone.ActiveCfg = Release|Any CPU
		{33A59503-64EB-4439-98D6-BA5E60B7EEC7}.Release|iPhone.Build.0 = Release|Any CPU
		{33A59503-64EB-4439-98D6-BA5E60B7EEC7}.Release|iPhone.Deploy.0 = Release|Any CPU
		{33A59503-64EB-4439-98D6-BA5E60B7EEC7}.Release|iPhoneSimulator.ActiveCfg = Release|Any CPU
		{33A59503-64EB-4439-98D6-BA5E60B7EEC7}.Release|iPhoneSimulator.Build.0 = Release|Any CPU
		{33A59503-64EB-4439-98D6-BA5E60B7EEC7}.Release|iPhoneSimulator.Deploy.0 = Release|Any CPU
		{33A59503-64EB-4439-98D6-BA5E60B7EEC7}.Release|x64.ActiveCfg = Release|Any CPU
		{33A59503-64EB-4439-98D6-BA5E60B7EEC7}.Release|x64.Build.0 = Release|Any CPU
		{33A59503-64EB-4439-98D6-BA5E60B7EEC7}.Release|x64.Deploy.0 = Release|Any CPU
		{33A59503-64EB-4439-98D6-BA5E60B7EEC7}.Release|x86.ActiveCfg = Release|Any CPU
		{33A59503-64EB-4439-98D6-BA5E60B7EEC7}.Release|x86.Build.0 = Release|Any CPU
		{33A59503-64EB-4439-98D6-BA5E60B7EEC7}.Release|x86.Deploy.0 = Release|Any CPU
	EndGlobalSection
	GlobalSection(SolutionProperties) = preSolution
		HideSolutionNode = FALSE
	EndGlobalSection
	GlobalSection(ExtensibilityGlobals) = postSolution
		SolutionGuid = {807E2EA2-07B8-4AF1-81CB-E4683E32C414}
	EndGlobalSection
EndGlobal
